
Microsoft Visual Studio Solution File, Format Version 12.00
# Visual Studio Version 16
VisualStudioVersion = 16.0.29306.81
MinimumVisualStudioVersion = 10.0.40219.1
Project("{2150E333-8FDC-42A3-9474-1A3956D46DE8}") = "src", "src", "{932D8224-11F6-4D07-B109-DA28AD288A63}"
EndProject
Project("{2150E333-8FDC-42A3-9474-1A3956D46DE8}") = "Solution Items", "Solution Items", "{3AF739CD-81D8-428D-A08A-0A58372DEBF6}"
	ProjectSection(SolutionItems) = preProject
		Local.testsettings = Local.testsettings
		NuGet.config = NuGet.config
	EndProjectSection
EndProject
Project("{2150E333-8FDC-42A3-9474-1A3956D46DE8}") = "Services", "Services", "{91CF7717-08AB-4E65-B10E-0B426F01E2E8}"
EndProject
Project("{2150E333-8FDC-42A3-9474-1A3956D46DE8}") = "Web Apps", "Web Apps", "{E279BF0F-7F66-4F3A-A3AB-2CDA66C1CD04}"
EndProject
Project("{2150E333-8FDC-42A3-9474-1A3956D46DE8}") = "Catalog", "Catalog", "{326A7FB3-5295-468C-A4FE-67DCB823E1E5}"
EndProject
Project("{2150E333-8FDC-42A3-9474-1A3956D46DE8}") = "Basket", "Basket", "{BF3EF4F3-E4F5-41DA-9D2D-57223687D1A8}"
EndProject
Project("{2150E333-8FDC-42A3-9474-1A3956D46DE8}") = "Ordering", "Ordering", "{0BD0DB92-2D98-44D9-9AC0-C59186D59B0B}"
EndProject
Project("{2150E333-8FDC-42A3-9474-1A3956D46DE8}") = "test", "test", "{A857AD10-40FF-4303-BEC2-FF1C58D5735E}"
EndProject
Project("{2150E333-8FDC-42A3-9474-1A3956D46DE8}") = "ServicesTests", "ServicesTests", "{EF0337F2-ED00-4643-89FD-EE10863F1870}"
EndProject
Project("{2150E333-8FDC-42A3-9474-1A3956D46DE8}") = "Identity", "Identity", "{24CD3B53-141E-4A07-9B0D-796641E1CF78}"
EndProject
Project("{9A19103F-16F7-4668-BE54-9A1E7A4F7556}") = "Basket.API", "src\Services\Basket\Basket.API\Basket.API.csproj", "{2110CBB0-3B38-4EE4-A743-DF6968D80D90}"
	ProjectSection(ProjectDependencies) = postProject
		{A579E108-5445-403D-A407-339AC4D1611B} = {A579E108-5445-403D-A407-339AC4D1611B}
		{1A01AF82-6FCB-464C-B39C-F127AEBD315D} = {1A01AF82-6FCB-464C-B39C-F127AEBD315D}
		{231226CE-690B-4979-8870-9A79D80928E2} = {231226CE-690B-4979-8870-9A79D80928E2}
	EndProjectSection
EndProject
Project("{9A19103F-16F7-4668-BE54-9A1E7A4F7556}") = "Catalog.API", "src\Services\Catalog\Catalog.API\Catalog.API.csproj", "{42681D9D-750A-4DF7-BD9F-9292CFD5C253}"
	ProjectSection(ProjectDependencies) = postProject
		{1A01AF82-6FCB-464C-B39C-F127AEBD315D} = {1A01AF82-6FCB-464C-B39C-F127AEBD315D}
		{2110CBB0-3B38-4EE4-A743-DF6968D80D90} = {2110CBB0-3B38-4EE4-A743-DF6968D80D90}
		{231226CE-690B-4979-8870-9A79D80928E2} = {231226CE-690B-4979-8870-9A79D80928E2}
	EndProjectSection
EndProject
Project("{9A19103F-16F7-4668-BE54-9A1E7A4F7556}") = "Ordering.API", "src\Services\Ordering\Ordering.API\Ordering.API.csproj", "{231226CE-690B-4979-8870-9A79D80928E2}"
	ProjectSection(ProjectDependencies) = postProject
		{F496F8F2-63C0-455B-A16A-D77A520EE335} = {F496F8F2-63C0-455B-A16A-D77A520EE335}
	EndProjectSection
EndProject
Project("{9A19103F-16F7-4668-BE54-9A1E7A4F7556}") = "Ordering.Domain", "src\Services\Ordering\Ordering.Domain\Ordering.Domain.csproj", "{F5598DCB-6DDE-4661-AD9D-A55612DA7E76}"
EndProject
Project("{9A19103F-16F7-4668-BE54-9A1E7A4F7556}") = "WebMVC", "src\Web\WebMVC\WebMVC.csproj", "{F0333D8E-0B27-42B7-B2C6-78F3657624E2}"
	ProjectSection(ProjectDependencies) = postProject
		{A579E108-5445-403D-A407-339AC4D1611B} = {A579E108-5445-403D-A407-339AC4D1611B}
		{1A01AF82-6FCB-464C-B39C-F127AEBD315D} = {1A01AF82-6FCB-464C-B39C-F127AEBD315D}
		{0044B293-1DCC-4224-B948-00CF6DC7F510} = {0044B293-1DCC-4224-B948-00CF6DC7F510}
		{42681D9D-750A-4DF7-BD9F-9292CFD5C253} = {42681D9D-750A-4DF7-BD9F-9292CFD5C253}
		{2110CBB0-3B38-4EE4-A743-DF6968D80D90} = {2110CBB0-3B38-4EE4-A743-DF6968D80D90}
		{231226CE-690B-4979-8870-9A79D80928E2} = {231226CE-690B-4979-8870-9A79D80928E2}
		{F496F8F2-63C0-455B-A16A-D77A520EE335} = {F496F8F2-63C0-455B-A16A-D77A520EE335}
	EndProjectSection
EndProject
Project("{9A19103F-16F7-4668-BE54-9A1E7A4F7556}") = "Ordering.Infrastructure", "src\Services\Ordering\Ordering.Infrastructure\Ordering.Infrastructure.csproj", "{95F1F07C-4D92-4742-BD07-E5B805AAB651}"
EndProject
Project("{9A19103F-16F7-4668-BE54-9A1E7A4F7556}") = "Identity.API", "src\Services\Identity\Identity.API\Identity.API.csproj", "{A579E108-5445-403D-A407-339AC4D1611B}"
EndProject
Project("{2150E333-8FDC-42A3-9474-1A3956D46DE8}") = "BuildingBlocks", "BuildingBlocks", "{DB0EFB20-B024-4E5E-A75C-52143C131D25}"
EndProject
Project("{2150E333-8FDC-42A3-9474-1A3956D46DE8}") = "EventBus", "EventBus", "{807BB76E-B2BB-47A2-A57B-3D1B20FF5E7F}"
EndProject
Project("{9A19103F-16F7-4668-BE54-9A1E7A4F7556}") = "EventBus", "src\BuildingBlocks\EventBus\EventBus\EventBus.csproj", "{0044B293-1DCC-4224-B948-00CF6DC7F510}"
EndProject
Project("{2150E333-8FDC-42A3-9474-1A3956D46DE8}") = "Payment", "Payment", "{022E145D-1593-47EE-9608-8E323D3C63F5}"
EndProject
Project("{9A19103F-16F7-4668-BE54-9A1E7A4F7556}") = "Payment.API", "src\Services\Payment\Payment.API\Payment.API.csproj", "{1A01AF82-6FCB-464C-B39C-F127AEBD315D}"
	ProjectSection(ProjectDependencies) = postProject
		{231226CE-690B-4979-8870-9A79D80928E2} = {231226CE-690B-4979-8870-9A79D80928E2}
	EndProjectSection
EndProject
Project("{9A19103F-16F7-4668-BE54-9A1E7A4F7556}") = "EventBusServiceBus", "src\BuildingBlocks\EventBus\EventBusServiceBus\EventBusServiceBus.csproj", "{69AF10D3-AA76-4FF7-B187-EC7E8CC5F5B8}"
EndProject
Project("{2150E333-8FDC-42A3-9474-1A3956D46DE8}") = "WebHost", "WebHost", "{1815B651-941C-466B-AE33-D1D7EEB8F77F}"
EndProject
Project("{9A19103F-16F7-4668-BE54-9A1E7A4F7556}") = "WebHost.Customization", "src\BuildingBlocks\WebHostCustomization\WebHost.Customization\WebHost.Customization.csproj", "{15F4B3AA-89B6-4A0D-9051-414305974781}"
EndProject
Project("{9A19103F-16F7-4668-BE54-9A1E7A4F7556}") = "Ordering.BackgroundTasks", "src\Services\Ordering\Ordering.BackgroundTasks\Ordering.BackgroundTasks.csproj", "{16CDE5D2-2DDE-4AF2-B902-AD9CC42DE480}"
EndProject
Project("{9A19103F-16F7-4668-BE54-9A1E7A4F7556}") = "Basket.FunctionalTests", "src\Services\Basket\Basket.FunctionalTests\Basket.FunctionalTests.csproj", "{9F00E62F-E180-4A9C-8794-98A72AFAC2DB}"
EndProject
Project("{9A19103F-16F7-4668-BE54-9A1E7A4F7556}") = "Basket.UnitTests", "src\Services\Basket\Basket.UnitTests\Basket.UnitTests.csproj", "{63417272-1E6A-406A-AD11-C738558D89C0}"
EndProject
Project("{9A19103F-16F7-4668-BE54-9A1E7A4F7556}") = "Catalog.FunctionalTests", "src\Services\Catalog\Catalog.FunctionalTests\Catalog.FunctionalTests.csproj", "{56E0E455-731E-41CB-AF46-C1A70F8A140B}"
EndProject
Project("{9A19103F-16F7-4668-BE54-9A1E7A4F7556}") = "Catalog.UnitTests", "src\Services\Catalog\Catalog.UnitTests\Catalog.UnitTests.csproj", "{1EB6680D-4AC8-47EF-A026-E4EEEE93CAD5}"
EndProject
Project("{9A19103F-16F7-4668-BE54-9A1E7A4F7556}") = "Ordering.FunctionalTests", "src\Services\Ordering\Ordering.FunctionalTests\Ordering.FunctionalTests.csproj", "{5A155B15-D8E7-47FE-8D17-8E641726158C}"
EndProject
Project("{9A19103F-16F7-4668-BE54-9A1E7A4F7556}") = "Ordering.UnitTests", "src\Services\Ordering\Ordering.UnitTests\Ordering.UnitTests.csproj", "{0A9643F2-FF99-4DA0-BC2B-D62D5D3C317A}"
EndProject
Project("{FAE04EC0-301F-11D3-BF4B-00C04F79EFBC}") = "LoadTest", "test\ServicesTests\LoadTest\LoadTest.csproj", "{969E793C-C413-490E-9C9D-B2B46DA5AF32}"
EndProject
Project("{9A19103F-16F7-4668-BE54-9A1E7A4F7556}") = "Application.FunctionalTests", "test\ServicesTests\Application.FunctionalTests\Application.FunctionalTests.csproj", "{3572B4E2-4399-4797-B5C2-3720D870E0C3}"
EndProject
Project("{2150E333-8FDC-42A3-9474-1A3956D46DE8}") = "tests", "tests", "{7BA332A2-189D-4D03-9935-FDFF81C42496}"
EndProject
Project("{2150E333-8FDC-42A3-9474-1A3956D46DE8}") = "tests", "tests", "{2F0DEF71-84AC-4212-86D4-E36E8896BDBF}"
EndProject
Project("{2150E333-8FDC-42A3-9474-1A3956D46DE8}") = "tests", "tests", "{30308DE0-8128-4613-BCAD-B0BEFFB20E38}"
EndProject
Project("{9A19103F-16F7-4668-BE54-9A1E7A4F7556}") = "Ordering.SignalrHub", "src\Services\Ordering\Ordering.SignalrHub\Ordering.SignalrHub.csproj", "{F496F8F2-63C0-455B-A16A-D77A520EE335}"
EndProject
Project("{9A19103F-16F7-4668-BE54-9A1E7A4F7556}") = "IntegrationEventLogEF", "src\BuildingBlocks\EventBus\IntegrationEventLogEF\IntegrationEventLogEF.csproj", "{B0B3916B-DE0E-42B7-B5C8-035E99C4AEEE}"
EndProject
Global
	GlobalSection(SolutionConfigurationPlatforms) = preSolution
		Ad-Hoc|Any CPU = Ad-Hoc|Any CPU
		Ad-Hoc|ARM = Ad-Hoc|ARM
		Ad-Hoc|iPhone = Ad-Hoc|iPhone
		Ad-Hoc|iPhoneSimulator = Ad-Hoc|iPhoneSimulator
		Ad-Hoc|x64 = Ad-Hoc|x64
		Ad-Hoc|x86 = Ad-Hoc|x86
		AppStore|Any CPU = AppStore|Any CPU
		AppStore|ARM = AppStore|ARM
		AppStore|iPhone = AppStore|iPhone
		AppStore|iPhoneSimulator = AppStore|iPhoneSimulator
		AppStore|x64 = AppStore|x64
		AppStore|x86 = AppStore|x86
		Debug|Any CPU = Debug|Any CPU
		Debug|ARM = Debug|ARM
		Debug|iPhone = Debug|iPhone
		Debug|iPhoneSimulator = Debug|iPhoneSimulator
		Debug|x64 = Debug|x64
		Debug|x86 = Debug|x86
		Release|Any CPU = Release|Any CPU
		Release|ARM = Release|ARM
		Release|iPhone = Release|iPhone
		Release|iPhoneSimulator = Release|iPhoneSimulator
		Release|x64 = Release|x64
		Release|x86 = Release|x86
	EndGlobalSection
	GlobalSection(ProjectConfigurationPlatforms) = postSolution
		{2110CBB0-3B38-4EE4-A743-DF6968D80D90}.Ad-Hoc|Any CPU.ActiveCfg = Release|Any CPU
		{2110CBB0-3B38-4EE4-A743-DF6968D80D90}.Ad-Hoc|ARM.ActiveCfg = Release|Any CPU
		{2110CBB0-3B38-4EE4-A743-DF6968D80D90}.Ad-Hoc|iPhone.ActiveCfg = Release|Any CPU
		{2110CBB0-3B38-4EE4-A743-DF6968D80D90}.Ad-Hoc|iPhoneSimulator.ActiveCfg = Release|Any CPU
		{2110CBB0-3B38-4EE4-A743-DF6968D80D90}.Ad-Hoc|x64.ActiveCfg = Release|Any CPU
		{2110CBB0-3B38-4EE4-A743-DF6968D80D90}.Ad-Hoc|x86.ActiveCfg = Release|Any CPU
		{2110CBB0-3B38-4EE4-A743-DF6968D80D90}.AppStore|Any CPU.ActiveCfg = Release|Any CPU
		{2110CBB0-3B38-4EE4-A743-DF6968D80D90}.AppStore|ARM.ActiveCfg = Release|Any CPU
		{2110CBB0-3B38-4EE4-A743-DF6968D80D90}.AppStore|iPhone.ActiveCfg = Release|Any CPU
		{2110CBB0-3B38-4EE4-A743-DF6968D80D90}.AppStore|iPhoneSimulator.ActiveCfg = Release|Any CPU
		{2110CBB0-3B38-4EE4-A743-DF6968D80D90}.AppStore|x64.ActiveCfg = Release|Any CPU
		{2110CBB0-3B38-4EE4-A743-DF6968D80D90}.AppStore|x86.ActiveCfg = Release|Any CPU
		{2110CBB0-3B38-4EE4-A743-DF6968D80D90}.Debug|Any CPU.ActiveCfg = Debug|Any CPU
		{2110CBB0-3B38-4EE4-A743-DF6968D80D90}.Debug|Any CPU.Build.0 = Debug|Any CPU
		{2110CBB0-3B38-4EE4-A743-DF6968D80D90}.Debug|ARM.ActiveCfg = Debug|Any CPU
		{2110CBB0-3B38-4EE4-A743-DF6968D80D90}.Debug|iPhone.ActiveCfg = Debug|Any CPU
		{2110CBB0-3B38-4EE4-A743-DF6968D80D90}.Debug|iPhoneSimulator.ActiveCfg = Debug|Any CPU
		{2110CBB0-3B38-4EE4-A743-DF6968D80D90}.Debug|x64.ActiveCfg = Debug|Any CPU
		{2110CBB0-3B38-4EE4-A743-DF6968D80D90}.Debug|x86.ActiveCfg = Debug|Any CPU
		{2110CBB0-3B38-4EE4-A743-DF6968D80D90}.Release|Any CPU.ActiveCfg = Release|Any CPU
		{2110CBB0-3B38-4EE4-A743-DF6968D80D90}.Release|Any CPU.Build.0 = Release|Any CPU
		{2110CBB0-3B38-4EE4-A743-DF6968D80D90}.Release|ARM.ActiveCfg = Release|Any CPU
		{2110CBB0-3B38-4EE4-A743-DF6968D80D90}.Release|iPhone.ActiveCfg = Release|Any CPU
		{2110CBB0-3B38-4EE4-A743-DF6968D80D90}.Release|iPhoneSimulator.ActiveCfg = Release|Any CPU
		{2110CBB0-3B38-4EE4-A743-DF6968D80D90}.Release|x64.ActiveCfg = Release|Any CPU
		{2110CBB0-3B38-4EE4-A743-DF6968D80D90}.Release|x86.ActiveCfg = Release|Any CPU
		{42681D9D-750A-4DF7-BD9F-9292CFD5C253}.Ad-Hoc|Any CPU.ActiveCfg = Release|Any CPU
		{42681D9D-750A-4DF7-BD9F-9292CFD5C253}.Ad-Hoc|ARM.ActiveCfg = Release|Any CPU
		{42681D9D-750A-4DF7-BD9F-9292CFD5C253}.Ad-Hoc|iPhone.ActiveCfg = Release|Any CPU
		{42681D9D-750A-4DF7-BD9F-9292CFD5C253}.Ad-Hoc|iPhoneSimulator.ActiveCfg = Release|Any CPU
		{42681D9D-750A-4DF7-BD9F-9292CFD5C253}.Ad-Hoc|x64.ActiveCfg = Release|Any CPU
		{42681D9D-750A-4DF7-BD9F-9292CFD5C253}.Ad-Hoc|x86.ActiveCfg = Release|Any CPU
		{42681D9D-750A-4DF7-BD9F-9292CFD5C253}.AppStore|Any CPU.ActiveCfg = Release|Any CPU
		{42681D9D-750A-4DF7-BD9F-9292CFD5C253}.AppStore|ARM.ActiveCfg = Release|Any CPU
		{42681D9D-750A-4DF7-BD9F-9292CFD5C253}.AppStore|iPhone.ActiveCfg = Release|Any CPU
		{42681D9D-750A-4DF7-BD9F-9292CFD5C253}.AppStore|iPhoneSimulator.ActiveCfg = Release|Any CPU
		{42681D9D-750A-4DF7-BD9F-9292CFD5C253}.AppStore|x64.ActiveCfg = Release|Any CPU
		{42681D9D-750A-4DF7-BD9F-9292CFD5C253}.AppStore|x86.ActiveCfg = Release|Any CPU
		{42681D9D-750A-4DF7-BD9F-9292CFD5C253}.Debug|Any CPU.ActiveCfg = Debug|Any CPU
		{42681D9D-750A-4DF7-BD9F-9292CFD5C253}.Debug|Any CPU.Build.0 = Debug|Any CPU
		{42681D9D-750A-4DF7-BD9F-9292CFD5C253}.Debug|ARM.ActiveCfg = Debug|Any CPU
		{42681D9D-750A-4DF7-BD9F-9292CFD5C253}.Debug|iPhone.ActiveCfg = Debug|Any CPU
		{42681D9D-750A-4DF7-BD9F-9292CFD5C253}.Debug|iPhoneSimulator.ActiveCfg = Debug|Any CPU
		{42681D9D-750A-4DF7-BD9F-9292CFD5C253}.Debug|x64.ActiveCfg = Debug|Any CPU
		{42681D9D-750A-4DF7-BD9F-9292CFD5C253}.Debug|x86.ActiveCfg = Debug|Any CPU
		{42681D9D-750A-4DF7-BD9F-9292CFD5C253}.Release|Any CPU.ActiveCfg = Release|Any CPU
		{42681D9D-750A-4DF7-BD9F-9292CFD5C253}.Release|Any CPU.Build.0 = Release|Any CPU
		{42681D9D-750A-4DF7-BD9F-9292CFD5C253}.Release|ARM.ActiveCfg = Release|Any CPU
		{42681D9D-750A-4DF7-BD9F-9292CFD5C253}.Release|iPhone.ActiveCfg = Release|Any CPU
		{42681D9D-750A-4DF7-BD9F-9292CFD5C253}.Release|iPhoneSimulator.ActiveCfg = Release|Any CPU
		{42681D9D-750A-4DF7-BD9F-9292CFD5C253}.Release|x64.ActiveCfg = Release|Any CPU
		{42681D9D-750A-4DF7-BD9F-9292CFD5C253}.Release|x86.ActiveCfg = Release|Any CPU
		{231226CE-690B-4979-8870-9A79D80928E2}.Ad-Hoc|Any CPU.ActiveCfg = Release|Any CPU
		{231226CE-690B-4979-8870-9A79D80928E2}.Ad-Hoc|ARM.ActiveCfg = Release|Any CPU
		{231226CE-690B-4979-8870-9A79D80928E2}.Ad-Hoc|iPhone.ActiveCfg = Release|Any CPU
		{231226CE-690B-4979-8870-9A79D80928E2}.Ad-Hoc|iPhoneSimulator.ActiveCfg = Release|Any CPU
		{231226CE-690B-4979-8870-9A79D80928E2}.Ad-Hoc|x64.ActiveCfg = Release|Any CPU
		{231226CE-690B-4979-8870-9A79D80928E2}.Ad-Hoc|x86.ActiveCfg = Release|Any CPU
		{231226CE-690B-4979-8870-9A79D80928E2}.AppStore|Any CPU.ActiveCfg = Release|Any CPU
		{231226CE-690B-4979-8870-9A79D80928E2}.AppStore|ARM.ActiveCfg = Release|Any CPU
		{231226CE-690B-4979-8870-9A79D80928E2}.AppStore|iPhone.ActiveCfg = Release|Any CPU
		{231226CE-690B-4979-8870-9A79D80928E2}.AppStore|iPhoneSimulator.ActiveCfg = Release|Any CPU
		{231226CE-690B-4979-8870-9A79D80928E2}.AppStore|x64.ActiveCfg = Release|Any CPU
		{231226CE-690B-4979-8870-9A79D80928E2}.AppStore|x86.ActiveCfg = Release|Any CPU
		{231226CE-690B-4979-8870-9A79D80928E2}.Debug|Any CPU.ActiveCfg = Debug|Any CPU
		{231226CE-690B-4979-8870-9A79D80928E2}.Debug|Any CPU.Build.0 = Debug|Any CPU
		{231226CE-690B-4979-8870-9A79D80928E2}.Debug|ARM.ActiveCfg = Debug|Any CPU
		{231226CE-690B-4979-8870-9A79D80928E2}.Debug|iPhone.ActiveCfg = Debug|Any CPU
		{231226CE-690B-4979-8870-9A79D80928E2}.Debug|iPhoneSimulator.ActiveCfg = Debug|Any CPU
		{231226CE-690B-4979-8870-9A79D80928E2}.Debug|x64.ActiveCfg = Debug|Any CPU
		{231226CE-690B-4979-8870-9A79D80928E2}.Debug|x86.ActiveCfg = Debug|Any CPU
		{231226CE-690B-4979-8870-9A79D80928E2}.Release|Any CPU.ActiveCfg = Release|Any CPU
		{231226CE-690B-4979-8870-9A79D80928E2}.Release|Any CPU.Build.0 = Release|Any CPU
		{231226CE-690B-4979-8870-9A79D80928E2}.Release|ARM.ActiveCfg = Release|Any CPU
		{231226CE-690B-4979-8870-9A79D80928E2}.Release|iPhone.ActiveCfg = Release|Any CPU
		{231226CE-690B-4979-8870-9A79D80928E2}.Release|iPhoneSimulator.ActiveCfg = Release|Any CPU
		{231226CE-690B-4979-8870-9A79D80928E2}.Release|x64.ActiveCfg = Release|Any CPU
		{231226CE-690B-4979-8870-9A79D80928E2}.Release|x86.ActiveCfg = Release|Any CPU
		{F5598DCB-6DDE-4661-AD9D-A55612DA7E76}.Ad-Hoc|Any CPU.ActiveCfg = Release|Any CPU
		{F5598DCB-6DDE-4661-AD9D-A55612DA7E76}.Ad-Hoc|ARM.ActiveCfg = Release|Any CPU
		{F5598DCB-6DDE-4661-AD9D-A55612DA7E76}.Ad-Hoc|iPhone.ActiveCfg = Release|Any CPU
		{F5598DCB-6DDE-4661-AD9D-A55612DA7E76}.Ad-Hoc|iPhoneSimulator.ActiveCfg = Release|Any CPU
		{F5598DCB-6DDE-4661-AD9D-A55612DA7E76}.Ad-Hoc|x64.ActiveCfg = Release|Any CPU
		{F5598DCB-6DDE-4661-AD9D-A55612DA7E76}.Ad-Hoc|x86.ActiveCfg = Release|Any CPU
		{F5598DCB-6DDE-4661-AD9D-A55612DA7E76}.AppStore|Any CPU.ActiveCfg = Release|Any CPU
		{F5598DCB-6DDE-4661-AD9D-A55612DA7E76}.AppStore|ARM.ActiveCfg = Release|Any CPU
		{F5598DCB-6DDE-4661-AD9D-A55612DA7E76}.AppStore|iPhone.ActiveCfg = Release|Any CPU
		{F5598DCB-6DDE-4661-AD9D-A55612DA7E76}.AppStore|iPhoneSimulator.ActiveCfg = Release|Any CPU
		{F5598DCB-6DDE-4661-AD9D-A55612DA7E76}.AppStore|x64.ActiveCfg = Release|Any CPU
		{F5598DCB-6DDE-4661-AD9D-A55612DA7E76}.AppStore|x86.ActiveCfg = Release|Any CPU
		{F5598DCB-6DDE-4661-AD9D-A55612DA7E76}.Debug|Any CPU.ActiveCfg = Debug|Any CPU
		{F5598DCB-6DDE-4661-AD9D-A55612DA7E76}.Debug|Any CPU.Build.0 = Debug|Any CPU
		{F5598DCB-6DDE-4661-AD9D-A55612DA7E76}.Debug|ARM.ActiveCfg = Debug|Any CPU
		{F5598DCB-6DDE-4661-AD9D-A55612DA7E76}.Debug|iPhone.ActiveCfg = Debug|Any CPU
		{F5598DCB-6DDE-4661-AD9D-A55612DA7E76}.Debug|iPhoneSimulator.ActiveCfg = Debug|Any CPU
		{F5598DCB-6DDE-4661-AD9D-A55612DA7E76}.Debug|x64.ActiveCfg = Debug|Any CPU
		{F5598DCB-6DDE-4661-AD9D-A55612DA7E76}.Debug|x86.ActiveCfg = Debug|Any CPU
		{F5598DCB-6DDE-4661-AD9D-A55612DA7E76}.Release|Any CPU.ActiveCfg = Release|Any CPU
		{F5598DCB-6DDE-4661-AD9D-A55612DA7E76}.Release|Any CPU.Build.0 = Release|Any CPU
		{F5598DCB-6DDE-4661-AD9D-A55612DA7E76}.Release|ARM.ActiveCfg = Release|Any CPU
		{F5598DCB-6DDE-4661-AD9D-A55612DA7E76}.Release|iPhone.ActiveCfg = Release|Any CPU
		{F5598DCB-6DDE-4661-AD9D-A55612DA7E76}.Release|iPhoneSimulator.ActiveCfg = Release|Any CPU
		{F5598DCB-6DDE-4661-AD9D-A55612DA7E76}.Release|x64.ActiveCfg = Release|Any CPU
		{F5598DCB-6DDE-4661-AD9D-A55612DA7E76}.Release|x86.ActiveCfg = Release|Any CPU
		{F0333D8E-0B27-42B7-B2C6-78F3657624E2}.Ad-Hoc|Any CPU.ActiveCfg = Release|Any CPU
		{F0333D8E-0B27-42B7-B2C6-78F3657624E2}.Ad-Hoc|ARM.ActiveCfg = Release|Any CPU
		{F0333D8E-0B27-42B7-B2C6-78F3657624E2}.Ad-Hoc|iPhone.ActiveCfg = Release|Any CPU
		{F0333D8E-0B27-42B7-B2C6-78F3657624E2}.Ad-Hoc|iPhoneSimulator.ActiveCfg = Release|Any CPU
		{F0333D8E-0B27-42B7-B2C6-78F3657624E2}.Ad-Hoc|x64.ActiveCfg = Release|Any CPU
		{F0333D8E-0B27-42B7-B2C6-78F3657624E2}.Ad-Hoc|x86.ActiveCfg = Release|Any CPU
		{F0333D8E-0B27-42B7-B2C6-78F3657624E2}.AppStore|Any CPU.ActiveCfg = Release|Any CPU
		{F0333D8E-0B27-42B7-B2C6-78F3657624E2}.AppStore|ARM.ActiveCfg = Release|Any CPU
		{F0333D8E-0B27-42B7-B2C6-78F3657624E2}.AppStore|iPhone.ActiveCfg = Release|Any CPU
		{F0333D8E-0B27-42B7-B2C6-78F3657624E2}.AppStore|iPhoneSimulator.ActiveCfg = Release|Any CPU
		{F0333D8E-0B27-42B7-B2C6-78F3657624E2}.AppStore|x64.ActiveCfg = Release|Any CPU
		{F0333D8E-0B27-42B7-B2C6-78F3657624E2}.AppStore|x86.ActiveCfg = Release|Any CPU
		{F0333D8E-0B27-42B7-B2C6-78F3657624E2}.Debug|Any CPU.ActiveCfg = Debug|Any CPU
		{F0333D8E-0B27-42B7-B2C6-78F3657624E2}.Debug|Any CPU.Build.0 = Debug|Any CPU
		{F0333D8E-0B27-42B7-B2C6-78F3657624E2}.Debug|ARM.ActiveCfg = Debug|Any CPU
		{F0333D8E-0B27-42B7-B2C6-78F3657624E2}.Debug|iPhone.ActiveCfg = Debug|Any CPU
		{F0333D8E-0B27-42B7-B2C6-78F3657624E2}.Debug|iPhoneSimulator.ActiveCfg = Debug|Any CPU
		{F0333D8E-0B27-42B7-B2C6-78F3657624E2}.Debug|x64.ActiveCfg = Debug|Any CPU
		{F0333D8E-0B27-42B7-B2C6-78F3657624E2}.Debug|x86.ActiveCfg = Debug|Any CPU
		{F0333D8E-0B27-42B7-B2C6-78F3657624E2}.Release|Any CPU.ActiveCfg = Release|Any CPU
		{F0333D8E-0B27-42B7-B2C6-78F3657624E2}.Release|Any CPU.Build.0 = Release|Any CPU
		{F0333D8E-0B27-42B7-B2C6-78F3657624E2}.Release|ARM.ActiveCfg = Release|Any CPU
		{F0333D8E-0B27-42B7-B2C6-78F3657624E2}.Release|iPhone.ActiveCfg = Release|Any CPU
		{F0333D8E-0B27-42B7-B2C6-78F3657624E2}.Release|iPhoneSimulator.ActiveCfg = Release|Any CPU
		{F0333D8E-0B27-42B7-B2C6-78F3657624E2}.Release|x64.ActiveCfg = Release|Any CPU
		{F0333D8E-0B27-42B7-B2C6-78F3657624E2}.Release|x86.ActiveCfg = Release|Any CPU
		{95F1F07C-4D92-4742-BD07-E5B805AAB651}.Ad-Hoc|Any CPU.ActiveCfg = Debug|Any CPU
		{95F1F07C-4D92-4742-BD07-E5B805AAB651}.Ad-Hoc|Any CPU.Build.0 = Debug|Any CPU
		{95F1F07C-4D92-4742-BD07-E5B805AAB651}.Ad-Hoc|ARM.ActiveCfg = Debug|Any CPU
		{95F1F07C-4D92-4742-BD07-E5B805AAB651}.Ad-Hoc|ARM.Build.0 = Debug|Any CPU
		{95F1F07C-4D92-4742-BD07-E5B805AAB651}.Ad-Hoc|iPhone.ActiveCfg = Debug|Any CPU
		{95F1F07C-4D92-4742-BD07-E5B805AAB651}.Ad-Hoc|iPhone.Build.0 = Debug|Any CPU
		{95F1F07C-4D92-4742-BD07-E5B805AAB651}.Ad-Hoc|iPhoneSimulator.ActiveCfg = Debug|Any CPU
		{95F1F07C-4D92-4742-BD07-E5B805AAB651}.Ad-Hoc|iPhoneSimulator.Build.0 = Debug|Any CPU
		{95F1F07C-4D92-4742-BD07-E5B805AAB651}.Ad-Hoc|x64.ActiveCfg = Debug|Any CPU
		{95F1F07C-4D92-4742-BD07-E5B805AAB651}.Ad-Hoc|x64.Build.0 = Debug|Any CPU
		{95F1F07C-4D92-4742-BD07-E5B805AAB651}.Ad-Hoc|x86.ActiveCfg = Debug|Any CPU
		{95F1F07C-4D92-4742-BD07-E5B805AAB651}.Ad-Hoc|x86.Build.0 = Debug|Any CPU
		{95F1F07C-4D92-4742-BD07-E5B805AAB651}.AppStore|Any CPU.ActiveCfg = Debug|Any CPU
		{95F1F07C-4D92-4742-BD07-E5B805AAB651}.AppStore|Any CPU.Build.0 = Debug|Any CPU
		{95F1F07C-4D92-4742-BD07-E5B805AAB651}.AppStore|ARM.ActiveCfg = Debug|Any CPU
		{95F1F07C-4D92-4742-BD07-E5B805AAB651}.AppStore|ARM.Build.0 = Debug|Any CPU
		{95F1F07C-4D92-4742-BD07-E5B805AAB651}.AppStore|iPhone.ActiveCfg = Debug|Any CPU
		{95F1F07C-4D92-4742-BD07-E5B805AAB651}.AppStore|iPhone.Build.0 = Debug|Any CPU
		{95F1F07C-4D92-4742-BD07-E5B805AAB651}.AppStore|iPhoneSimulator.ActiveCfg = Debug|Any CPU
		{95F1F07C-4D92-4742-BD07-E5B805AAB651}.AppStore|iPhoneSimulator.Build.0 = Debug|Any CPU
		{95F1F07C-4D92-4742-BD07-E5B805AAB651}.AppStore|x64.ActiveCfg = Debug|Any CPU
		{95F1F07C-4D92-4742-BD07-E5B805AAB651}.AppStore|x64.Build.0 = Debug|Any CPU
		{95F1F07C-4D92-4742-BD07-E5B805AAB651}.AppStore|x86.ActiveCfg = Debug|Any CPU
		{95F1F07C-4D92-4742-BD07-E5B805AAB651}.AppStore|x86.Build.0 = Debug|Any CPU
		{95F1F07C-4D92-4742-BD07-E5B805AAB651}.Debug|Any CPU.ActiveCfg = Debug|Any CPU
		{95F1F07C-4D92-4742-BD07-E5B805AAB651}.Debug|Any CPU.Build.0 = Debug|Any CPU
		{95F1F07C-4D92-4742-BD07-E5B805AAB651}.Debug|ARM.ActiveCfg = Debug|Any CPU
		{95F1F07C-4D92-4742-BD07-E5B805AAB651}.Debug|ARM.Build.0 = Debug|Any CPU
		{95F1F07C-4D92-4742-BD07-E5B805AAB651}.Debug|iPhone.ActiveCfg = Debug|Any CPU
		{95F1F07C-4D92-4742-BD07-E5B805AAB651}.Debug|iPhone.Build.0 = Debug|Any CPU
		{95F1F07C-4D92-4742-BD07-E5B805AAB651}.Debug|iPhoneSimulator.ActiveCfg = Debug|Any CPU
		{95F1F07C-4D92-4742-BD07-E5B805AAB651}.Debug|iPhoneSimulator.Build.0 = Debug|Any CPU
		{95F1F07C-4D92-4742-BD07-E5B805AAB651}.Debug|x64.ActiveCfg = Debug|Any CPU
		{95F1F07C-4D92-4742-BD07-E5B805AAB651}.Debug|x64.Build.0 = Debug|Any CPU
		{95F1F07C-4D92-4742-BD07-E5B805AAB651}.Debug|x86.ActiveCfg = Debug|Any CPU
		{95F1F07C-4D92-4742-BD07-E5B805AAB651}.Debug|x86.Build.0 = Debug|Any CPU
		{95F1F07C-4D92-4742-BD07-E5B805AAB651}.Release|Any CPU.ActiveCfg = Release|Any CPU
		{95F1F07C-4D92-4742-BD07-E5B805AAB651}.Release|Any CPU.Build.0 = Release|Any CPU
		{95F1F07C-4D92-4742-BD07-E5B805AAB651}.Release|ARM.ActiveCfg = Release|Any CPU
		{95F1F07C-4D92-4742-BD07-E5B805AAB651}.Release|ARM.Build.0 = Release|Any CPU
		{95F1F07C-4D92-4742-BD07-E5B805AAB651}.Release|iPhone.ActiveCfg = Release|Any CPU
		{95F1F07C-4D92-4742-BD07-E5B805AAB651}.Release|iPhone.Build.0 = Release|Any CPU
		{95F1F07C-4D92-4742-BD07-E5B805AAB651}.Release|iPhoneSimulator.ActiveCfg = Release|Any CPU
		{95F1F07C-4D92-4742-BD07-E5B805AAB651}.Release|iPhoneSimulator.Build.0 = Release|Any CPU
		{95F1F07C-4D92-4742-BD07-E5B805AAB651}.Release|x64.ActiveCfg = Release|Any CPU
		{95F1F07C-4D92-4742-BD07-E5B805AAB651}.Release|x64.Build.0 = Release|Any CPU
		{95F1F07C-4D92-4742-BD07-E5B805AAB651}.Release|x86.ActiveCfg = Release|Any CPU
		{95F1F07C-4D92-4742-BD07-E5B805AAB651}.Release|x86.Build.0 = Release|Any CPU
		{A579E108-5445-403D-A407-339AC4D1611B}.Ad-Hoc|Any CPU.ActiveCfg = Debug|Any CPU
		{A579E108-5445-403D-A407-339AC4D1611B}.Ad-Hoc|Any CPU.Build.0 = Debug|Any CPU
		{A579E108-5445-403D-A407-339AC4D1611B}.Ad-Hoc|ARM.ActiveCfg = Debug|Any CPU
		{A579E108-5445-403D-A407-339AC4D1611B}.Ad-Hoc|ARM.Build.0 = Debug|Any CPU
		{A579E108-5445-403D-A407-339AC4D1611B}.Ad-Hoc|iPhone.ActiveCfg = Debug|Any CPU
		{A579E108-5445-403D-A407-339AC4D1611B}.Ad-Hoc|iPhone.Build.0 = Debug|Any CPU
		{A579E108-5445-403D-A407-339AC4D1611B}.Ad-Hoc|iPhoneSimulator.ActiveCfg = Debug|Any CPU
		{A579E108-5445-403D-A407-339AC4D1611B}.Ad-Hoc|iPhoneSimulator.Build.0 = Debug|Any CPU
		{A579E108-5445-403D-A407-339AC4D1611B}.Ad-Hoc|x64.ActiveCfg = Debug|Any CPU
		{A579E108-5445-403D-A407-339AC4D1611B}.Ad-Hoc|x64.Build.0 = Debug|Any CPU
		{A579E108-5445-403D-A407-339AC4D1611B}.Ad-Hoc|x86.ActiveCfg = Debug|Any CPU
		{A579E108-5445-403D-A407-339AC4D1611B}.Ad-Hoc|x86.Build.0 = Debug|Any CPU
		{A579E108-5445-403D-A407-339AC4D1611B}.AppStore|Any CPU.ActiveCfg = Debug|Any CPU
		{A579E108-5445-403D-A407-339AC4D1611B}.AppStore|Any CPU.Build.0 = Debug|Any CPU
		{A579E108-5445-403D-A407-339AC4D1611B}.AppStore|ARM.ActiveCfg = Debug|Any CPU
		{A579E108-5445-403D-A407-339AC4D1611B}.AppStore|ARM.Build.0 = Debug|Any CPU
		{A579E108-5445-403D-A407-339AC4D1611B}.AppStore|iPhone.ActiveCfg = Debug|Any CPU
		{A579E108-5445-403D-A407-339AC4D1611B}.AppStore|iPhone.Build.0 = Debug|Any CPU
		{A579E108-5445-403D-A407-339AC4D1611B}.AppStore|iPhoneSimulator.ActiveCfg = Debug|Any CPU
		{A579E108-5445-403D-A407-339AC4D1611B}.AppStore|iPhoneSimulator.Build.0 = Debug|Any CPU
		{A579E108-5445-403D-A407-339AC4D1611B}.AppStore|x64.ActiveCfg = Debug|Any CPU
		{A579E108-5445-403D-A407-339AC4D1611B}.AppStore|x64.Build.0 = Debug|Any CPU
		{A579E108-5445-403D-A407-339AC4D1611B}.AppStore|x86.ActiveCfg = Debug|Any CPU
		{A579E108-5445-403D-A407-339AC4D1611B}.AppStore|x86.Build.0 = Debug|Any CPU
		{A579E108-5445-403D-A407-339AC4D1611B}.Debug|Any CPU.ActiveCfg = Debug|Any CPU
		{A579E108-5445-403D-A407-339AC4D1611B}.Debug|Any CPU.Build.0 = Debug|Any CPU
		{A579E108-5445-403D-A407-339AC4D1611B}.Debug|ARM.ActiveCfg = Debug|Any CPU
		{A579E108-5445-403D-A407-339AC4D1611B}.Debug|ARM.Build.0 = Debug|Any CPU
		{A579E108-5445-403D-A407-339AC4D1611B}.Debug|iPhone.ActiveCfg = Debug|Any CPU
		{A579E108-5445-403D-A407-339AC4D1611B}.Debug|iPhone.Build.0 = Debug|Any CPU
		{A579E108-5445-403D-A407-339AC4D1611B}.Debug|iPhoneSimulator.ActiveCfg = Debug|Any CPU
		{A579E108-5445-403D-A407-339AC4D1611B}.Debug|iPhoneSimulator.Build.0 = Debug|Any CPU
		{A579E108-5445-403D-A407-339AC4D1611B}.Debug|x64.ActiveCfg = Debug|Any CPU
		{A579E108-5445-403D-A407-339AC4D1611B}.Debug|x64.Build.0 = Debug|Any CPU
		{A579E108-5445-403D-A407-339AC4D1611B}.Debug|x86.ActiveCfg = Debug|Any CPU
		{A579E108-5445-403D-A407-339AC4D1611B}.Debug|x86.Build.0 = Debug|Any CPU
		{A579E108-5445-403D-A407-339AC4D1611B}.Release|Any CPU.ActiveCfg = Release|Any CPU
		{A579E108-5445-403D-A407-339AC4D1611B}.Release|Any CPU.Build.0 = Release|Any CPU
		{A579E108-5445-403D-A407-339AC4D1611B}.Release|ARM.ActiveCfg = Release|Any CPU
		{A579E108-5445-403D-A407-339AC4D1611B}.Release|ARM.Build.0 = Release|Any CPU
		{A579E108-5445-403D-A407-339AC4D1611B}.Release|iPhone.ActiveCfg = Release|Any CPU
		{A579E108-5445-403D-A407-339AC4D1611B}.Release|iPhone.Build.0 = Release|Any CPU
		{A579E108-5445-403D-A407-339AC4D1611B}.Release|iPhoneSimulator.ActiveCfg = Release|Any CPU
		{A579E108-5445-403D-A407-339AC4D1611B}.Release|iPhoneSimulator.Build.0 = Release|Any CPU
		{A579E108-5445-403D-A407-339AC4D1611B}.Release|x64.ActiveCfg = Release|Any CPU
		{A579E108-5445-403D-A407-339AC4D1611B}.Release|x64.Build.0 = Release|Any CPU
		{A579E108-5445-403D-A407-339AC4D1611B}.Release|x86.ActiveCfg = Release|Any CPU
		{A579E108-5445-403D-A407-339AC4D1611B}.Release|x86.Build.0 = Release|Any CPU
		{0044B293-1DCC-4224-B948-00CF6DC7F510}.Ad-Hoc|Any CPU.ActiveCfg = Debug|Any CPU
		{0044B293-1DCC-4224-B948-00CF6DC7F510}.Ad-Hoc|Any CPU.Build.0 = Debug|Any CPU
		{0044B293-1DCC-4224-B948-00CF6DC7F510}.Ad-Hoc|ARM.ActiveCfg = Debug|Any CPU
		{0044B293-1DCC-4224-B948-00CF6DC7F510}.Ad-Hoc|ARM.Build.0 = Debug|Any CPU
		{0044B293-1DCC-4224-B948-00CF6DC7F510}.Ad-Hoc|iPhone.ActiveCfg = Debug|Any CPU
		{0044B293-1DCC-4224-B948-00CF6DC7F510}.Ad-Hoc|iPhone.Build.0 = Debug|Any CPU
		{0044B293-1DCC-4224-B948-00CF6DC7F510}.Ad-Hoc|iPhoneSimulator.ActiveCfg = Debug|Any CPU
		{0044B293-1DCC-4224-B948-00CF6DC7F510}.Ad-Hoc|iPhoneSimulator.Build.0 = Debug|Any CPU
		{0044B293-1DCC-4224-B948-00CF6DC7F510}.Ad-Hoc|x64.ActiveCfg = Debug|Any CPU
		{0044B293-1DCC-4224-B948-00CF6DC7F510}.Ad-Hoc|x64.Build.0 = Debug|Any CPU
		{0044B293-1DCC-4224-B948-00CF6DC7F510}.Ad-Hoc|x86.ActiveCfg = Debug|Any CPU
		{0044B293-1DCC-4224-B948-00CF6DC7F510}.Ad-Hoc|x86.Build.0 = Debug|Any CPU
		{0044B293-1DCC-4224-B948-00CF6DC7F510}.AppStore|Any CPU.ActiveCfg = Debug|Any CPU
		{0044B293-1DCC-4224-B948-00CF6DC7F510}.AppStore|Any CPU.Build.0 = Debug|Any CPU
		{0044B293-1DCC-4224-B948-00CF6DC7F510}.AppStore|ARM.ActiveCfg = Debug|Any CPU
		{0044B293-1DCC-4224-B948-00CF6DC7F510}.AppStore|ARM.Build.0 = Debug|Any CPU
		{0044B293-1DCC-4224-B948-00CF6DC7F510}.AppStore|iPhone.ActiveCfg = Debug|Any CPU
		{0044B293-1DCC-4224-B948-00CF6DC7F510}.AppStore|iPhone.Build.0 = Debug|Any CPU
		{0044B293-1DCC-4224-B948-00CF6DC7F510}.AppStore|iPhoneSimulator.ActiveCfg = Debug|Any CPU
		{0044B293-1DCC-4224-B948-00CF6DC7F510}.AppStore|iPhoneSimulator.Build.0 = Debug|Any CPU
		{0044B293-1DCC-4224-B948-00CF6DC7F510}.AppStore|x64.ActiveCfg = Debug|Any CPU
		{0044B293-1DCC-4224-B948-00CF6DC7F510}.AppStore|x64.Build.0 = Debug|Any CPU
		{0044B293-1DCC-4224-B948-00CF6DC7F510}.AppStore|x86.ActiveCfg = Debug|Any CPU
		{0044B293-1DCC-4224-B948-00CF6DC7F510}.AppStore|x86.Build.0 = Debug|Any CPU
		{0044B293-1DCC-4224-B948-00CF6DC7F510}.Debug|Any CPU.ActiveCfg = Debug|Any CPU
		{0044B293-1DCC-4224-B948-00CF6DC7F510}.Debug|Any CPU.Build.0 = Debug|Any CPU
		{0044B293-1DCC-4224-B948-00CF6DC7F510}.Debug|ARM.ActiveCfg = Debug|Any CPU
		{0044B293-1DCC-4224-B948-00CF6DC7F510}.Debug|ARM.Build.0 = Debug|Any CPU
		{0044B293-1DCC-4224-B948-00CF6DC7F510}.Debug|iPhone.ActiveCfg = Debug|Any CPU
		{0044B293-1DCC-4224-B948-00CF6DC7F510}.Debug|iPhone.Build.0 = Debug|Any CPU
		{0044B293-1DCC-4224-B948-00CF6DC7F510}.Debug|iPhoneSimulator.ActiveCfg = Debug|Any CPU
		{0044B293-1DCC-4224-B948-00CF6DC7F510}.Debug|iPhoneSimulator.Build.0 = Debug|Any CPU
		{0044B293-1DCC-4224-B948-00CF6DC7F510}.Debug|x64.ActiveCfg = Debug|Any CPU
		{0044B293-1DCC-4224-B948-00CF6DC7F510}.Debug|x64.Build.0 = Debug|Any CPU
		{0044B293-1DCC-4224-B948-00CF6DC7F510}.Debug|x86.ActiveCfg = Debug|Any CPU
		{0044B293-1DCC-4224-B948-00CF6DC7F510}.Debug|x86.Build.0 = Debug|Any CPU
		{0044B293-1DCC-4224-B948-00CF6DC7F510}.Release|Any CPU.ActiveCfg = Release|Any CPU
		{0044B293-1DCC-4224-B948-00CF6DC7F510}.Release|Any CPU.Build.0 = Release|Any CPU
		{0044B293-1DCC-4224-B948-00CF6DC7F510}.Release|ARM.ActiveCfg = Release|Any CPU
		{0044B293-1DCC-4224-B948-00CF6DC7F510}.Release|ARM.Build.0 = Release|Any CPU
		{0044B293-1DCC-4224-B948-00CF6DC7F510}.Release|iPhone.ActiveCfg = Release|Any CPU
		{0044B293-1DCC-4224-B948-00CF6DC7F510}.Release|iPhone.Build.0 = Release|Any CPU
		{0044B293-1DCC-4224-B948-00CF6DC7F510}.Release|iPhoneSimulator.ActiveCfg = Release|Any CPU
		{0044B293-1DCC-4224-B948-00CF6DC7F510}.Release|iPhoneSimulator.Build.0 = Release|Any CPU
		{0044B293-1DCC-4224-B948-00CF6DC7F510}.Release|x64.ActiveCfg = Release|Any CPU
		{0044B293-1DCC-4224-B948-00CF6DC7F510}.Release|x64.Build.0 = Release|Any CPU
		{0044B293-1DCC-4224-B948-00CF6DC7F510}.Release|x86.ActiveCfg = Release|Any CPU
		{0044B293-1DCC-4224-B948-00CF6DC7F510}.Release|x86.Build.0 = Release|Any CPU
		{1A01AF82-6FCB-464C-B39C-F127AEBD315D}.Ad-Hoc|Any CPU.ActiveCfg = Debug|Any CPU
		{1A01AF82-6FCB-464C-B39C-F127AEBD315D}.Ad-Hoc|Any CPU.Build.0 = Debug|Any CPU
		{1A01AF82-6FCB-464C-B39C-F127AEBD315D}.Ad-Hoc|ARM.ActiveCfg = Debug|Any CPU
		{1A01AF82-6FCB-464C-B39C-F127AEBD315D}.Ad-Hoc|ARM.Build.0 = Debug|Any CPU
		{1A01AF82-6FCB-464C-B39C-F127AEBD315D}.Ad-Hoc|iPhone.ActiveCfg = Debug|Any CPU
		{1A01AF82-6FCB-464C-B39C-F127AEBD315D}.Ad-Hoc|iPhone.Build.0 = Debug|Any CPU
		{1A01AF82-6FCB-464C-B39C-F127AEBD315D}.Ad-Hoc|iPhoneSimulator.ActiveCfg = Debug|Any CPU
		{1A01AF82-6FCB-464C-B39C-F127AEBD315D}.Ad-Hoc|iPhoneSimulator.Build.0 = Debug|Any CPU
		{1A01AF82-6FCB-464C-B39C-F127AEBD315D}.Ad-Hoc|x64.ActiveCfg = Debug|Any CPU
		{1A01AF82-6FCB-464C-B39C-F127AEBD315D}.Ad-Hoc|x64.Build.0 = Debug|Any CPU
		{1A01AF82-6FCB-464C-B39C-F127AEBD315D}.Ad-Hoc|x86.ActiveCfg = Debug|Any CPU
		{1A01AF82-6FCB-464C-B39C-F127AEBD315D}.Ad-Hoc|x86.Build.0 = Debug|Any CPU
		{1A01AF82-6FCB-464C-B39C-F127AEBD315D}.AppStore|Any CPU.ActiveCfg = Debug|Any CPU
		{1A01AF82-6FCB-464C-B39C-F127AEBD315D}.AppStore|Any CPU.Build.0 = Debug|Any CPU
		{1A01AF82-6FCB-464C-B39C-F127AEBD315D}.AppStore|ARM.ActiveCfg = Debug|Any CPU
		{1A01AF82-6FCB-464C-B39C-F127AEBD315D}.AppStore|ARM.Build.0 = Debug|Any CPU
		{1A01AF82-6FCB-464C-B39C-F127AEBD315D}.AppStore|iPhone.ActiveCfg = Debug|Any CPU
		{1A01AF82-6FCB-464C-B39C-F127AEBD315D}.AppStore|iPhone.Build.0 = Debug|Any CPU
		{1A01AF82-6FCB-464C-B39C-F127AEBD315D}.AppStore|iPhoneSimulator.ActiveCfg = Debug|Any CPU
		{1A01AF82-6FCB-464C-B39C-F127AEBD315D}.AppStore|iPhoneSimulator.Build.0 = Debug|Any CPU
		{1A01AF82-6FCB-464C-B39C-F127AEBD315D}.AppStore|x64.ActiveCfg = Debug|Any CPU
		{1A01AF82-6FCB-464C-B39C-F127AEBD315D}.AppStore|x64.Build.0 = Debug|Any CPU
		{1A01AF82-6FCB-464C-B39C-F127AEBD315D}.AppStore|x86.ActiveCfg = Debug|Any CPU
		{1A01AF82-6FCB-464C-B39C-F127AEBD315D}.AppStore|x86.Build.0 = Debug|Any CPU
		{1A01AF82-6FCB-464C-B39C-F127AEBD315D}.Debug|Any CPU.ActiveCfg = Debug|Any CPU
		{1A01AF82-6FCB-464C-B39C-F127AEBD315D}.Debug|Any CPU.Build.0 = Debug|Any CPU
		{1A01AF82-6FCB-464C-B39C-F127AEBD315D}.Debug|ARM.ActiveCfg = Debug|Any CPU
		{1A01AF82-6FCB-464C-B39C-F127AEBD315D}.Debug|ARM.Build.0 = Debug|Any CPU
		{1A01AF82-6FCB-464C-B39C-F127AEBD315D}.Debug|iPhone.ActiveCfg = Debug|Any CPU
		{1A01AF82-6FCB-464C-B39C-F127AEBD315D}.Debug|iPhone.Build.0 = Debug|Any CPU
		{1A01AF82-6FCB-464C-B39C-F127AEBD315D}.Debug|iPhoneSimulator.ActiveCfg = Debug|Any CPU
		{1A01AF82-6FCB-464C-B39C-F127AEBD315D}.Debug|iPhoneSimulator.Build.0 = Debug|Any CPU
		{1A01AF82-6FCB-464C-B39C-F127AEBD315D}.Debug|x64.ActiveCfg = Debug|Any CPU
		{1A01AF82-6FCB-464C-B39C-F127AEBD315D}.Debug|x64.Build.0 = Debug|Any CPU
		{1A01AF82-6FCB-464C-B39C-F127AEBD315D}.Debug|x86.ActiveCfg = Debug|Any CPU
		{1A01AF82-6FCB-464C-B39C-F127AEBD315D}.Debug|x86.Build.0 = Debug|Any CPU
		{1A01AF82-6FCB-464C-B39C-F127AEBD315D}.Release|Any CPU.ActiveCfg = Release|Any CPU
		{1A01AF82-6FCB-464C-B39C-F127AEBD315D}.Release|Any CPU.Build.0 = Release|Any CPU
		{1A01AF82-6FCB-464C-B39C-F127AEBD315D}.Release|ARM.ActiveCfg = Release|Any CPU
		{1A01AF82-6FCB-464C-B39C-F127AEBD315D}.Release|ARM.Build.0 = Release|Any CPU
		{1A01AF82-6FCB-464C-B39C-F127AEBD315D}.Release|iPhone.ActiveCfg = Release|Any CPU
		{1A01AF82-6FCB-464C-B39C-F127AEBD315D}.Release|iPhone.Build.0 = Release|Any CPU
		{1A01AF82-6FCB-464C-B39C-F127AEBD315D}.Release|iPhoneSimulator.ActiveCfg = Release|Any CPU
		{1A01AF82-6FCB-464C-B39C-F127AEBD315D}.Release|iPhoneSimulator.Build.0 = Release|Any CPU
		{1A01AF82-6FCB-464C-B39C-F127AEBD315D}.Release|x64.ActiveCfg = Release|Any CPU
		{1A01AF82-6FCB-464C-B39C-F127AEBD315D}.Release|x64.Build.0 = Release|Any CPU
		{1A01AF82-6FCB-464C-B39C-F127AEBD315D}.Release|x86.ActiveCfg = Release|Any CPU
		{1A01AF82-6FCB-464C-B39C-F127AEBD315D}.Release|x86.Build.0 = Release|Any CPU
		{69AF10D3-AA76-4FF7-B187-EC7E8CC5F5B8}.Ad-Hoc|Any CPU.ActiveCfg = Debug|Any CPU
		{69AF10D3-AA76-4FF7-B187-EC7E8CC5F5B8}.Ad-Hoc|Any CPU.Build.0 = Debug|Any CPU
		{69AF10D3-AA76-4FF7-B187-EC7E8CC5F5B8}.Ad-Hoc|ARM.ActiveCfg = Debug|Any CPU
		{69AF10D3-AA76-4FF7-B187-EC7E8CC5F5B8}.Ad-Hoc|ARM.Build.0 = Debug|Any CPU
		{69AF10D3-AA76-4FF7-B187-EC7E8CC5F5B8}.Ad-Hoc|iPhone.ActiveCfg = Debug|Any CPU
		{69AF10D3-AA76-4FF7-B187-EC7E8CC5F5B8}.Ad-Hoc|iPhone.Build.0 = Debug|Any CPU
		{69AF10D3-AA76-4FF7-B187-EC7E8CC5F5B8}.Ad-Hoc|iPhoneSimulator.ActiveCfg = Debug|Any CPU
		{69AF10D3-AA76-4FF7-B187-EC7E8CC5F5B8}.Ad-Hoc|iPhoneSimulator.Build.0 = Debug|Any CPU
		{69AF10D3-AA76-4FF7-B187-EC7E8CC5F5B8}.Ad-Hoc|x64.ActiveCfg = Debug|Any CPU
		{69AF10D3-AA76-4FF7-B187-EC7E8CC5F5B8}.Ad-Hoc|x64.Build.0 = Debug|Any CPU
		{69AF10D3-AA76-4FF7-B187-EC7E8CC5F5B8}.Ad-Hoc|x86.ActiveCfg = Debug|Any CPU
		{69AF10D3-AA76-4FF7-B187-EC7E8CC5F5B8}.Ad-Hoc|x86.Build.0 = Debug|Any CPU
		{69AF10D3-AA76-4FF7-B187-EC7E8CC5F5B8}.AppStore|Any CPU.ActiveCfg = Debug|Any CPU
		{69AF10D3-AA76-4FF7-B187-EC7E8CC5F5B8}.AppStore|Any CPU.Build.0 = Debug|Any CPU
		{69AF10D3-AA76-4FF7-B187-EC7E8CC5F5B8}.AppStore|ARM.ActiveCfg = Debug|Any CPU
		{69AF10D3-AA76-4FF7-B187-EC7E8CC5F5B8}.AppStore|ARM.Build.0 = Debug|Any CPU
		{69AF10D3-AA76-4FF7-B187-EC7E8CC5F5B8}.AppStore|iPhone.ActiveCfg = Debug|Any CPU
		{69AF10D3-AA76-4FF7-B187-EC7E8CC5F5B8}.AppStore|iPhone.Build.0 = Debug|Any CPU
		{69AF10D3-AA76-4FF7-B187-EC7E8CC5F5B8}.AppStore|iPhoneSimulator.ActiveCfg = Debug|Any CPU
		{69AF10D3-AA76-4FF7-B187-EC7E8CC5F5B8}.AppStore|iPhoneSimulator.Build.0 = Debug|Any CPU
		{69AF10D3-AA76-4FF7-B187-EC7E8CC5F5B8}.AppStore|x64.ActiveCfg = Debug|Any CPU
		{69AF10D3-AA76-4FF7-B187-EC7E8CC5F5B8}.AppStore|x64.Build.0 = Debug|Any CPU
		{69AF10D3-AA76-4FF7-B187-EC7E8CC5F5B8}.AppStore|x86.ActiveCfg = Debug|Any CPU
		{69AF10D3-AA76-4FF7-B187-EC7E8CC5F5B8}.AppStore|x86.Build.0 = Debug|Any CPU
		{69AF10D3-AA76-4FF7-B187-EC7E8CC5F5B8}.Debug|Any CPU.ActiveCfg = Debug|Any CPU
		{69AF10D3-AA76-4FF7-B187-EC7E8CC5F5B8}.Debug|Any CPU.Build.0 = Debug|Any CPU
		{69AF10D3-AA76-4FF7-B187-EC7E8CC5F5B8}.Debug|ARM.ActiveCfg = Debug|Any CPU
		{69AF10D3-AA76-4FF7-B187-EC7E8CC5F5B8}.Debug|ARM.Build.0 = Debug|Any CPU
		{69AF10D3-AA76-4FF7-B187-EC7E8CC5F5B8}.Debug|iPhone.ActiveCfg = Debug|Any CPU
		{69AF10D3-AA76-4FF7-B187-EC7E8CC5F5B8}.Debug|iPhone.Build.0 = Debug|Any CPU
		{69AF10D3-AA76-4FF7-B187-EC7E8CC5F5B8}.Debug|iPhoneSimulator.ActiveCfg = Debug|Any CPU
		{69AF10D3-AA76-4FF7-B187-EC7E8CC5F5B8}.Debug|iPhoneSimulator.Build.0 = Debug|Any CPU
		{69AF10D3-AA76-4FF7-B187-EC7E8CC5F5B8}.Debug|x64.ActiveCfg = Debug|Any CPU
		{69AF10D3-AA76-4FF7-B187-EC7E8CC5F5B8}.Debug|x64.Build.0 = Debug|Any CPU
		{69AF10D3-AA76-4FF7-B187-EC7E8CC5F5B8}.Debug|x86.ActiveCfg = Debug|Any CPU
		{69AF10D3-AA76-4FF7-B187-EC7E8CC5F5B8}.Debug|x86.Build.0 = Debug|Any CPU
		{69AF10D3-AA76-4FF7-B187-EC7E8CC5F5B8}.Release|Any CPU.ActiveCfg = Release|Any CPU
		{69AF10D3-AA76-4FF7-B187-EC7E8CC5F5B8}.Release|Any CPU.Build.0 = Release|Any CPU
		{69AF10D3-AA76-4FF7-B187-EC7E8CC5F5B8}.Release|ARM.ActiveCfg = Release|Any CPU
		{69AF10D3-AA76-4FF7-B187-EC7E8CC5F5B8}.Release|ARM.Build.0 = Release|Any CPU
		{69AF10D3-AA76-4FF7-B187-EC7E8CC5F5B8}.Release|iPhone.ActiveCfg = Release|Any CPU
		{69AF10D3-AA76-4FF7-B187-EC7E8CC5F5B8}.Release|iPhone.Build.0 = Release|Any CPU
		{69AF10D3-AA76-4FF7-B187-EC7E8CC5F5B8}.Release|iPhoneSimulator.ActiveCfg = Release|Any CPU
		{69AF10D3-AA76-4FF7-B187-EC7E8CC5F5B8}.Release|iPhoneSimulator.Build.0 = Release|Any CPU
		{69AF10D3-AA76-4FF7-B187-EC7E8CC5F5B8}.Release|x64.ActiveCfg = Release|Any CPU
		{69AF10D3-AA76-4FF7-B187-EC7E8CC5F5B8}.Release|x64.Build.0 = Release|Any CPU
		{69AF10D3-AA76-4FF7-B187-EC7E8CC5F5B8}.Release|x86.ActiveCfg = Release|Any CPU
		{69AF10D3-AA76-4FF7-B187-EC7E8CC5F5B8}.Release|x86.Build.0 = Release|Any CPU
		{15F4B3AA-89B6-4A0D-9051-414305974781}.Ad-Hoc|Any CPU.ActiveCfg = Debug|Any CPU
		{15F4B3AA-89B6-4A0D-9051-414305974781}.Ad-Hoc|Any CPU.Build.0 = Debug|Any CPU
		{15F4B3AA-89B6-4A0D-9051-414305974781}.Ad-Hoc|ARM.ActiveCfg = Debug|Any CPU
		{15F4B3AA-89B6-4A0D-9051-414305974781}.Ad-Hoc|ARM.Build.0 = Debug|Any CPU
		{15F4B3AA-89B6-4A0D-9051-414305974781}.Ad-Hoc|iPhone.ActiveCfg = Debug|Any CPU
		{15F4B3AA-89B6-4A0D-9051-414305974781}.Ad-Hoc|iPhone.Build.0 = Debug|Any CPU
		{15F4B3AA-89B6-4A0D-9051-414305974781}.Ad-Hoc|iPhoneSimulator.ActiveCfg = Debug|Any CPU
		{15F4B3AA-89B6-4A0D-9051-414305974781}.Ad-Hoc|iPhoneSimulator.Build.0 = Debug|Any CPU
		{15F4B3AA-89B6-4A0D-9051-414305974781}.Ad-Hoc|x64.ActiveCfg = Debug|Any CPU
		{15F4B3AA-89B6-4A0D-9051-414305974781}.Ad-Hoc|x64.Build.0 = Debug|Any CPU
		{15F4B3AA-89B6-4A0D-9051-414305974781}.Ad-Hoc|x86.ActiveCfg = Debug|Any CPU
		{15F4B3AA-89B6-4A0D-9051-414305974781}.Ad-Hoc|x86.Build.0 = Debug|Any CPU
		{15F4B3AA-89B6-4A0D-9051-414305974781}.AppStore|Any CPU.ActiveCfg = Debug|Any CPU
		{15F4B3AA-89B6-4A0D-9051-414305974781}.AppStore|Any CPU.Build.0 = Debug|Any CPU
		{15F4B3AA-89B6-4A0D-9051-414305974781}.AppStore|ARM.ActiveCfg = Debug|Any CPU
		{15F4B3AA-89B6-4A0D-9051-414305974781}.AppStore|ARM.Build.0 = Debug|Any CPU
		{15F4B3AA-89B6-4A0D-9051-414305974781}.AppStore|iPhone.ActiveCfg = Debug|Any CPU
		{15F4B3AA-89B6-4A0D-9051-414305974781}.AppStore|iPhone.Build.0 = Debug|Any CPU
		{15F4B3AA-89B6-4A0D-9051-414305974781}.AppStore|iPhoneSimulator.ActiveCfg = Debug|Any CPU
		{15F4B3AA-89B6-4A0D-9051-414305974781}.AppStore|iPhoneSimulator.Build.0 = Debug|Any CPU
		{15F4B3AA-89B6-4A0D-9051-414305974781}.AppStore|x64.ActiveCfg = Debug|Any CPU
		{15F4B3AA-89B6-4A0D-9051-414305974781}.AppStore|x64.Build.0 = Debug|Any CPU
		{15F4B3AA-89B6-4A0D-9051-414305974781}.AppStore|x86.ActiveCfg = Debug|Any CPU
		{15F4B3AA-89B6-4A0D-9051-414305974781}.AppStore|x86.Build.0 = Debug|Any CPU
		{15F4B3AA-89B6-4A0D-9051-414305974781}.Debug|Any CPU.ActiveCfg = Debug|Any CPU
		{15F4B3AA-89B6-4A0D-9051-414305974781}.Debug|Any CPU.Build.0 = Debug|Any CPU
		{15F4B3AA-89B6-4A0D-9051-414305974781}.Debug|ARM.ActiveCfg = Debug|Any CPU
		{15F4B3AA-89B6-4A0D-9051-414305974781}.Debug|ARM.Build.0 = Debug|Any CPU
		{15F4B3AA-89B6-4A0D-9051-414305974781}.Debug|iPhone.ActiveCfg = Debug|Any CPU
		{15F4B3AA-89B6-4A0D-9051-414305974781}.Debug|iPhone.Build.0 = Debug|Any CPU
		{15F4B3AA-89B6-4A0D-9051-414305974781}.Debug|iPhoneSimulator.ActiveCfg = Debug|Any CPU
		{15F4B3AA-89B6-4A0D-9051-414305974781}.Debug|iPhoneSimulator.Build.0 = Debug|Any CPU
		{15F4B3AA-89B6-4A0D-9051-414305974781}.Debug|x64.ActiveCfg = Debug|Any CPU
		{15F4B3AA-89B6-4A0D-9051-414305974781}.Debug|x64.Build.0 = Debug|Any CPU
		{15F4B3AA-89B6-4A0D-9051-414305974781}.Debug|x86.ActiveCfg = Debug|Any CPU
		{15F4B3AA-89B6-4A0D-9051-414305974781}.Debug|x86.Build.0 = Debug|Any CPU
		{15F4B3AA-89B6-4A0D-9051-414305974781}.Release|Any CPU.ActiveCfg = Release|Any CPU
		{15F4B3AA-89B6-4A0D-9051-414305974781}.Release|Any CPU.Build.0 = Release|Any CPU
		{15F4B3AA-89B6-4A0D-9051-414305974781}.Release|ARM.ActiveCfg = Release|Any CPU
		{15F4B3AA-89B6-4A0D-9051-414305974781}.Release|ARM.Build.0 = Release|Any CPU
		{15F4B3AA-89B6-4A0D-9051-414305974781}.Release|iPhone.ActiveCfg = Release|Any CPU
		{15F4B3AA-89B6-4A0D-9051-414305974781}.Release|iPhone.Build.0 = Release|Any CPU
		{15F4B3AA-89B6-4A0D-9051-414305974781}.Release|iPhoneSimulator.ActiveCfg = Release|Any CPU
		{15F4B3AA-89B6-4A0D-9051-414305974781}.Release|iPhoneSimulator.Build.0 = Release|Any CPU
		{15F4B3AA-89B6-4A0D-9051-414305974781}.Release|x64.ActiveCfg = Release|Any CPU
		{15F4B3AA-89B6-4A0D-9051-414305974781}.Release|x64.Build.0 = Release|Any CPU
		{15F4B3AA-89B6-4A0D-9051-414305974781}.Release|x86.ActiveCfg = Release|Any CPU
		{15F4B3AA-89B6-4A0D-9051-414305974781}.Release|x86.Build.0 = Release|Any CPU
		{16CDE5D2-2DDE-4AF2-B902-AD9CC42DE480}.Ad-Hoc|Any CPU.ActiveCfg = Debug|Any CPU
		{16CDE5D2-2DDE-4AF2-B902-AD9CC42DE480}.Ad-Hoc|Any CPU.Build.0 = Debug|Any CPU
		{16CDE5D2-2DDE-4AF2-B902-AD9CC42DE480}.Ad-Hoc|ARM.ActiveCfg = Debug|Any CPU
		{16CDE5D2-2DDE-4AF2-B902-AD9CC42DE480}.Ad-Hoc|ARM.Build.0 = Debug|Any CPU
		{16CDE5D2-2DDE-4AF2-B902-AD9CC42DE480}.Ad-Hoc|iPhone.ActiveCfg = Debug|Any CPU
		{16CDE5D2-2DDE-4AF2-B902-AD9CC42DE480}.Ad-Hoc|iPhone.Build.0 = Debug|Any CPU
		{16CDE5D2-2DDE-4AF2-B902-AD9CC42DE480}.Ad-Hoc|iPhoneSimulator.ActiveCfg = Debug|Any CPU
		{16CDE5D2-2DDE-4AF2-B902-AD9CC42DE480}.Ad-Hoc|iPhoneSimulator.Build.0 = Debug|Any CPU
		{16CDE5D2-2DDE-4AF2-B902-AD9CC42DE480}.Ad-Hoc|x64.ActiveCfg = Debug|Any CPU
		{16CDE5D2-2DDE-4AF2-B902-AD9CC42DE480}.Ad-Hoc|x64.Build.0 = Debug|Any CPU
		{16CDE5D2-2DDE-4AF2-B902-AD9CC42DE480}.Ad-Hoc|x86.ActiveCfg = Debug|Any CPU
		{16CDE5D2-2DDE-4AF2-B902-AD9CC42DE480}.Ad-Hoc|x86.Build.0 = Debug|Any CPU
		{16CDE5D2-2DDE-4AF2-B902-AD9CC42DE480}.AppStore|Any CPU.ActiveCfg = Debug|Any CPU
		{16CDE5D2-2DDE-4AF2-B902-AD9CC42DE480}.AppStore|Any CPU.Build.0 = Debug|Any CPU
		{16CDE5D2-2DDE-4AF2-B902-AD9CC42DE480}.AppStore|ARM.ActiveCfg = Debug|Any CPU
		{16CDE5D2-2DDE-4AF2-B902-AD9CC42DE480}.AppStore|ARM.Build.0 = Debug|Any CPU
		{16CDE5D2-2DDE-4AF2-B902-AD9CC42DE480}.AppStore|iPhone.ActiveCfg = Debug|Any CPU
		{16CDE5D2-2DDE-4AF2-B902-AD9CC42DE480}.AppStore|iPhone.Build.0 = Debug|Any CPU
		{16CDE5D2-2DDE-4AF2-B902-AD9CC42DE480}.AppStore|iPhoneSimulator.ActiveCfg = Debug|Any CPU
		{16CDE5D2-2DDE-4AF2-B902-AD9CC42DE480}.AppStore|iPhoneSimulator.Build.0 = Debug|Any CPU
		{16CDE5D2-2DDE-4AF2-B902-AD9CC42DE480}.AppStore|x64.ActiveCfg = Debug|Any CPU
		{16CDE5D2-2DDE-4AF2-B902-AD9CC42DE480}.AppStore|x64.Build.0 = Debug|Any CPU
		{16CDE5D2-2DDE-4AF2-B902-AD9CC42DE480}.AppStore|x86.ActiveCfg = Debug|Any CPU
		{16CDE5D2-2DDE-4AF2-B902-AD9CC42DE480}.AppStore|x86.Build.0 = Debug|Any CPU
		{16CDE5D2-2DDE-4AF2-B902-AD9CC42DE480}.Debug|Any CPU.ActiveCfg = Debug|Any CPU
		{16CDE5D2-2DDE-4AF2-B902-AD9CC42DE480}.Debug|Any CPU.Build.0 = Debug|Any CPU
		{16CDE5D2-2DDE-4AF2-B902-AD9CC42DE480}.Debug|ARM.ActiveCfg = Debug|Any CPU
		{16CDE5D2-2DDE-4AF2-B902-AD9CC42DE480}.Debug|ARM.Build.0 = Debug|Any CPU
		{16CDE5D2-2DDE-4AF2-B902-AD9CC42DE480}.Debug|iPhone.ActiveCfg = Debug|Any CPU
		{16CDE5D2-2DDE-4AF2-B902-AD9CC42DE480}.Debug|iPhone.Build.0 = Debug|Any CPU
		{16CDE5D2-2DDE-4AF2-B902-AD9CC42DE480}.Debug|iPhoneSimulator.ActiveCfg = Debug|Any CPU
		{16CDE5D2-2DDE-4AF2-B902-AD9CC42DE480}.Debug|iPhoneSimulator.Build.0 = Debug|Any CPU
		{16CDE5D2-2DDE-4AF2-B902-AD9CC42DE480}.Debug|x64.ActiveCfg = Debug|Any CPU
		{16CDE5D2-2DDE-4AF2-B902-AD9CC42DE480}.Debug|x64.Build.0 = Debug|Any CPU
		{16CDE5D2-2DDE-4AF2-B902-AD9CC42DE480}.Debug|x86.ActiveCfg = Debug|Any CPU
		{16CDE5D2-2DDE-4AF2-B902-AD9CC42DE480}.Debug|x86.Build.0 = Debug|Any CPU
		{16CDE5D2-2DDE-4AF2-B902-AD9CC42DE480}.Release|Any CPU.ActiveCfg = Release|Any CPU
		{16CDE5D2-2DDE-4AF2-B902-AD9CC42DE480}.Release|Any CPU.Build.0 = Release|Any CPU
		{16CDE5D2-2DDE-4AF2-B902-AD9CC42DE480}.Release|ARM.ActiveCfg = Release|Any CPU
		{16CDE5D2-2DDE-4AF2-B902-AD9CC42DE480}.Release|ARM.Build.0 = Release|Any CPU
		{16CDE5D2-2DDE-4AF2-B902-AD9CC42DE480}.Release|iPhone.ActiveCfg = Release|Any CPU
		{16CDE5D2-2DDE-4AF2-B902-AD9CC42DE480}.Release|iPhone.Build.0 = Release|Any CPU
		{16CDE5D2-2DDE-4AF2-B902-AD9CC42DE480}.Release|iPhoneSimulator.ActiveCfg = Release|Any CPU
		{16CDE5D2-2DDE-4AF2-B902-AD9CC42DE480}.Release|iPhoneSimulator.Build.0 = Release|Any CPU
		{16CDE5D2-2DDE-4AF2-B902-AD9CC42DE480}.Release|x64.ActiveCfg = Release|Any CPU
		{16CDE5D2-2DDE-4AF2-B902-AD9CC42DE480}.Release|x64.Build.0 = Release|Any CPU
		{16CDE5D2-2DDE-4AF2-B902-AD9CC42DE480}.Release|x86.ActiveCfg = Release|Any CPU
		{16CDE5D2-2DDE-4AF2-B902-AD9CC42DE480}.Release|x86.Build.0 = Release|Any CPU
		{9F00E62F-E180-4A9C-8794-98A72AFAC2DB}.Ad-Hoc|Any CPU.ActiveCfg = Debug|Any CPU
		{9F00E62F-E180-4A9C-8794-98A72AFAC2DB}.Ad-Hoc|Any CPU.Build.0 = Debug|Any CPU
		{9F00E62F-E180-4A9C-8794-98A72AFAC2DB}.Ad-Hoc|ARM.ActiveCfg = Debug|Any CPU
		{9F00E62F-E180-4A9C-8794-98A72AFAC2DB}.Ad-Hoc|ARM.Build.0 = Debug|Any CPU
		{9F00E62F-E180-4A9C-8794-98A72AFAC2DB}.Ad-Hoc|iPhone.ActiveCfg = Debug|Any CPU
		{9F00E62F-E180-4A9C-8794-98A72AFAC2DB}.Ad-Hoc|iPhone.Build.0 = Debug|Any CPU
		{9F00E62F-E180-4A9C-8794-98A72AFAC2DB}.Ad-Hoc|iPhoneSimulator.ActiveCfg = Debug|Any CPU
		{9F00E62F-E180-4A9C-8794-98A72AFAC2DB}.Ad-Hoc|iPhoneSimulator.Build.0 = Debug|Any CPU
		{9F00E62F-E180-4A9C-8794-98A72AFAC2DB}.Ad-Hoc|x64.ActiveCfg = Debug|Any CPU
		{9F00E62F-E180-4A9C-8794-98A72AFAC2DB}.Ad-Hoc|x64.Build.0 = Debug|Any CPU
		{9F00E62F-E180-4A9C-8794-98A72AFAC2DB}.Ad-Hoc|x86.ActiveCfg = Debug|Any CPU
		{9F00E62F-E180-4A9C-8794-98A72AFAC2DB}.Ad-Hoc|x86.Build.0 = Debug|Any CPU
		{9F00E62F-E180-4A9C-8794-98A72AFAC2DB}.AppStore|Any CPU.ActiveCfg = Debug|Any CPU
		{9F00E62F-E180-4A9C-8794-98A72AFAC2DB}.AppStore|Any CPU.Build.0 = Debug|Any CPU
		{9F00E62F-E180-4A9C-8794-98A72AFAC2DB}.AppStore|ARM.ActiveCfg = Debug|Any CPU
		{9F00E62F-E180-4A9C-8794-98A72AFAC2DB}.AppStore|ARM.Build.0 = Debug|Any CPU
		{9F00E62F-E180-4A9C-8794-98A72AFAC2DB}.AppStore|iPhone.ActiveCfg = Debug|Any CPU
		{9F00E62F-E180-4A9C-8794-98A72AFAC2DB}.AppStore|iPhone.Build.0 = Debug|Any CPU
		{9F00E62F-E180-4A9C-8794-98A72AFAC2DB}.AppStore|iPhoneSimulator.ActiveCfg = Debug|Any CPU
		{9F00E62F-E180-4A9C-8794-98A72AFAC2DB}.AppStore|iPhoneSimulator.Build.0 = Debug|Any CPU
		{9F00E62F-E180-4A9C-8794-98A72AFAC2DB}.AppStore|x64.ActiveCfg = Debug|Any CPU
		{9F00E62F-E180-4A9C-8794-98A72AFAC2DB}.AppStore|x64.Build.0 = Debug|Any CPU
		{9F00E62F-E180-4A9C-8794-98A72AFAC2DB}.AppStore|x86.ActiveCfg = Debug|Any CPU
		{9F00E62F-E180-4A9C-8794-98A72AFAC2DB}.AppStore|x86.Build.0 = Debug|Any CPU
		{9F00E62F-E180-4A9C-8794-98A72AFAC2DB}.Debug|Any CPU.ActiveCfg = Debug|Any CPU
		{9F00E62F-E180-4A9C-8794-98A72AFAC2DB}.Debug|Any CPU.Build.0 = Debug|Any CPU
		{9F00E62F-E180-4A9C-8794-98A72AFAC2DB}.Debug|ARM.ActiveCfg = Debug|Any CPU
		{9F00E62F-E180-4A9C-8794-98A72AFAC2DB}.Debug|ARM.Build.0 = Debug|Any CPU
		{9F00E62F-E180-4A9C-8794-98A72AFAC2DB}.Debug|iPhone.ActiveCfg = Debug|Any CPU
		{9F00E62F-E180-4A9C-8794-98A72AFAC2DB}.Debug|iPhone.Build.0 = Debug|Any CPU
		{9F00E62F-E180-4A9C-8794-98A72AFAC2DB}.Debug|iPhoneSimulator.ActiveCfg = Debug|Any CPU
		{9F00E62F-E180-4A9C-8794-98A72AFAC2DB}.Debug|iPhoneSimulator.Build.0 = Debug|Any CPU
		{9F00E62F-E180-4A9C-8794-98A72AFAC2DB}.Debug|x64.ActiveCfg = Debug|Any CPU
		{9F00E62F-E180-4A9C-8794-98A72AFAC2DB}.Debug|x64.Build.0 = Debug|Any CPU
		{9F00E62F-E180-4A9C-8794-98A72AFAC2DB}.Debug|x86.ActiveCfg = Debug|Any CPU
		{9F00E62F-E180-4A9C-8794-98A72AFAC2DB}.Debug|x86.Build.0 = Debug|Any CPU
		{9F00E62F-E180-4A9C-8794-98A72AFAC2DB}.Release|Any CPU.ActiveCfg = Release|Any CPU
		{9F00E62F-E180-4A9C-8794-98A72AFAC2DB}.Release|Any CPU.Build.0 = Release|Any CPU
		{9F00E62F-E180-4A9C-8794-98A72AFAC2DB}.Release|ARM.ActiveCfg = Release|Any CPU
		{9F00E62F-E180-4A9C-8794-98A72AFAC2DB}.Release|ARM.Build.0 = Release|Any CPU
		{9F00E62F-E180-4A9C-8794-98A72AFAC2DB}.Release|iPhone.ActiveCfg = Release|Any CPU
		{9F00E62F-E180-4A9C-8794-98A72AFAC2DB}.Release|iPhone.Build.0 = Release|Any CPU
		{9F00E62F-E180-4A9C-8794-98A72AFAC2DB}.Release|iPhoneSimulator.ActiveCfg = Release|Any CPU
		{9F00E62F-E180-4A9C-8794-98A72AFAC2DB}.Release|iPhoneSimulator.Build.0 = Release|Any CPU
		{9F00E62F-E180-4A9C-8794-98A72AFAC2DB}.Release|x64.ActiveCfg = Release|Any CPU
		{9F00E62F-E180-4A9C-8794-98A72AFAC2DB}.Release|x64.Build.0 = Release|Any CPU
		{9F00E62F-E180-4A9C-8794-98A72AFAC2DB}.Release|x86.ActiveCfg = Release|Any CPU
		{9F00E62F-E180-4A9C-8794-98A72AFAC2DB}.Release|x86.Build.0 = Release|Any CPU
		{63417272-1E6A-406A-AD11-C738558D89C0}.Ad-Hoc|Any CPU.ActiveCfg = Debug|Any CPU
		{63417272-1E6A-406A-AD11-C738558D89C0}.Ad-Hoc|Any CPU.Build.0 = Debug|Any CPU
		{63417272-1E6A-406A-AD11-C738558D89C0}.Ad-Hoc|ARM.ActiveCfg = Debug|Any CPU
		{63417272-1E6A-406A-AD11-C738558D89C0}.Ad-Hoc|ARM.Build.0 = Debug|Any CPU
		{63417272-1E6A-406A-AD11-C738558D89C0}.Ad-Hoc|iPhone.ActiveCfg = Debug|Any CPU
		{63417272-1E6A-406A-AD11-C738558D89C0}.Ad-Hoc|iPhone.Build.0 = Debug|Any CPU
		{63417272-1E6A-406A-AD11-C738558D89C0}.Ad-Hoc|iPhoneSimulator.ActiveCfg = Debug|Any CPU
		{63417272-1E6A-406A-AD11-C738558D89C0}.Ad-Hoc|iPhoneSimulator.Build.0 = Debug|Any CPU
		{63417272-1E6A-406A-AD11-C738558D89C0}.Ad-Hoc|x64.ActiveCfg = Debug|Any CPU
		{63417272-1E6A-406A-AD11-C738558D89C0}.Ad-Hoc|x64.Build.0 = Debug|Any CPU
		{63417272-1E6A-406A-AD11-C738558D89C0}.Ad-Hoc|x86.ActiveCfg = Debug|Any CPU
		{63417272-1E6A-406A-AD11-C738558D89C0}.Ad-Hoc|x86.Build.0 = Debug|Any CPU
		{63417272-1E6A-406A-AD11-C738558D89C0}.AppStore|Any CPU.ActiveCfg = Debug|Any CPU
		{63417272-1E6A-406A-AD11-C738558D89C0}.AppStore|Any CPU.Build.0 = Debug|Any CPU
		{63417272-1E6A-406A-AD11-C738558D89C0}.AppStore|ARM.ActiveCfg = Debug|Any CPU
		{63417272-1E6A-406A-AD11-C738558D89C0}.AppStore|ARM.Build.0 = Debug|Any CPU
		{63417272-1E6A-406A-AD11-C738558D89C0}.AppStore|iPhone.ActiveCfg = Debug|Any CPU
		{63417272-1E6A-406A-AD11-C738558D89C0}.AppStore|iPhone.Build.0 = Debug|Any CPU
		{63417272-1E6A-406A-AD11-C738558D89C0}.AppStore|iPhoneSimulator.ActiveCfg = Debug|Any CPU
		{63417272-1E6A-406A-AD11-C738558D89C0}.AppStore|iPhoneSimulator.Build.0 = Debug|Any CPU
		{63417272-1E6A-406A-AD11-C738558D89C0}.AppStore|x64.ActiveCfg = Debug|Any CPU
		{63417272-1E6A-406A-AD11-C738558D89C0}.AppStore|x64.Build.0 = Debug|Any CPU
		{63417272-1E6A-406A-AD11-C738558D89C0}.AppStore|x86.ActiveCfg = Debug|Any CPU
		{63417272-1E6A-406A-AD11-C738558D89C0}.AppStore|x86.Build.0 = Debug|Any CPU
		{63417272-1E6A-406A-AD11-C738558D89C0}.Debug|Any CPU.ActiveCfg = Debug|Any CPU
		{63417272-1E6A-406A-AD11-C738558D89C0}.Debug|Any CPU.Build.0 = Debug|Any CPU
		{63417272-1E6A-406A-AD11-C738558D89C0}.Debug|ARM.ActiveCfg = Debug|Any CPU
		{63417272-1E6A-406A-AD11-C738558D89C0}.Debug|ARM.Build.0 = Debug|Any CPU
		{63417272-1E6A-406A-AD11-C738558D89C0}.Debug|iPhone.ActiveCfg = Debug|Any CPU
		{63417272-1E6A-406A-AD11-C738558D89C0}.Debug|iPhone.Build.0 = Debug|Any CPU
		{63417272-1E6A-406A-AD11-C738558D89C0}.Debug|iPhoneSimulator.ActiveCfg = Debug|Any CPU
		{63417272-1E6A-406A-AD11-C738558D89C0}.Debug|iPhoneSimulator.Build.0 = Debug|Any CPU
		{63417272-1E6A-406A-AD11-C738558D89C0}.Debug|x64.ActiveCfg = Debug|Any CPU
		{63417272-1E6A-406A-AD11-C738558D89C0}.Debug|x64.Build.0 = Debug|Any CPU
		{63417272-1E6A-406A-AD11-C738558D89C0}.Debug|x86.ActiveCfg = Debug|Any CPU
		{63417272-1E6A-406A-AD11-C738558D89C0}.Debug|x86.Build.0 = Debug|Any CPU
		{63417272-1E6A-406A-AD11-C738558D89C0}.Release|Any CPU.ActiveCfg = Release|Any CPU
		{63417272-1E6A-406A-AD11-C738558D89C0}.Release|Any CPU.Build.0 = Release|Any CPU
		{63417272-1E6A-406A-AD11-C738558D89C0}.Release|ARM.ActiveCfg = Release|Any CPU
		{63417272-1E6A-406A-AD11-C738558D89C0}.Release|ARM.Build.0 = Release|Any CPU
		{63417272-1E6A-406A-AD11-C738558D89C0}.Release|iPhone.ActiveCfg = Release|Any CPU
		{63417272-1E6A-406A-AD11-C738558D89C0}.Release|iPhone.Build.0 = Release|Any CPU
		{63417272-1E6A-406A-AD11-C738558D89C0}.Release|iPhoneSimulator.ActiveCfg = Release|Any CPU
		{63417272-1E6A-406A-AD11-C738558D89C0}.Release|iPhoneSimulator.Build.0 = Release|Any CPU
		{63417272-1E6A-406A-AD11-C738558D89C0}.Release|x64.ActiveCfg = Release|Any CPU
		{63417272-1E6A-406A-AD11-C738558D89C0}.Release|x64.Build.0 = Release|Any CPU
		{63417272-1E6A-406A-AD11-C738558D89C0}.Release|x86.ActiveCfg = Release|Any CPU
		{63417272-1E6A-406A-AD11-C738558D89C0}.Release|x86.Build.0 = Release|Any CPU
		{56E0E455-731E-41CB-AF46-C1A70F8A140B}.Ad-Hoc|Any CPU.ActiveCfg = Debug|Any CPU
		{56E0E455-731E-41CB-AF46-C1A70F8A140B}.Ad-Hoc|Any CPU.Build.0 = Debug|Any CPU
		{56E0E455-731E-41CB-AF46-C1A70F8A140B}.Ad-Hoc|ARM.ActiveCfg = Debug|Any CPU
		{56E0E455-731E-41CB-AF46-C1A70F8A140B}.Ad-Hoc|ARM.Build.0 = Debug|Any CPU
		{56E0E455-731E-41CB-AF46-C1A70F8A140B}.Ad-Hoc|iPhone.ActiveCfg = Debug|Any CPU
		{56E0E455-731E-41CB-AF46-C1A70F8A140B}.Ad-Hoc|iPhone.Build.0 = Debug|Any CPU
		{56E0E455-731E-41CB-AF46-C1A70F8A140B}.Ad-Hoc|iPhoneSimulator.ActiveCfg = Debug|Any CPU
		{56E0E455-731E-41CB-AF46-C1A70F8A140B}.Ad-Hoc|iPhoneSimulator.Build.0 = Debug|Any CPU
		{56E0E455-731E-41CB-AF46-C1A70F8A140B}.Ad-Hoc|x64.ActiveCfg = Debug|Any CPU
		{56E0E455-731E-41CB-AF46-C1A70F8A140B}.Ad-Hoc|x64.Build.0 = Debug|Any CPU
		{56E0E455-731E-41CB-AF46-C1A70F8A140B}.Ad-Hoc|x86.ActiveCfg = Debug|Any CPU
		{56E0E455-731E-41CB-AF46-C1A70F8A140B}.Ad-Hoc|x86.Build.0 = Debug|Any CPU
		{56E0E455-731E-41CB-AF46-C1A70F8A140B}.AppStore|Any CPU.ActiveCfg = Debug|Any CPU
		{56E0E455-731E-41CB-AF46-C1A70F8A140B}.AppStore|Any CPU.Build.0 = Debug|Any CPU
		{56E0E455-731E-41CB-AF46-C1A70F8A140B}.AppStore|ARM.ActiveCfg = Debug|Any CPU
		{56E0E455-731E-41CB-AF46-C1A70F8A140B}.AppStore|ARM.Build.0 = Debug|Any CPU
		{56E0E455-731E-41CB-AF46-C1A70F8A140B}.AppStore|iPhone.ActiveCfg = Debug|Any CPU
		{56E0E455-731E-41CB-AF46-C1A70F8A140B}.AppStore|iPhone.Build.0 = Debug|Any CPU
		{56E0E455-731E-41CB-AF46-C1A70F8A140B}.AppStore|iPhoneSimulator.ActiveCfg = Debug|Any CPU
		{56E0E455-731E-41CB-AF46-C1A70F8A140B}.AppStore|iPhoneSimulator.Build.0 = Debug|Any CPU
		{56E0E455-731E-41CB-AF46-C1A70F8A140B}.AppStore|x64.ActiveCfg = Debug|Any CPU
		{56E0E455-731E-41CB-AF46-C1A70F8A140B}.AppStore|x64.Build.0 = Debug|Any CPU
		{56E0E455-731E-41CB-AF46-C1A70F8A140B}.AppStore|x86.ActiveCfg = Debug|Any CPU
		{56E0E455-731E-41CB-AF46-C1A70F8A140B}.AppStore|x86.Build.0 = Debug|Any CPU
		{56E0E455-731E-41CB-AF46-C1A70F8A140B}.Debug|Any CPU.ActiveCfg = Debug|Any CPU
		{56E0E455-731E-41CB-AF46-C1A70F8A140B}.Debug|Any CPU.Build.0 = Debug|Any CPU
		{56E0E455-731E-41CB-AF46-C1A70F8A140B}.Debug|ARM.ActiveCfg = Debug|Any CPU
		{56E0E455-731E-41CB-AF46-C1A70F8A140B}.Debug|ARM.Build.0 = Debug|Any CPU
		{56E0E455-731E-41CB-AF46-C1A70F8A140B}.Debug|iPhone.ActiveCfg = Debug|Any CPU
		{56E0E455-731E-41CB-AF46-C1A70F8A140B}.Debug|iPhone.Build.0 = Debug|Any CPU
		{56E0E455-731E-41CB-AF46-C1A70F8A140B}.Debug|iPhoneSimulator.ActiveCfg = Debug|Any CPU
		{56E0E455-731E-41CB-AF46-C1A70F8A140B}.Debug|iPhoneSimulator.Build.0 = Debug|Any CPU
		{56E0E455-731E-41CB-AF46-C1A70F8A140B}.Debug|x64.ActiveCfg = Debug|Any CPU
		{56E0E455-731E-41CB-AF46-C1A70F8A140B}.Debug|x64.Build.0 = Debug|Any CPU
		{56E0E455-731E-41CB-AF46-C1A70F8A140B}.Debug|x86.ActiveCfg = Debug|Any CPU
		{56E0E455-731E-41CB-AF46-C1A70F8A140B}.Debug|x86.Build.0 = Debug|Any CPU
		{56E0E455-731E-41CB-AF46-C1A70F8A140B}.Release|Any CPU.ActiveCfg = Release|Any CPU
		{56E0E455-731E-41CB-AF46-C1A70F8A140B}.Release|Any CPU.Build.0 = Release|Any CPU
		{56E0E455-731E-41CB-AF46-C1A70F8A140B}.Release|ARM.ActiveCfg = Release|Any CPU
		{56E0E455-731E-41CB-AF46-C1A70F8A140B}.Release|ARM.Build.0 = Release|Any CPU
		{56E0E455-731E-41CB-AF46-C1A70F8A140B}.Release|iPhone.ActiveCfg = Release|Any CPU
		{56E0E455-731E-41CB-AF46-C1A70F8A140B}.Release|iPhone.Build.0 = Release|Any CPU
		{56E0E455-731E-41CB-AF46-C1A70F8A140B}.Release|iPhoneSimulator.ActiveCfg = Release|Any CPU
		{56E0E455-731E-41CB-AF46-C1A70F8A140B}.Release|iPhoneSimulator.Build.0 = Release|Any CPU
		{56E0E455-731E-41CB-AF46-C1A70F8A140B}.Release|x64.ActiveCfg = Release|Any CPU
		{56E0E455-731E-41CB-AF46-C1A70F8A140B}.Release|x64.Build.0 = Release|Any CPU
		{56E0E455-731E-41CB-AF46-C1A70F8A140B}.Release|x86.ActiveCfg = Release|Any CPU
		{56E0E455-731E-41CB-AF46-C1A70F8A140B}.Release|x86.Build.0 = Release|Any CPU
		{1EB6680D-4AC8-47EF-A026-E4EEEE93CAD5}.Ad-Hoc|Any CPU.ActiveCfg = Debug|Any CPU
		{1EB6680D-4AC8-47EF-A026-E4EEEE93CAD5}.Ad-Hoc|Any CPU.Build.0 = Debug|Any CPU
		{1EB6680D-4AC8-47EF-A026-E4EEEE93CAD5}.Ad-Hoc|ARM.ActiveCfg = Debug|Any CPU
		{1EB6680D-4AC8-47EF-A026-E4EEEE93CAD5}.Ad-Hoc|ARM.Build.0 = Debug|Any CPU
		{1EB6680D-4AC8-47EF-A026-E4EEEE93CAD5}.Ad-Hoc|iPhone.ActiveCfg = Debug|Any CPU
		{1EB6680D-4AC8-47EF-A026-E4EEEE93CAD5}.Ad-Hoc|iPhone.Build.0 = Debug|Any CPU
		{1EB6680D-4AC8-47EF-A026-E4EEEE93CAD5}.Ad-Hoc|iPhoneSimulator.ActiveCfg = Debug|Any CPU
		{1EB6680D-4AC8-47EF-A026-E4EEEE93CAD5}.Ad-Hoc|iPhoneSimulator.Build.0 = Debug|Any CPU
		{1EB6680D-4AC8-47EF-A026-E4EEEE93CAD5}.Ad-Hoc|x64.ActiveCfg = Debug|Any CPU
		{1EB6680D-4AC8-47EF-A026-E4EEEE93CAD5}.Ad-Hoc|x64.Build.0 = Debug|Any CPU
		{1EB6680D-4AC8-47EF-A026-E4EEEE93CAD5}.Ad-Hoc|x86.ActiveCfg = Debug|Any CPU
		{1EB6680D-4AC8-47EF-A026-E4EEEE93CAD5}.Ad-Hoc|x86.Build.0 = Debug|Any CPU
		{1EB6680D-4AC8-47EF-A026-E4EEEE93CAD5}.AppStore|Any CPU.ActiveCfg = Debug|Any CPU
		{1EB6680D-4AC8-47EF-A026-E4EEEE93CAD5}.AppStore|Any CPU.Build.0 = Debug|Any CPU
		{1EB6680D-4AC8-47EF-A026-E4EEEE93CAD5}.AppStore|ARM.ActiveCfg = Debug|Any CPU
		{1EB6680D-4AC8-47EF-A026-E4EEEE93CAD5}.AppStore|ARM.Build.0 = Debug|Any CPU
		{1EB6680D-4AC8-47EF-A026-E4EEEE93CAD5}.AppStore|iPhone.ActiveCfg = Debug|Any CPU
		{1EB6680D-4AC8-47EF-A026-E4EEEE93CAD5}.AppStore|iPhone.Build.0 = Debug|Any CPU
		{1EB6680D-4AC8-47EF-A026-E4EEEE93CAD5}.AppStore|iPhoneSimulator.ActiveCfg = Debug|Any CPU
		{1EB6680D-4AC8-47EF-A026-E4EEEE93CAD5}.AppStore|iPhoneSimulator.Build.0 = Debug|Any CPU
		{1EB6680D-4AC8-47EF-A026-E4EEEE93CAD5}.AppStore|x64.ActiveCfg = Debug|Any CPU
		{1EB6680D-4AC8-47EF-A026-E4EEEE93CAD5}.AppStore|x64.Build.0 = Debug|Any CPU
		{1EB6680D-4AC8-47EF-A026-E4EEEE93CAD5}.AppStore|x86.ActiveCfg = Debug|Any CPU
		{1EB6680D-4AC8-47EF-A026-E4EEEE93CAD5}.AppStore|x86.Build.0 = Debug|Any CPU
		{1EB6680D-4AC8-47EF-A026-E4EEEE93CAD5}.Debug|Any CPU.ActiveCfg = Debug|Any CPU
		{1EB6680D-4AC8-47EF-A026-E4EEEE93CAD5}.Debug|Any CPU.Build.0 = Debug|Any CPU
		{1EB6680D-4AC8-47EF-A026-E4EEEE93CAD5}.Debug|ARM.ActiveCfg = Debug|Any CPU
		{1EB6680D-4AC8-47EF-A026-E4EEEE93CAD5}.Debug|ARM.Build.0 = Debug|Any CPU
		{1EB6680D-4AC8-47EF-A026-E4EEEE93CAD5}.Debug|iPhone.ActiveCfg = Debug|Any CPU
		{1EB6680D-4AC8-47EF-A026-E4EEEE93CAD5}.Debug|iPhone.Build.0 = Debug|Any CPU
		{1EB6680D-4AC8-47EF-A026-E4EEEE93CAD5}.Debug|iPhoneSimulator.ActiveCfg = Debug|Any CPU
		{1EB6680D-4AC8-47EF-A026-E4EEEE93CAD5}.Debug|iPhoneSimulator.Build.0 = Debug|Any CPU
		{1EB6680D-4AC8-47EF-A026-E4EEEE93CAD5}.Debug|x64.ActiveCfg = Debug|Any CPU
		{1EB6680D-4AC8-47EF-A026-E4EEEE93CAD5}.Debug|x64.Build.0 = Debug|Any CPU
		{1EB6680D-4AC8-47EF-A026-E4EEEE93CAD5}.Debug|x86.ActiveCfg = Debug|Any CPU
		{1EB6680D-4AC8-47EF-A026-E4EEEE93CAD5}.Debug|x86.Build.0 = Debug|Any CPU
		{1EB6680D-4AC8-47EF-A026-E4EEEE93CAD5}.Release|Any CPU.ActiveCfg = Release|Any CPU
		{1EB6680D-4AC8-47EF-A026-E4EEEE93CAD5}.Release|Any CPU.Build.0 = Release|Any CPU
		{1EB6680D-4AC8-47EF-A026-E4EEEE93CAD5}.Release|ARM.ActiveCfg = Release|Any CPU
		{1EB6680D-4AC8-47EF-A026-E4EEEE93CAD5}.Release|ARM.Build.0 = Release|Any CPU
		{1EB6680D-4AC8-47EF-A026-E4EEEE93CAD5}.Release|iPhone.ActiveCfg = Release|Any CPU
		{1EB6680D-4AC8-47EF-A026-E4EEEE93CAD5}.Release|iPhone.Build.0 = Release|Any CPU
		{1EB6680D-4AC8-47EF-A026-E4EEEE93CAD5}.Release|iPhoneSimulator.ActiveCfg = Release|Any CPU
		{1EB6680D-4AC8-47EF-A026-E4EEEE93CAD5}.Release|iPhoneSimulator.Build.0 = Release|Any CPU
		{1EB6680D-4AC8-47EF-A026-E4EEEE93CAD5}.Release|x64.ActiveCfg = Release|Any CPU
		{1EB6680D-4AC8-47EF-A026-E4EEEE93CAD5}.Release|x64.Build.0 = Release|Any CPU
		{1EB6680D-4AC8-47EF-A026-E4EEEE93CAD5}.Release|x86.ActiveCfg = Release|Any CPU
		{1EB6680D-4AC8-47EF-A026-E4EEEE93CAD5}.Release|x86.Build.0 = Release|Any CPU
		{5A155B15-D8E7-47FE-8D17-8E641726158C}.Ad-Hoc|Any CPU.ActiveCfg = Debug|Any CPU
		{5A155B15-D8E7-47FE-8D17-8E641726158C}.Ad-Hoc|Any CPU.Build.0 = Debug|Any CPU
		{5A155B15-D8E7-47FE-8D17-8E641726158C}.Ad-Hoc|ARM.ActiveCfg = Debug|Any CPU
		{5A155B15-D8E7-47FE-8D17-8E641726158C}.Ad-Hoc|ARM.Build.0 = Debug|Any CPU
		{5A155B15-D8E7-47FE-8D17-8E641726158C}.Ad-Hoc|iPhone.ActiveCfg = Debug|Any CPU
		{5A155B15-D8E7-47FE-8D17-8E641726158C}.Ad-Hoc|iPhone.Build.0 = Debug|Any CPU
		{5A155B15-D8E7-47FE-8D17-8E641726158C}.Ad-Hoc|iPhoneSimulator.ActiveCfg = Debug|Any CPU
		{5A155B15-D8E7-47FE-8D17-8E641726158C}.Ad-Hoc|iPhoneSimulator.Build.0 = Debug|Any CPU
		{5A155B15-D8E7-47FE-8D17-8E641726158C}.Ad-Hoc|x64.ActiveCfg = Debug|Any CPU
		{5A155B15-D8E7-47FE-8D17-8E641726158C}.Ad-Hoc|x64.Build.0 = Debug|Any CPU
		{5A155B15-D8E7-47FE-8D17-8E641726158C}.Ad-Hoc|x86.ActiveCfg = Debug|Any CPU
		{5A155B15-D8E7-47FE-8D17-8E641726158C}.Ad-Hoc|x86.Build.0 = Debug|Any CPU
		{5A155B15-D8E7-47FE-8D17-8E641726158C}.AppStore|Any CPU.ActiveCfg = Debug|Any CPU
		{5A155B15-D8E7-47FE-8D17-8E641726158C}.AppStore|Any CPU.Build.0 = Debug|Any CPU
		{5A155B15-D8E7-47FE-8D17-8E641726158C}.AppStore|ARM.ActiveCfg = Debug|Any CPU
		{5A155B15-D8E7-47FE-8D17-8E641726158C}.AppStore|ARM.Build.0 = Debug|Any CPU
		{5A155B15-D8E7-47FE-8D17-8E641726158C}.AppStore|iPhone.ActiveCfg = Debug|Any CPU
		{5A155B15-D8E7-47FE-8D17-8E641726158C}.AppStore|iPhone.Build.0 = Debug|Any CPU
		{5A155B15-D8E7-47FE-8D17-8E641726158C}.AppStore|iPhoneSimulator.ActiveCfg = Debug|Any CPU
		{5A155B15-D8E7-47FE-8D17-8E641726158C}.AppStore|iPhoneSimulator.Build.0 = Debug|Any CPU
		{5A155B15-D8E7-47FE-8D17-8E641726158C}.AppStore|x64.ActiveCfg = Debug|Any CPU
		{5A155B15-D8E7-47FE-8D17-8E641726158C}.AppStore|x64.Build.0 = Debug|Any CPU
		{5A155B15-D8E7-47FE-8D17-8E641726158C}.AppStore|x86.ActiveCfg = Debug|Any CPU
		{5A155B15-D8E7-47FE-8D17-8E641726158C}.AppStore|x86.Build.0 = Debug|Any CPU
		{5A155B15-D8E7-47FE-8D17-8E641726158C}.Debug|Any CPU.ActiveCfg = Debug|Any CPU
		{5A155B15-D8E7-47FE-8D17-8E641726158C}.Debug|Any CPU.Build.0 = Debug|Any CPU
		{5A155B15-D8E7-47FE-8D17-8E641726158C}.Debug|ARM.ActiveCfg = Debug|Any CPU
		{5A155B15-D8E7-47FE-8D17-8E641726158C}.Debug|ARM.Build.0 = Debug|Any CPU
		{5A155B15-D8E7-47FE-8D17-8E641726158C}.Debug|iPhone.ActiveCfg = Debug|Any CPU
		{5A155B15-D8E7-47FE-8D17-8E641726158C}.Debug|iPhone.Build.0 = Debug|Any CPU
		{5A155B15-D8E7-47FE-8D17-8E641726158C}.Debug|iPhoneSimulator.ActiveCfg = Debug|Any CPU
		{5A155B15-D8E7-47FE-8D17-8E641726158C}.Debug|iPhoneSimulator.Build.0 = Debug|Any CPU
		{5A155B15-D8E7-47FE-8D17-8E641726158C}.Debug|x64.ActiveCfg = Debug|Any CPU
		{5A155B15-D8E7-47FE-8D17-8E641726158C}.Debug|x64.Build.0 = Debug|Any CPU
		{5A155B15-D8E7-47FE-8D17-8E641726158C}.Debug|x86.ActiveCfg = Debug|Any CPU
		{5A155B15-D8E7-47FE-8D17-8E641726158C}.Debug|x86.Build.0 = Debug|Any CPU
		{5A155B15-D8E7-47FE-8D17-8E641726158C}.Release|Any CPU.ActiveCfg = Release|Any CPU
		{5A155B15-D8E7-47FE-8D17-8E641726158C}.Release|Any CPU.Build.0 = Release|Any CPU
		{5A155B15-D8E7-47FE-8D17-8E641726158C}.Release|ARM.ActiveCfg = Release|Any CPU
		{5A155B15-D8E7-47FE-8D17-8E641726158C}.Release|ARM.Build.0 = Release|Any CPU
		{5A155B15-D8E7-47FE-8D17-8E641726158C}.Release|iPhone.ActiveCfg = Release|Any CPU
		{5A155B15-D8E7-47FE-8D17-8E641726158C}.Release|iPhone.Build.0 = Release|Any CPU
		{5A155B15-D8E7-47FE-8D17-8E641726158C}.Release|iPhoneSimulator.ActiveCfg = Release|Any CPU
		{5A155B15-D8E7-47FE-8D17-8E641726158C}.Release|iPhoneSimulator.Build.0 = Release|Any CPU
		{5A155B15-D8E7-47FE-8D17-8E641726158C}.Release|x64.ActiveCfg = Release|Any CPU
		{5A155B15-D8E7-47FE-8D17-8E641726158C}.Release|x64.Build.0 = Release|Any CPU
		{5A155B15-D8E7-47FE-8D17-8E641726158C}.Release|x86.ActiveCfg = Release|Any CPU
		{5A155B15-D8E7-47FE-8D17-8E641726158C}.Release|x86.Build.0 = Release|Any CPU
		{0A9643F2-FF99-4DA0-BC2B-D62D5D3C317A}.Ad-Hoc|Any CPU.ActiveCfg = Debug|Any CPU
		{0A9643F2-FF99-4DA0-BC2B-D62D5D3C317A}.Ad-Hoc|Any CPU.Build.0 = Debug|Any CPU
		{0A9643F2-FF99-4DA0-BC2B-D62D5D3C317A}.Ad-Hoc|ARM.ActiveCfg = Debug|Any CPU
		{0A9643F2-FF99-4DA0-BC2B-D62D5D3C317A}.Ad-Hoc|ARM.Build.0 = Debug|Any CPU
		{0A9643F2-FF99-4DA0-BC2B-D62D5D3C317A}.Ad-Hoc|iPhone.ActiveCfg = Debug|Any CPU
		{0A9643F2-FF99-4DA0-BC2B-D62D5D3C317A}.Ad-Hoc|iPhone.Build.0 = Debug|Any CPU
		{0A9643F2-FF99-4DA0-BC2B-D62D5D3C317A}.Ad-Hoc|iPhoneSimulator.ActiveCfg = Debug|Any CPU
		{0A9643F2-FF99-4DA0-BC2B-D62D5D3C317A}.Ad-Hoc|iPhoneSimulator.Build.0 = Debug|Any CPU
		{0A9643F2-FF99-4DA0-BC2B-D62D5D3C317A}.Ad-Hoc|x64.ActiveCfg = Debug|Any CPU
		{0A9643F2-FF99-4DA0-BC2B-D62D5D3C317A}.Ad-Hoc|x64.Build.0 = Debug|Any CPU
		{0A9643F2-FF99-4DA0-BC2B-D62D5D3C317A}.Ad-Hoc|x86.ActiveCfg = Debug|Any CPU
		{0A9643F2-FF99-4DA0-BC2B-D62D5D3C317A}.Ad-Hoc|x86.Build.0 = Debug|Any CPU
		{0A9643F2-FF99-4DA0-BC2B-D62D5D3C317A}.AppStore|Any CPU.ActiveCfg = Debug|Any CPU
		{0A9643F2-FF99-4DA0-BC2B-D62D5D3C317A}.AppStore|Any CPU.Build.0 = Debug|Any CPU
		{0A9643F2-FF99-4DA0-BC2B-D62D5D3C317A}.AppStore|ARM.ActiveCfg = Debug|Any CPU
		{0A9643F2-FF99-4DA0-BC2B-D62D5D3C317A}.AppStore|ARM.Build.0 = Debug|Any CPU
		{0A9643F2-FF99-4DA0-BC2B-D62D5D3C317A}.AppStore|iPhone.ActiveCfg = Debug|Any CPU
		{0A9643F2-FF99-4DA0-BC2B-D62D5D3C317A}.AppStore|iPhone.Build.0 = Debug|Any CPU
		{0A9643F2-FF99-4DA0-BC2B-D62D5D3C317A}.AppStore|iPhoneSimulator.ActiveCfg = Debug|Any CPU
		{0A9643F2-FF99-4DA0-BC2B-D62D5D3C317A}.AppStore|iPhoneSimulator.Build.0 = Debug|Any CPU
		{0A9643F2-FF99-4DA0-BC2B-D62D5D3C317A}.AppStore|x64.ActiveCfg = Debug|Any CPU
		{0A9643F2-FF99-4DA0-BC2B-D62D5D3C317A}.AppStore|x64.Build.0 = Debug|Any CPU
		{0A9643F2-FF99-4DA0-BC2B-D62D5D3C317A}.AppStore|x86.ActiveCfg = Debug|Any CPU
		{0A9643F2-FF99-4DA0-BC2B-D62D5D3C317A}.AppStore|x86.Build.0 = Debug|Any CPU
		{0A9643F2-FF99-4DA0-BC2B-D62D5D3C317A}.Debug|Any CPU.ActiveCfg = Debug|Any CPU
		{0A9643F2-FF99-4DA0-BC2B-D62D5D3C317A}.Debug|Any CPU.Build.0 = Debug|Any CPU
		{0A9643F2-FF99-4DA0-BC2B-D62D5D3C317A}.Debug|ARM.ActiveCfg = Debug|Any CPU
		{0A9643F2-FF99-4DA0-BC2B-D62D5D3C317A}.Debug|ARM.Build.0 = Debug|Any CPU
		{0A9643F2-FF99-4DA0-BC2B-D62D5D3C317A}.Debug|iPhone.ActiveCfg = Debug|Any CPU
		{0A9643F2-FF99-4DA0-BC2B-D62D5D3C317A}.Debug|iPhone.Build.0 = Debug|Any CPU
		{0A9643F2-FF99-4DA0-BC2B-D62D5D3C317A}.Debug|iPhoneSimulator.ActiveCfg = Debug|Any CPU
		{0A9643F2-FF99-4DA0-BC2B-D62D5D3C317A}.Debug|iPhoneSimulator.Build.0 = Debug|Any CPU
		{0A9643F2-FF99-4DA0-BC2B-D62D5D3C317A}.Debug|x64.ActiveCfg = Debug|Any CPU
		{0A9643F2-FF99-4DA0-BC2B-D62D5D3C317A}.Debug|x64.Build.0 = Debug|Any CPU
		{0A9643F2-FF99-4DA0-BC2B-D62D5D3C317A}.Debug|x86.ActiveCfg = Debug|Any CPU
		{0A9643F2-FF99-4DA0-BC2B-D62D5D3C317A}.Debug|x86.Build.0 = Debug|Any CPU
		{0A9643F2-FF99-4DA0-BC2B-D62D5D3C317A}.Release|Any CPU.ActiveCfg = Release|Any CPU
		{0A9643F2-FF99-4DA0-BC2B-D62D5D3C317A}.Release|Any CPU.Build.0 = Release|Any CPU
		{0A9643F2-FF99-4DA0-BC2B-D62D5D3C317A}.Release|ARM.ActiveCfg = Release|Any CPU
		{0A9643F2-FF99-4DA0-BC2B-D62D5D3C317A}.Release|ARM.Build.0 = Release|Any CPU
		{0A9643F2-FF99-4DA0-BC2B-D62D5D3C317A}.Release|iPhone.ActiveCfg = Release|Any CPU
		{0A9643F2-FF99-4DA0-BC2B-D62D5D3C317A}.Release|iPhone.Build.0 = Release|Any CPU
		{0A9643F2-FF99-4DA0-BC2B-D62D5D3C317A}.Release|iPhoneSimulator.ActiveCfg = Release|Any CPU
		{0A9643F2-FF99-4DA0-BC2B-D62D5D3C317A}.Release|iPhoneSimulator.Build.0 = Release|Any CPU
		{0A9643F2-FF99-4DA0-BC2B-D62D5D3C317A}.Release|x64.ActiveCfg = Release|Any CPU
		{0A9643F2-FF99-4DA0-BC2B-D62D5D3C317A}.Release|x64.Build.0 = Release|Any CPU
		{0A9643F2-FF99-4DA0-BC2B-D62D5D3C317A}.Release|x86.ActiveCfg = Release|Any CPU
		{0A9643F2-FF99-4DA0-BC2B-D62D5D3C317A}.Release|x86.Build.0 = Release|Any CPU
		{969E793C-C413-490E-9C9D-B2B46DA5AF32}.Ad-Hoc|Any CPU.ActiveCfg = Release|Any CPU
		{969E793C-C413-490E-9C9D-B2B46DA5AF32}.Ad-Hoc|Any CPU.Build.0 = Release|Any CPU
		{969E793C-C413-490E-9C9D-B2B46DA5AF32}.Ad-Hoc|ARM.ActiveCfg = Release|Any CPU
		{969E793C-C413-490E-9C9D-B2B46DA5AF32}.Ad-Hoc|ARM.Build.0 = Release|Any CPU
		{969E793C-C413-490E-9C9D-B2B46DA5AF32}.Ad-Hoc|iPhone.ActiveCfg = Release|Any CPU
		{969E793C-C413-490E-9C9D-B2B46DA5AF32}.Ad-Hoc|iPhone.Build.0 = Release|Any CPU
		{969E793C-C413-490E-9C9D-B2B46DA5AF32}.Ad-Hoc|iPhoneSimulator.ActiveCfg = Release|Any CPU
		{969E793C-C413-490E-9C9D-B2B46DA5AF32}.Ad-Hoc|iPhoneSimulator.Build.0 = Release|Any CPU
		{969E793C-C413-490E-9C9D-B2B46DA5AF32}.Ad-Hoc|x64.ActiveCfg = Release|Any CPU
		{969E793C-C413-490E-9C9D-B2B46DA5AF32}.Ad-Hoc|x64.Build.0 = Release|Any CPU
		{969E793C-C413-490E-9C9D-B2B46DA5AF32}.Ad-Hoc|x86.ActiveCfg = Release|Any CPU
		{969E793C-C413-490E-9C9D-B2B46DA5AF32}.Ad-Hoc|x86.Build.0 = Release|Any CPU
		{969E793C-C413-490E-9C9D-B2B46DA5AF32}.AppStore|Any CPU.ActiveCfg = Release|Any CPU
		{969E793C-C413-490E-9C9D-B2B46DA5AF32}.AppStore|Any CPU.Build.0 = Release|Any CPU
		{969E793C-C413-490E-9C9D-B2B46DA5AF32}.AppStore|ARM.ActiveCfg = Release|Any CPU
		{969E793C-C413-490E-9C9D-B2B46DA5AF32}.AppStore|ARM.Build.0 = Release|Any CPU
		{969E793C-C413-490E-9C9D-B2B46DA5AF32}.AppStore|iPhone.ActiveCfg = Release|Any CPU
		{969E793C-C413-490E-9C9D-B2B46DA5AF32}.AppStore|iPhone.Build.0 = Release|Any CPU
		{969E793C-C413-490E-9C9D-B2B46DA5AF32}.AppStore|iPhoneSimulator.ActiveCfg = Release|Any CPU
		{969E793C-C413-490E-9C9D-B2B46DA5AF32}.AppStore|iPhoneSimulator.Build.0 = Release|Any CPU
		{969E793C-C413-490E-9C9D-B2B46DA5AF32}.AppStore|x64.ActiveCfg = Release|Any CPU
		{969E793C-C413-490E-9C9D-B2B46DA5AF32}.AppStore|x64.Build.0 = Release|Any CPU
		{969E793C-C413-490E-9C9D-B2B46DA5AF32}.AppStore|x86.ActiveCfg = Release|Any CPU
		{969E793C-C413-490E-9C9D-B2B46DA5AF32}.AppStore|x86.Build.0 = Release|Any CPU
		{969E793C-C413-490E-9C9D-B2B46DA5AF32}.Debug|Any CPU.ActiveCfg = Debug|Any CPU
		{969E793C-C413-490E-9C9D-B2B46DA5AF32}.Debug|Any CPU.Build.0 = Debug|Any CPU
		{969E793C-C413-490E-9C9D-B2B46DA5AF32}.Debug|ARM.ActiveCfg = Debug|Any CPU
		{969E793C-C413-490E-9C9D-B2B46DA5AF32}.Debug|ARM.Build.0 = Debug|Any CPU
		{969E793C-C413-490E-9C9D-B2B46DA5AF32}.Debug|iPhone.ActiveCfg = Debug|Any CPU
		{969E793C-C413-490E-9C9D-B2B46DA5AF32}.Debug|iPhone.Build.0 = Debug|Any CPU
		{969E793C-C413-490E-9C9D-B2B46DA5AF32}.Debug|iPhoneSimulator.ActiveCfg = Debug|Any CPU
		{969E793C-C413-490E-9C9D-B2B46DA5AF32}.Debug|iPhoneSimulator.Build.0 = Debug|Any CPU
		{969E793C-C413-490E-9C9D-B2B46DA5AF32}.Debug|x64.ActiveCfg = Debug|Any CPU
		{969E793C-C413-490E-9C9D-B2B46DA5AF32}.Debug|x64.Build.0 = Debug|Any CPU
		{969E793C-C413-490E-9C9D-B2B46DA5AF32}.Debug|x86.ActiveCfg = Debug|Any CPU
		{969E793C-C413-490E-9C9D-B2B46DA5AF32}.Debug|x86.Build.0 = Debug|Any CPU
		{969E793C-C413-490E-9C9D-B2B46DA5AF32}.Release|Any CPU.ActiveCfg = Release|Any CPU
		{969E793C-C413-490E-9C9D-B2B46DA5AF32}.Release|Any CPU.Build.0 = Release|Any CPU
		{969E793C-C413-490E-9C9D-B2B46DA5AF32}.Release|ARM.ActiveCfg = Release|Any CPU
		{969E793C-C413-490E-9C9D-B2B46DA5AF32}.Release|ARM.Build.0 = Release|Any CPU
		{969E793C-C413-490E-9C9D-B2B46DA5AF32}.Release|iPhone.ActiveCfg = Release|Any CPU
		{969E793C-C413-490E-9C9D-B2B46DA5AF32}.Release|iPhone.Build.0 = Release|Any CPU
		{969E793C-C413-490E-9C9D-B2B46DA5AF32}.Release|iPhoneSimulator.ActiveCfg = Release|Any CPU
		{969E793C-C413-490E-9C9D-B2B46DA5AF32}.Release|iPhoneSimulator.Build.0 = Release|Any CPU
		{969E793C-C413-490E-9C9D-B2B46DA5AF32}.Release|x64.ActiveCfg = Release|Any CPU
		{969E793C-C413-490E-9C9D-B2B46DA5AF32}.Release|x64.Build.0 = Release|Any CPU
		{969E793C-C413-490E-9C9D-B2B46DA5AF32}.Release|x86.ActiveCfg = Release|Any CPU
		{969E793C-C413-490E-9C9D-B2B46DA5AF32}.Release|x86.Build.0 = Release|Any CPU
		{3572B4E2-4399-4797-B5C2-3720D870E0C3}.Ad-Hoc|Any CPU.ActiveCfg = Debug|Any CPU
		{3572B4E2-4399-4797-B5C2-3720D870E0C3}.Ad-Hoc|Any CPU.Build.0 = Debug|Any CPU
		{3572B4E2-4399-4797-B5C2-3720D870E0C3}.Ad-Hoc|ARM.ActiveCfg = Debug|Any CPU
		{3572B4E2-4399-4797-B5C2-3720D870E0C3}.Ad-Hoc|ARM.Build.0 = Debug|Any CPU
		{3572B4E2-4399-4797-B5C2-3720D870E0C3}.Ad-Hoc|iPhone.ActiveCfg = Debug|Any CPU
		{3572B4E2-4399-4797-B5C2-3720D870E0C3}.Ad-Hoc|iPhone.Build.0 = Debug|Any CPU
		{3572B4E2-4399-4797-B5C2-3720D870E0C3}.Ad-Hoc|iPhoneSimulator.ActiveCfg = Debug|Any CPU
		{3572B4E2-4399-4797-B5C2-3720D870E0C3}.Ad-Hoc|iPhoneSimulator.Build.0 = Debug|Any CPU
		{3572B4E2-4399-4797-B5C2-3720D870E0C3}.Ad-Hoc|x64.ActiveCfg = Debug|Any CPU
		{3572B4E2-4399-4797-B5C2-3720D870E0C3}.Ad-Hoc|x64.Build.0 = Debug|Any CPU
		{3572B4E2-4399-4797-B5C2-3720D870E0C3}.Ad-Hoc|x86.ActiveCfg = Debug|Any CPU
		{3572B4E2-4399-4797-B5C2-3720D870E0C3}.Ad-Hoc|x86.Build.0 = Debug|Any CPU
		{3572B4E2-4399-4797-B5C2-3720D870E0C3}.AppStore|Any CPU.ActiveCfg = Debug|Any CPU
		{3572B4E2-4399-4797-B5C2-3720D870E0C3}.AppStore|Any CPU.Build.0 = Debug|Any CPU
		{3572B4E2-4399-4797-B5C2-3720D870E0C3}.AppStore|ARM.ActiveCfg = Debug|Any CPU
		{3572B4E2-4399-4797-B5C2-3720D870E0C3}.AppStore|ARM.Build.0 = Debug|Any CPU
		{3572B4E2-4399-4797-B5C2-3720D870E0C3}.AppStore|iPhone.ActiveCfg = Debug|Any CPU
		{3572B4E2-4399-4797-B5C2-3720D870E0C3}.AppStore|iPhone.Build.0 = Debug|Any CPU
		{3572B4E2-4399-4797-B5C2-3720D870E0C3}.AppStore|iPhoneSimulator.ActiveCfg = Debug|Any CPU
		{3572B4E2-4399-4797-B5C2-3720D870E0C3}.AppStore|iPhoneSimulator.Build.0 = Debug|Any CPU
		{3572B4E2-4399-4797-B5C2-3720D870E0C3}.AppStore|x64.ActiveCfg = Debug|Any CPU
		{3572B4E2-4399-4797-B5C2-3720D870E0C3}.AppStore|x64.Build.0 = Debug|Any CPU
		{3572B4E2-4399-4797-B5C2-3720D870E0C3}.AppStore|x86.ActiveCfg = Debug|Any CPU
		{3572B4E2-4399-4797-B5C2-3720D870E0C3}.AppStore|x86.Build.0 = Debug|Any CPU
		{3572B4E2-4399-4797-B5C2-3720D870E0C3}.Debug|Any CPU.ActiveCfg = Debug|Any CPU
		{3572B4E2-4399-4797-B5C2-3720D870E0C3}.Debug|Any CPU.Build.0 = Debug|Any CPU
		{3572B4E2-4399-4797-B5C2-3720D870E0C3}.Debug|ARM.ActiveCfg = Debug|Any CPU
		{3572B4E2-4399-4797-B5C2-3720D870E0C3}.Debug|ARM.Build.0 = Debug|Any CPU
		{3572B4E2-4399-4797-B5C2-3720D870E0C3}.Debug|iPhone.ActiveCfg = Debug|Any CPU
		{3572B4E2-4399-4797-B5C2-3720D870E0C3}.Debug|iPhone.Build.0 = Debug|Any CPU
		{3572B4E2-4399-4797-B5C2-3720D870E0C3}.Debug|iPhoneSimulator.ActiveCfg = Debug|Any CPU
		{3572B4E2-4399-4797-B5C2-3720D870E0C3}.Debug|iPhoneSimulator.Build.0 = Debug|Any CPU
		{3572B4E2-4399-4797-B5C2-3720D870E0C3}.Debug|x64.ActiveCfg = Debug|Any CPU
		{3572B4E2-4399-4797-B5C2-3720D870E0C3}.Debug|x64.Build.0 = Debug|Any CPU
		{3572B4E2-4399-4797-B5C2-3720D870E0C3}.Debug|x86.ActiveCfg = Debug|Any CPU
		{3572B4E2-4399-4797-B5C2-3720D870E0C3}.Debug|x86.Build.0 = Debug|Any CPU
		{3572B4E2-4399-4797-B5C2-3720D870E0C3}.Release|Any CPU.ActiveCfg = Release|Any CPU
		{3572B4E2-4399-4797-B5C2-3720D870E0C3}.Release|Any CPU.Build.0 = Release|Any CPU
		{3572B4E2-4399-4797-B5C2-3720D870E0C3}.Release|ARM.ActiveCfg = Release|Any CPU
		{3572B4E2-4399-4797-B5C2-3720D870E0C3}.Release|ARM.Build.0 = Release|Any CPU
		{3572B4E2-4399-4797-B5C2-3720D870E0C3}.Release|iPhone.ActiveCfg = Release|Any CPU
		{3572B4E2-4399-4797-B5C2-3720D870E0C3}.Release|iPhone.Build.0 = Release|Any CPU
		{3572B4E2-4399-4797-B5C2-3720D870E0C3}.Release|iPhoneSimulator.ActiveCfg = Release|Any CPU
		{3572B4E2-4399-4797-B5C2-3720D870E0C3}.Release|iPhoneSimulator.Build.0 = Release|Any CPU
		{3572B4E2-4399-4797-B5C2-3720D870E0C3}.Release|x64.ActiveCfg = Release|Any CPU
		{3572B4E2-4399-4797-B5C2-3720D870E0C3}.Release|x64.Build.0 = Release|Any CPU
		{3572B4E2-4399-4797-B5C2-3720D870E0C3}.Release|x86.ActiveCfg = Release|Any CPU
		{3572B4E2-4399-4797-B5C2-3720D870E0C3}.Release|x86.Build.0 = Release|Any CPU
		{F496F8F2-63C0-455B-A16A-D77A520EE335}.Ad-Hoc|Any CPU.ActiveCfg = Debug|Any CPU
		{F496F8F2-63C0-455B-A16A-D77A520EE335}.Ad-Hoc|Any CPU.Build.0 = Debug|Any CPU
		{F496F8F2-63C0-455B-A16A-D77A520EE335}.Ad-Hoc|ARM.ActiveCfg = Debug|Any CPU
		{F496F8F2-63C0-455B-A16A-D77A520EE335}.Ad-Hoc|ARM.Build.0 = Debug|Any CPU
		{F496F8F2-63C0-455B-A16A-D77A520EE335}.Ad-Hoc|iPhone.ActiveCfg = Debug|Any CPU
		{F496F8F2-63C0-455B-A16A-D77A520EE335}.Ad-Hoc|iPhone.Build.0 = Debug|Any CPU
		{F496F8F2-63C0-455B-A16A-D77A520EE335}.Ad-Hoc|iPhoneSimulator.ActiveCfg = Debug|Any CPU
		{F496F8F2-63C0-455B-A16A-D77A520EE335}.Ad-Hoc|iPhoneSimulator.Build.0 = Debug|Any CPU
		{F496F8F2-63C0-455B-A16A-D77A520EE335}.Ad-Hoc|x64.ActiveCfg = Debug|Any CPU
		{F496F8F2-63C0-455B-A16A-D77A520EE335}.Ad-Hoc|x64.Build.0 = Debug|Any CPU
		{F496F8F2-63C0-455B-A16A-D77A520EE335}.Ad-Hoc|x86.ActiveCfg = Debug|Any CPU
		{F496F8F2-63C0-455B-A16A-D77A520EE335}.Ad-Hoc|x86.Build.0 = Debug|Any CPU
		{F496F8F2-63C0-455B-A16A-D77A520EE335}.AppStore|Any CPU.ActiveCfg = Debug|Any CPU
		{F496F8F2-63C0-455B-A16A-D77A520EE335}.AppStore|Any CPU.Build.0 = Debug|Any CPU
		{F496F8F2-63C0-455B-A16A-D77A520EE335}.AppStore|ARM.ActiveCfg = Debug|Any CPU
		{F496F8F2-63C0-455B-A16A-D77A520EE335}.AppStore|ARM.Build.0 = Debug|Any CPU
		{F496F8F2-63C0-455B-A16A-D77A520EE335}.AppStore|iPhone.ActiveCfg = Debug|Any CPU
		{F496F8F2-63C0-455B-A16A-D77A520EE335}.AppStore|iPhone.Build.0 = Debug|Any CPU
		{F496F8F2-63C0-455B-A16A-D77A520EE335}.AppStore|iPhoneSimulator.ActiveCfg = Debug|Any CPU
		{F496F8F2-63C0-455B-A16A-D77A520EE335}.AppStore|iPhoneSimulator.Build.0 = Debug|Any CPU
		{F496F8F2-63C0-455B-A16A-D77A520EE335}.AppStore|x64.ActiveCfg = Debug|Any CPU
		{F496F8F2-63C0-455B-A16A-D77A520EE335}.AppStore|x64.Build.0 = Debug|Any CPU
		{F496F8F2-63C0-455B-A16A-D77A520EE335}.AppStore|x86.ActiveCfg = Debug|Any CPU
		{F496F8F2-63C0-455B-A16A-D77A520EE335}.AppStore|x86.Build.0 = Debug|Any CPU
		{F496F8F2-63C0-455B-A16A-D77A520EE335}.Debug|Any CPU.ActiveCfg = Debug|Any CPU
		{F496F8F2-63C0-455B-A16A-D77A520EE335}.Debug|Any CPU.Build.0 = Debug|Any CPU
		{F496F8F2-63C0-455B-A16A-D77A520EE335}.Debug|ARM.ActiveCfg = Debug|Any CPU
		{F496F8F2-63C0-455B-A16A-D77A520EE335}.Debug|ARM.Build.0 = Debug|Any CPU
		{F496F8F2-63C0-455B-A16A-D77A520EE335}.Debug|iPhone.ActiveCfg = Debug|Any CPU
		{F496F8F2-63C0-455B-A16A-D77A520EE335}.Debug|iPhone.Build.0 = Debug|Any CPU
		{F496F8F2-63C0-455B-A16A-D77A520EE335}.Debug|iPhoneSimulator.ActiveCfg = Debug|Any CPU
		{F496F8F2-63C0-455B-A16A-D77A520EE335}.Debug|iPhoneSimulator.Build.0 = Debug|Any CPU
		{F496F8F2-63C0-455B-A16A-D77A520EE335}.Debug|x64.ActiveCfg = Debug|Any CPU
		{F496F8F2-63C0-455B-A16A-D77A520EE335}.Debug|x64.Build.0 = Debug|Any CPU
		{F496F8F2-63C0-455B-A16A-D77A520EE335}.Debug|x86.ActiveCfg = Debug|Any CPU
		{F496F8F2-63C0-455B-A16A-D77A520EE335}.Debug|x86.Build.0 = Debug|Any CPU
		{F496F8F2-63C0-455B-A16A-D77A520EE335}.Release|Any CPU.ActiveCfg = Release|Any CPU
		{F496F8F2-63C0-455B-A16A-D77A520EE335}.Release|Any CPU.Build.0 = Release|Any CPU
		{F496F8F2-63C0-455B-A16A-D77A520EE335}.Release|ARM.ActiveCfg = Release|Any CPU
		{F496F8F2-63C0-455B-A16A-D77A520EE335}.Release|ARM.Build.0 = Release|Any CPU
		{F496F8F2-63C0-455B-A16A-D77A520EE335}.Release|iPhone.ActiveCfg = Release|Any CPU
		{F496F8F2-63C0-455B-A16A-D77A520EE335}.Release|iPhone.Build.0 = Release|Any CPU
		{F496F8F2-63C0-455B-A16A-D77A520EE335}.Release|iPhoneSimulator.ActiveCfg = Release|Any CPU
		{F496F8F2-63C0-455B-A16A-D77A520EE335}.Release|iPhoneSimulator.Build.0 = Release|Any CPU
		{F496F8F2-63C0-455B-A16A-D77A520EE335}.Release|x64.ActiveCfg = Release|Any CPU
		{F496F8F2-63C0-455B-A16A-D77A520EE335}.Release|x64.Build.0 = Release|Any CPU
		{F496F8F2-63C0-455B-A16A-D77A520EE335}.Release|x86.ActiveCfg = Release|Any CPU
		{F496F8F2-63C0-455B-A16A-D77A520EE335}.Release|x86.Build.0 = Release|Any CPU
		{B0B3916B-DE0E-42B7-B5C8-035E99C4AEEE}.Ad-Hoc|Any CPU.ActiveCfg = Debug|Any CPU
		{B0B3916B-DE0E-42B7-B5C8-035E99C4AEEE}.Ad-Hoc|Any CPU.Build.0 = Debug|Any CPU
		{B0B3916B-DE0E-42B7-B5C8-035E99C4AEEE}.Ad-Hoc|ARM.ActiveCfg = Debug|Any CPU
		{B0B3916B-DE0E-42B7-B5C8-035E99C4AEEE}.Ad-Hoc|ARM.Build.0 = Debug|Any CPU
		{B0B3916B-DE0E-42B7-B5C8-035E99C4AEEE}.Ad-Hoc|iPhone.ActiveCfg = Debug|Any CPU
		{B0B3916B-DE0E-42B7-B5C8-035E99C4AEEE}.Ad-Hoc|iPhone.Build.0 = Debug|Any CPU
		{B0B3916B-DE0E-42B7-B5C8-035E99C4AEEE}.Ad-Hoc|iPhoneSimulator.ActiveCfg = Debug|Any CPU
		{B0B3916B-DE0E-42B7-B5C8-035E99C4AEEE}.Ad-Hoc|iPhoneSimulator.Build.0 = Debug|Any CPU
		{B0B3916B-DE0E-42B7-B5C8-035E99C4AEEE}.Ad-Hoc|x64.ActiveCfg = Debug|Any CPU
		{B0B3916B-DE0E-42B7-B5C8-035E99C4AEEE}.Ad-Hoc|x64.Build.0 = Debug|Any CPU
		{B0B3916B-DE0E-42B7-B5C8-035E99C4AEEE}.Ad-Hoc|x86.ActiveCfg = Debug|Any CPU
		{B0B3916B-DE0E-42B7-B5C8-035E99C4AEEE}.Ad-Hoc|x86.Build.0 = Debug|Any CPU
		{B0B3916B-DE0E-42B7-B5C8-035E99C4AEEE}.AppStore|Any CPU.ActiveCfg = Debug|Any CPU
		{B0B3916B-DE0E-42B7-B5C8-035E99C4AEEE}.AppStore|Any CPU.Build.0 = Debug|Any CPU
		{B0B3916B-DE0E-42B7-B5C8-035E99C4AEEE}.AppStore|ARM.ActiveCfg = Debug|Any CPU
		{B0B3916B-DE0E-42B7-B5C8-035E99C4AEEE}.AppStore|ARM.Build.0 = Debug|Any CPU
		{B0B3916B-DE0E-42B7-B5C8-035E99C4AEEE}.AppStore|iPhone.ActiveCfg = Debug|Any CPU
		{B0B3916B-DE0E-42B7-B5C8-035E99C4AEEE}.AppStore|iPhone.Build.0 = Debug|Any CPU
		{B0B3916B-DE0E-42B7-B5C8-035E99C4AEEE}.AppStore|iPhoneSimulator.ActiveCfg = Debug|Any CPU
		{B0B3916B-DE0E-42B7-B5C8-035E99C4AEEE}.AppStore|iPhoneSimulator.Build.0 = Debug|Any CPU
		{B0B3916B-DE0E-42B7-B5C8-035E99C4AEEE}.AppStore|x64.ActiveCfg = Debug|Any CPU
		{B0B3916B-DE0E-42B7-B5C8-035E99C4AEEE}.AppStore|x64.Build.0 = Debug|Any CPU
		{B0B3916B-DE0E-42B7-B5C8-035E99C4AEEE}.AppStore|x86.ActiveCfg = Debug|Any CPU
		{B0B3916B-DE0E-42B7-B5C8-035E99C4AEEE}.AppStore|x86.Build.0 = Debug|Any CPU
		{B0B3916B-DE0E-42B7-B5C8-035E99C4AEEE}.Debug|Any CPU.ActiveCfg = Debug|Any CPU
		{B0B3916B-DE0E-42B7-B5C8-035E99C4AEEE}.Debug|Any CPU.Build.0 = Debug|Any CPU
		{B0B3916B-DE0E-42B7-B5C8-035E99C4AEEE}.Debug|ARM.ActiveCfg = Debug|Any CPU
		{B0B3916B-DE0E-42B7-B5C8-035E99C4AEEE}.Debug|ARM.Build.0 = Debug|Any CPU
		{B0B3916B-DE0E-42B7-B5C8-035E99C4AEEE}.Debug|iPhone.ActiveCfg = Debug|Any CPU
		{B0B3916B-DE0E-42B7-B5C8-035E99C4AEEE}.Debug|iPhone.Build.0 = Debug|Any CPU
		{B0B3916B-DE0E-42B7-B5C8-035E99C4AEEE}.Debug|iPhoneSimulator.ActiveCfg = Debug|Any CPU
		{B0B3916B-DE0E-42B7-B5C8-035E99C4AEEE}.Debug|iPhoneSimulator.Build.0 = Debug|Any CPU
		{B0B3916B-DE0E-42B7-B5C8-035E99C4AEEE}.Debug|x64.ActiveCfg = Debug|Any CPU
		{B0B3916B-DE0E-42B7-B5C8-035E99C4AEEE}.Debug|x64.Build.0 = Debug|Any CPU
		{B0B3916B-DE0E-42B7-B5C8-035E99C4AEEE}.Debug|x86.ActiveCfg = Debug|Any CPU
		{B0B3916B-DE0E-42B7-B5C8-035E99C4AEEE}.Debug|x86.Build.0 = Debug|Any CPU
		{B0B3916B-DE0E-42B7-B5C8-035E99C4AEEE}.Release|Any CPU.ActiveCfg = Release|Any CPU
		{B0B3916B-DE0E-42B7-B5C8-035E99C4AEEE}.Release|Any CPU.Build.0 = Release|Any CPU
		{B0B3916B-DE0E-42B7-B5C8-035E99C4AEEE}.Release|ARM.ActiveCfg = Release|Any CPU
		{B0B3916B-DE0E-42B7-B5C8-035E99C4AEEE}.Release|ARM.Build.0 = Release|Any CPU
		{B0B3916B-DE0E-42B7-B5C8-035E99C4AEEE}.Release|iPhone.ActiveCfg = Release|Any CPU
		{B0B3916B-DE0E-42B7-B5C8-035E99C4AEEE}.Release|iPhone.Build.0 = Release|Any CPU
		{B0B3916B-DE0E-42B7-B5C8-035E99C4AEEE}.Release|iPhoneSimulator.ActiveCfg = Release|Any CPU
		{B0B3916B-DE0E-42B7-B5C8-035E99C4AEEE}.Release|iPhoneSimulator.Build.0 = Release|Any CPU
		{B0B3916B-DE0E-42B7-B5C8-035E99C4AEEE}.Release|x64.ActiveCfg = Release|Any CPU
		{B0B3916B-DE0E-42B7-B5C8-035E99C4AEEE}.Release|x64.Build.0 = Release|Any CPU
		{B0B3916B-DE0E-42B7-B5C8-035E99C4AEEE}.Release|x86.ActiveCfg = Release|Any CPU
		{B0B3916B-DE0E-42B7-B5C8-035E99C4AEEE}.Release|x86.Build.0 = Release|Any CPU
	EndGlobalSection
	GlobalSection(SolutionProperties) = preSolution
		HideSolutionNode = FALSE
	EndGlobalSection
	GlobalSection(NestedProjects) = preSolution
		{91CF7717-08AB-4E65-B10E-0B426F01E2E8} = {932D8224-11F6-4D07-B109-DA28AD288A63}
		{E279BF0F-7F66-4F3A-A3AB-2CDA66C1CD04} = {932D8224-11F6-4D07-B109-DA28AD288A63}
		{326A7FB3-5295-468C-A4FE-67DCB823E1E5} = {91CF7717-08AB-4E65-B10E-0B426F01E2E8}
		{BF3EF4F3-E4F5-41DA-9D2D-57223687D1A8} = {91CF7717-08AB-4E65-B10E-0B426F01E2E8}
		{0BD0DB92-2D98-44D9-9AC0-C59186D59B0B} = {91CF7717-08AB-4E65-B10E-0B426F01E2E8}
		{EF0337F2-ED00-4643-89FD-EE10863F1870} = {A857AD10-40FF-4303-BEC2-FF1C58D5735E}
		{24CD3B53-141E-4A07-9B0D-796641E1CF78} = {91CF7717-08AB-4E65-B10E-0B426F01E2E8}
		{2110CBB0-3B38-4EE4-A743-DF6968D80D90} = {BF3EF4F3-E4F5-41DA-9D2D-57223687D1A8}
		{42681D9D-750A-4DF7-BD9F-9292CFD5C253} = {326A7FB3-5295-468C-A4FE-67DCB823E1E5}
		{231226CE-690B-4979-8870-9A79D80928E2} = {0BD0DB92-2D98-44D9-9AC0-C59186D59B0B}
		{F5598DCB-6DDE-4661-AD9D-A55612DA7E76} = {0BD0DB92-2D98-44D9-9AC0-C59186D59B0B}
		{F0333D8E-0B27-42B7-B2C6-78F3657624E2} = {E279BF0F-7F66-4F3A-A3AB-2CDA66C1CD04}
		{95F1F07C-4D92-4742-BD07-E5B805AAB651} = {0BD0DB92-2D98-44D9-9AC0-C59186D59B0B}
		{A579E108-5445-403D-A407-339AC4D1611B} = {24CD3B53-141E-4A07-9B0D-796641E1CF78}
		{DB0EFB20-B024-4E5E-A75C-52143C131D25} = {932D8224-11F6-4D07-B109-DA28AD288A63}
		{807BB76E-B2BB-47A2-A57B-3D1B20FF5E7F} = {DB0EFB20-B024-4E5E-A75C-52143C131D25}
		{0044B293-1DCC-4224-B948-00CF6DC7F510} = {807BB76E-B2BB-47A2-A57B-3D1B20FF5E7F}
		{022E145D-1593-47EE-9608-8E323D3C63F5} = {91CF7717-08AB-4E65-B10E-0B426F01E2E8}
		{1A01AF82-6FCB-464C-B39C-F127AEBD315D} = {022E145D-1593-47EE-9608-8E323D3C63F5}
		{69AF10D3-AA76-4FF7-B187-EC7E8CC5F5B8} = {807BB76E-B2BB-47A2-A57B-3D1B20FF5E7F}
		{1815B651-941C-466B-AE33-D1D7EEB8F77F} = {DB0EFB20-B024-4E5E-A75C-52143C131D25}
		{15F4B3AA-89B6-4A0D-9051-414305974781} = {1815B651-941C-466B-AE33-D1D7EEB8F77F}
		{16CDE5D2-2DDE-4AF2-B902-AD9CC42DE480} = {0BD0DB92-2D98-44D9-9AC0-C59186D59B0B}
		{9F00E62F-E180-4A9C-8794-98A72AFAC2DB} = {7BA332A2-189D-4D03-9935-FDFF81C42496}
		{63417272-1E6A-406A-AD11-C738558D89C0} = {7BA332A2-189D-4D03-9935-FDFF81C42496}
		{56E0E455-731E-41CB-AF46-C1A70F8A140B} = {2F0DEF71-84AC-4212-86D4-E36E8896BDBF}
		{1EB6680D-4AC8-47EF-A026-E4EEEE93CAD5} = {2F0DEF71-84AC-4212-86D4-E36E8896BDBF}
		{5A155B15-D8E7-47FE-8D17-8E641726158C} = {30308DE0-8128-4613-BCAD-B0BEFFB20E38}
		{0A9643F2-FF99-4DA0-BC2B-D62D5D3C317A} = {30308DE0-8128-4613-BCAD-B0BEFFB20E38}
		{969E793C-C413-490E-9C9D-B2B46DA5AF32} = {EF0337F2-ED00-4643-89FD-EE10863F1870}
		{3572B4E2-4399-4797-B5C2-3720D870E0C3} = {EF0337F2-ED00-4643-89FD-EE10863F1870}
		{7BA332A2-189D-4D03-9935-FDFF81C42496} = {BF3EF4F3-E4F5-41DA-9D2D-57223687D1A8}
		{2F0DEF71-84AC-4212-86D4-E36E8896BDBF} = {326A7FB3-5295-468C-A4FE-67DCB823E1E5}
		{30308DE0-8128-4613-BCAD-B0BEFFB20E38} = {0BD0DB92-2D98-44D9-9AC0-C59186D59B0B}
		{F496F8F2-63C0-455B-A16A-D77A520EE335} = {0BD0DB92-2D98-44D9-9AC0-C59186D59B0B}
		{B0B3916B-DE0E-42B7-B5C8-035E99C4AEEE} = {807BB76E-B2BB-47A2-A57B-3D1B20FF5E7F}
	EndGlobalSection
	GlobalSection(ExtensibilityGlobals) = postSolution
		SolutionGuid = {25728519-5F0F-4973-8A64-0A81EB4EA8D9}
	EndGlobalSection
EndGlobal
