
Microsoft Visual Studio Solution File, Format Version 12.00
# Visual Studio Version 16
VisualStudioVersion = 16.0.29306.81
MinimumVisualStudioVersion = 10.0.40219.1
Project("{2150E333-8FDC-42A3-9474-1A3956D46DE8}") = "src", "src", "{932D8224-11F6-4D07-B109-DA28AD288A63}"
EndProject
Project("{2150E333-8FDC-42A3-9474-1A3956D46DE8}") = "Solution Items", "Solution Items", "{3AF739CD-81D8-428D-A08A-0A58372DEBF6}"
	ProjectSection(SolutionItems) = preProject
		Local.testsettings = Local.testsettings
		NuGet.config = NuGet.config
	EndProjectSection
EndProject
Project("{2150E333-8FDC-42A3-9474-1A3956D46DE8}") = "Services", "Services", "{91CF7717-08AB-4E65-B10E-0B426F01E2E8}"
EndProject
Project("{2150E333-8FDC-42A3-9474-1A3956D46DE8}") = "Web Apps", "Web Apps", "{E279BF0F-7F66-4F3A-A3AB-2CDA66C1CD04}"
EndProject
Project("{2150E333-8FDC-42A3-9474-1A3956D46DE8}") = "Catalog", "Catalog", "{326A7FB3-5295-468C-A4FE-67DCB823E1E5}"
EndProject
Project("{2150E333-8FDC-42A3-9474-1A3956D46DE8}") = "Basket", "Basket", "{BF3EF4F3-E4F5-41DA-9D2D-57223687D1A8}"
EndProject
Project("{2150E333-8FDC-42A3-9474-1A3956D46DE8}") = "Ordering", "Ordering", "{0BD0DB92-2D98-44D9-9AC0-C59186D59B0B}"
EndProject
Project("{2150E333-8FDC-42A3-9474-1A3956D46DE8}") = "Identity", "Identity", "{24CD3B53-141E-4A07-9B0D-796641E1CF78}"
EndProject
Project("{9A19103F-16F7-4668-BE54-9A1E7A4F7556}") = "Basket.API", "src\Services\Basket\Basket.API\Basket.API.csproj", "{2110CBB0-3B38-4EE4-A743-DF6968D80D90}"
	ProjectSection(ProjectDependencies) = postProject
		{A579E108-5445-403D-A407-339AC4D1611B} = {A579E108-5445-403D-A407-339AC4D1611B}
		{1A01AF82-6FCB-464C-B39C-F127AEBD315D} = {1A01AF82-6FCB-464C-B39C-F127AEBD315D}
		{231226CE-690B-4979-8870-9A79D80928E2} = {231226CE-690B-4979-8870-9A79D80928E2}
	EndProjectSection
EndProject
Project("{9A19103F-16F7-4668-BE54-9A1E7A4F7556}") = "Catalog.API", "src\Services\Catalog\Catalog.API\Catalog.API.csproj", "{42681D9D-750A-4DF7-BD9F-9292CFD5C253}"
	ProjectSection(ProjectDependencies) = postProject
		{1A01AF82-6FCB-464C-B39C-F127AEBD315D} = {1A01AF82-6FCB-464C-B39C-F127AEBD315D}
		{2110CBB0-3B38-4EE4-A743-DF6968D80D90} = {2110CBB0-3B38-4EE4-A743-DF6968D80D90}
		{231226CE-690B-4979-8870-9A79D80928E2} = {231226CE-690B-4979-8870-9A79D80928E2}
	EndProjectSection
EndProject
Project("{9A19103F-16F7-4668-BE54-9A1E7A4F7556}") = "Ordering.API", "src\Services\Ordering\Ordering.API\Ordering.API.csproj", "{231226CE-690B-4979-8870-9A79D80928E2}"
EndProject
Project("{9A19103F-16F7-4668-BE54-9A1E7A4F7556}") = "Ordering.Domain", "src\Services\Ordering\Ordering.Domain\Ordering.Domain.csproj", "{F5598DCB-6DDE-4661-AD9D-A55612DA7E76}"
EndProject
Project("{9A19103F-16F7-4668-BE54-9A1E7A4F7556}") = "WebMVC", "src\Web\WebMVC\WebMVC.csproj", "{F0333D8E-0B27-42B7-B2C6-78F3657624E2}"
	ProjectSection(ProjectDependencies) = postProject
		{A579E108-5445-403D-A407-339AC4D1611B} = {A579E108-5445-403D-A407-339AC4D1611B}
		{1A01AF82-6FCB-464C-B39C-F127AEBD315D} = {1A01AF82-6FCB-464C-B39C-F127AEBD315D}
		{0044B293-1DCC-4224-B948-00CF6DC7F510} = {0044B293-1DCC-4224-B948-00CF6DC7F510}
		{42681D9D-750A-4DF7-BD9F-9292CFD5C253} = {42681D9D-750A-4DF7-BD9F-9292CFD5C253}
		{2110CBB0-3B38-4EE4-A743-DF6968D80D90} = {2110CBB0-3B38-4EE4-A743-DF6968D80D90}
		{231226CE-690B-4979-8870-9A79D80928E2} = {231226CE-690B-4979-8870-9A79D80928E2}
	EndProjectSection
EndProject
Project("{9A19103F-16F7-4668-BE54-9A1E7A4F7556}") = "Ordering.Infrastructure", "src\Services\Ordering\Ordering.Infrastructure\Ordering.Infrastructure.csproj", "{95F1F07C-4D92-4742-BD07-E5B805AAB651}"
EndProject
Project("{9A19103F-16F7-4668-BE54-9A1E7A4F7556}") = "Identity.API", "src\Services\Identity\Identity.API\Identity.API.csproj", "{A579E108-5445-403D-A407-339AC4D1611B}"
EndProject
Project("{2150E333-8FDC-42A3-9474-1A3956D46DE8}") = "BuildingBlocks", "BuildingBlocks", "{DB0EFB20-B024-4E5E-A75C-52143C131D25}"
EndProject
Project("{2150E333-8FDC-42A3-9474-1A3956D46DE8}") = "EventBus", "EventBus", "{807BB76E-B2BB-47A2-A57B-3D1B20FF5E7F}"
EndProject
Project("{9A19103F-16F7-4668-BE54-9A1E7A4F7556}") = "EventBus", "src\BuildingBlocks\EventBus\EventBus\EventBus.csproj", "{0044B293-1DCC-4224-B948-00CF6DC7F510}"
EndProject
Project("{2150E333-8FDC-42A3-9474-1A3956D46DE8}") = "Payment", "Payment", "{022E145D-1593-47EE-9608-8E323D3C63F5}"
EndProject
Project("{9A19103F-16F7-4668-BE54-9A1E7A4F7556}") = "Payment.API", "src\Services\Payment\Payment.API\Payment.API.csproj", "{1A01AF82-6FCB-464C-B39C-F127AEBD315D}"
	ProjectSection(ProjectDependencies) = postProject
		{231226CE-690B-4979-8870-9A79D80928E2} = {231226CE-690B-4979-8870-9A79D80928E2}
	EndProjectSection
EndProject
Project("{9A19103F-16F7-4668-BE54-9A1E7A4F7556}") = "EventBusServiceBus", "src\BuildingBlocks\EventBus\EventBusServiceBus\EventBusServiceBus.csproj", "{69AF10D3-AA76-4FF7-B187-EC7E8CC5F5B8}"
EndProject
Project("{2150E333-8FDC-42A3-9474-1A3956D46DE8}") = "WebHost", "WebHost", "{1815B651-941C-466B-AE33-D1D7EEB8F77F}"
EndProject
Project("{9A19103F-16F7-4668-BE54-9A1E7A4F7556}") = "WebHost.Customization", "src\BuildingBlocks\WebHostCustomization\WebHost.Customization\WebHost.Customization.csproj", "{15F4B3AA-89B6-4A0D-9051-414305974781}"
EndProject
Project("{9A19103F-16F7-4668-BE54-9A1E7A4F7556}") = "IntegrationEventLogEF", "src\BuildingBlocks\EventBus\IntegrationEventLogEF\IntegrationEventLogEF.csproj", "{B0B3916B-DE0E-42B7-B5C8-035E99C4AEEE}"
EndProject
Global
	GlobalSection(SolutionConfigurationPlatforms) = preSolution
		Ad-Hoc|Any CPU = Ad-Hoc|Any CPU
		Ad-Hoc|ARM = Ad-Hoc|ARM
		Ad-Hoc|iPhone = Ad-Hoc|iPhone
		Ad-Hoc|iPhoneSimulator = Ad-Hoc|iPhoneSimulator
		Ad-Hoc|x64 = Ad-Hoc|x64
		Ad-Hoc|x86 = Ad-Hoc|x86
		AppStore|Any CPU = AppStore|Any CPU
		AppStore|ARM = AppStore|ARM
		AppStore|iPhone = AppStore|iPhone
		AppStore|iPhoneSimulator = AppStore|iPhoneSimulator
		AppStore|x64 = AppStore|x64
		AppStore|x86 = AppStore|x86
		Debug|Any CPU = Debug|Any CPU
		Debug|ARM = Debug|ARM
		Debug|iPhone = Debug|iPhone
		Debug|iPhoneSimulator = Debug|iPhoneSimulator
		Debug|x64 = Debug|x64
		Debug|x86 = Debug|x86
		Release|Any CPU = Release|Any CPU
		Release|ARM = Release|ARM
		Release|iPhone = Release|iPhone
		Release|iPhoneSimulator = Release|iPhoneSimulator
		Release|x64 = Release|x64
		Release|x86 = Release|x86
	EndGlobalSection
	GlobalSection(ProjectConfigurationPlatforms) = postSolution
		{2110CBB0-3B38-4EE4-A743-DF6968D80D90}.Ad-Hoc|Any CPU.ActiveCfg = Release|Any CPU
		{2110CBB0-3B38-4EE4-A743-DF6968D80D90}.Ad-Hoc|ARM.ActiveCfg = Release|Any CPU
		{2110CBB0-3B38-4EE4-A743-DF6968D80D90}.Ad-Hoc|iPhone.ActiveCfg = Release|Any CPU
		{2110CBB0-3B38-4EE4-A743-DF6968D80D90}.Ad-Hoc|iPhoneSimulator.ActiveCfg = Release|Any CPU
		{2110CBB0-3B38-4EE4-A743-DF6968D80D90}.Ad-Hoc|x64.ActiveCfg = Release|Any CPU
		{2110CBB0-3B38-4EE4-A743-DF6968D80D90}.Ad-Hoc|x86.ActiveCfg = Release|Any CPU
		{2110CBB0-3B38-4EE4-A743-DF6968D80D90}.AppStore|Any CPU.ActiveCfg = Release|Any CPU
		{2110CBB0-3B38-4EE4-A743-DF6968D80D90}.AppStore|ARM.ActiveCfg = Release|Any CPU
		{2110CBB0-3B38-4EE4-A743-DF6968D80D90}.AppStore|iPhone.ActiveCfg = Release|Any CPU
		{2110CBB0-3B38-4EE4-A743-DF6968D80D90}.AppStore|iPhoneSimulator.ActiveCfg = Release|Any CPU
		{2110CBB0-3B38-4EE4-A743-DF6968D80D90}.AppStore|x64.ActiveCfg = Release|Any CPU
		{2110CBB0-3B38-4EE4-A743-DF6968D80D90}.AppStore|x86.ActiveCfg = Release|Any CPU
		{2110CBB0-3B38-4EE4-A743-DF6968D80D90}.Debug|Any CPU.ActiveCfg = Debug|Any CPU
		{2110CBB0-3B38-4EE4-A743-DF6968D80D90}.Debug|Any CPU.Build.0 = Debug|Any CPU
		{2110CBB0-3B38-4EE4-A743-DF6968D80D90}.Debug|ARM.ActiveCfg = Debug|Any CPU
		{2110CBB0-3B38-4EE4-A743-DF6968D80D90}.Debug|iPhone.ActiveCfg = Debug|Any CPU
		{2110CBB0-3B38-4EE4-A743-DF6968D80D90}.Debug|iPhoneSimulator.ActiveCfg = Debug|Any CPU
		{2110CBB0-3B38-4EE4-A743-DF6968D80D90}.Debug|x64.ActiveCfg = Debug|Any CPU
		{2110CBB0-3B38-4EE4-A743-DF6968D80D90}.Debug|x86.ActiveCfg = Debug|Any CPU
		{2110CBB0-3B38-4EE4-A743-DF6968D80D90}.Release|Any CPU.ActiveCfg = Release|Any CPU
		{2110CBB0-3B38-4EE4-A743-DF6968D80D90}.Release|Any CPU.Build.0 = Release|Any CPU
		{2110CBB0-3B38-4EE4-A743-DF6968D80D90}.Release|ARM.ActiveCfg = Release|Any CPU
		{2110CBB0-3B38-4EE4-A743-DF6968D80D90}.Release|iPhone.ActiveCfg = Release|Any CPU
		{2110CBB0-3B38-4EE4-A743-DF6968D80D90}.Release|iPhoneSimulator.ActiveCfg = Release|Any CPU
		{2110CBB0-3B38-4EE4-A743-DF6968D80D90}.Release|x64.ActiveCfg = Release|Any CPU
		{2110CBB0-3B38-4EE4-A743-DF6968D80D90}.Release|x86.ActiveCfg = Release|Any CPU
		{42681D9D-750A-4DF7-BD9F-9292CFD5C253}.Ad-Hoc|Any CPU.ActiveCfg = Release|Any CPU
		{42681D9D-750A-4DF7-BD9F-9292CFD5C253}.Ad-Hoc|ARM.ActiveCfg = Release|Any CPU
		{42681D9D-750A-4DF7-BD9F-9292CFD5C253}.Ad-Hoc|iPhone.ActiveCfg = Release|Any CPU
		{42681D9D-750A-4DF7-BD9F-9292CFD5C253}.Ad-Hoc|iPhoneSimulator.ActiveCfg = Release|Any CPU
		{42681D9D-750A-4DF7-BD9F-9292CFD5C253}.Ad-Hoc|x64.ActiveCfg = Release|Any CPU
		{42681D9D-750A-4DF7-BD9F-9292CFD5C253}.Ad-Hoc|x86.ActiveCfg = Release|Any CPU
		{42681D9D-750A-4DF7-BD9F-9292CFD5C253}.AppStore|Any CPU.ActiveCfg = Release|Any CPU
		{42681D9D-750A-4DF7-BD9F-9292CFD5C253}.AppStore|ARM.ActiveCfg = Release|Any CPU
		{42681D9D-750A-4DF7-BD9F-9292CFD5C253}.AppStore|iPhone.ActiveCfg = Release|Any CPU
		{42681D9D-750A-4DF7-BD9F-9292CFD5C253}.AppStore|iPhoneSimulator.ActiveCfg = Release|Any CPU
		{42681D9D-750A-4DF7-BD9F-9292CFD5C253}.AppStore|x64.ActiveCfg = Release|Any CPU
		{42681D9D-750A-4DF7-BD9F-9292CFD5C253}.AppStore|x86.ActiveCfg = Release|Any CPU
		{42681D9D-750A-4DF7-BD9F-9292CFD5C253}.Debug|Any CPU.ActiveCfg = Debug|Any CPU
		{42681D9D-750A-4DF7-BD9F-9292CFD5C253}.Debug|Any CPU.Build.0 = Debug|Any CPU
		{42681D9D-750A-4DF7-BD9F-9292CFD5C253}.Debug|ARM.ActiveCfg = Debug|Any CPU
		{42681D9D-750A-4DF7-BD9F-9292CFD5C253}.Debug|iPhone.ActiveCfg = Debug|Any CPU
		{42681D9D-750A-4DF7-BD9F-9292CFD5C253}.Debug|iPhoneSimulator.ActiveCfg = Debug|Any CPU
		{42681D9D-750A-4DF7-BD9F-9292CFD5C253}.Debug|x64.ActiveCfg = Debug|Any CPU
		{42681D9D-750A-4DF7-BD9F-9292CFD5C253}.Debug|x86.ActiveCfg = Debug|Any CPU
		{42681D9D-750A-4DF7-BD9F-9292CFD5C253}.Release|Any CPU.ActiveCfg = Release|Any CPU
		{42681D9D-750A-4DF7-BD9F-9292CFD5C253}.Release|Any CPU.Build.0 = Release|Any CPU
		{42681D9D-750A-4DF7-BD9F-9292CFD5C253}.Release|ARM.ActiveCfg = Release|Any CPU
		{42681D9D-750A-4DF7-BD9F-9292CFD5C253}.Release|iPhone.ActiveCfg = Release|Any CPU
		{42681D9D-750A-4DF7-BD9F-9292CFD5C253}.Release|iPhoneSimulator.ActiveCfg = Release|Any CPU
		{42681D9D-750A-4DF7-BD9F-9292CFD5C253}.Release|x64.ActiveCfg = Release|Any CPU
		{42681D9D-750A-4DF7-BD9F-9292CFD5C253}.Release|x86.ActiveCfg = Release|Any CPU
		{231226CE-690B-4979-8870-9A79D80928E2}.Ad-Hoc|Any CPU.ActiveCfg = Release|Any CPU
		{231226CE-690B-4979-8870-9A79D80928E2}.Ad-Hoc|ARM.ActiveCfg = Release|Any CPU
		{231226CE-690B-4979-8870-9A79D80928E2}.Ad-Hoc|iPhone.ActiveCfg = Release|Any CPU
		{231226CE-690B-4979-8870-9A79D80928E2}.Ad-Hoc|iPhoneSimulator.ActiveCfg = Release|Any CPU
		{231226CE-690B-4979-8870-9A79D80928E2}.Ad-Hoc|x64.ActiveCfg = Release|Any CPU
		{231226CE-690B-4979-8870-9A79D80928E2}.Ad-Hoc|x86.ActiveCfg = Release|Any CPU
		{231226CE-690B-4979-8870-9A79D80928E2}.AppStore|Any CPU.ActiveCfg = Release|Any CPU
		{231226CE-690B-4979-8870-9A79D80928E2}.AppStore|ARM.ActiveCfg = Release|Any CPU
		{231226CE-690B-4979-8870-9A79D80928E2}.AppStore|iPhone.ActiveCfg = Release|Any CPU
		{231226CE-690B-4979-8870-9A79D80928E2}.AppStore|iPhoneSimulator.ActiveCfg = Release|Any CPU
		{231226CE-690B-4979-8870-9A79D80928E2}.AppStore|x64.ActiveCfg = Release|Any CPU
		{231226CE-690B-4979-8870-9A79D80928E2}.AppStore|x86.ActiveCfg = Release|Any CPU
		{231226CE-690B-4979-8870-9A79D80928E2}.Debug|Any CPU.ActiveCfg = Debug|Any CPU
		{231226CE-690B-4979-8870-9A79D80928E2}.Debug|Any CPU.Build.0 = Debug|Any CPU
		{231226CE-690B-4979-8870-9A79D80928E2}.Debug|ARM.ActiveCfg = Debug|Any CPU
		{231226CE-690B-4979-8870-9A79D80928E2}.Debug|iPhone.ActiveCfg = Debug|Any CPU
		{231226CE-690B-4979-8870-9A79D80928E2}.Debug|iPhoneSimulator.ActiveCfg = Debug|Any CPU
		{231226CE-690B-4979-8870-9A79D80928E2}.Debug|x64.ActiveCfg = Debug|Any CPU
		{231226CE-690B-4979-8870-9A79D80928E2}.Debug|x86.ActiveCfg = Debug|Any CPU
		{231226CE-690B-4979-8870-9A79D80928E2}.Release|Any CPU.ActiveCfg = Release|Any CPU
		{231226CE-690B-4979-8870-9A79D80928E2}.Release|Any CPU.Build.0 = Release|Any CPU
		{231226CE-690B-4979-8870-9A79D80928E2}.Release|ARM.ActiveCfg = Release|Any CPU
		{231226CE-690B-4979-8870-9A79D80928E2}.Release|iPhone.ActiveCfg = Release|Any CPU
		{231226CE-690B-4979-8870-9A79D80928E2}.Release|iPhoneSimulator.ActiveCfg = Release|Any CPU
		{231226CE-690B-4979-8870-9A79D80928E2}.Release|x64.ActiveCfg = Release|Any CPU
		{231226CE-690B-4979-8870-9A79D80928E2}.Release|x86.ActiveCfg = Release|Any CPU
		{F5598DCB-6DDE-4661-AD9D-A55612DA7E76}.Ad-Hoc|Any CPU.ActiveCfg = Release|Any CPU
		{F5598DCB-6DDE-4661-AD9D-A55612DA7E76}.Ad-Hoc|ARM.ActiveCfg = Release|Any CPU
		{F5598DCB-6DDE-4661-AD9D-A55612DA7E76}.Ad-Hoc|iPhone.ActiveCfg = Release|Any CPU
		{F5598DCB-6DDE-4661-AD9D-A55612DA7E76}.Ad-Hoc|iPhoneSimulator.ActiveCfg = Release|Any CPU
		{F5598DCB-6DDE-4661-AD9D-A55612DA7E76}.Ad-Hoc|x64.ActiveCfg = Release|Any CPU
		{F5598DCB-6DDE-4661-AD9D-A55612DA7E76}.Ad-Hoc|x86.ActiveCfg = Release|Any CPU
		{F5598DCB-6DDE-4661-AD9D-A55612DA7E76}.AppStore|Any CPU.ActiveCfg = Release|Any CPU
		{F5598DCB-6DDE-4661-AD9D-A55612DA7E76}.AppStore|ARM.ActiveCfg = Release|Any CPU
		{F5598DCB-6DDE-4661-AD9D-A55612DA7E76}.AppStore|iPhone.ActiveCfg = Release|Any CPU
		{F5598DCB-6DDE-4661-AD9D-A55612DA7E76}.AppStore|iPhoneSimulator.ActiveCfg = Release|Any CPU
		{F5598DCB-6DDE-4661-AD9D-A55612DA7E76}.AppStore|x64.ActiveCfg = Release|Any CPU
		{F5598DCB-6DDE-4661-AD9D-A55612DA7E76}.AppStore|x86.ActiveCfg = Release|Any CPU
		{F5598DCB-6DDE-4661-AD9D-A55612DA7E76}.Debug|Any CPU.ActiveCfg = Debug|Any CPU
		{F5598DCB-6DDE-4661-AD9D-A55612DA7E76}.Debug|Any CPU.Build.0 = Debug|Any CPU
		{F5598DCB-6DDE-4661-AD9D-A55612DA7E76}.Debug|ARM.ActiveCfg = Debug|Any CPU
		{F5598DCB-6DDE-4661-AD9D-A55612DA7E76}.Debug|iPhone.ActiveCfg = Debug|Any CPU
		{F5598DCB-6DDE-4661-AD9D-A55612DA7E76}.Debug|iPhoneSimulator.ActiveCfg = Debug|Any CPU
		{F5598DCB-6DDE-4661-AD9D-A55612DA7E76}.Debug|x64.ActiveCfg = Debug|Any CPU
		{F5598DCB-6DDE-4661-AD9D-A55612DA7E76}.Debug|x86.ActiveCfg = Debug|Any CPU
		{F5598DCB-6DDE-4661-AD9D-A55612DA7E76}.Release|Any CPU.ActiveCfg = Release|Any CPU
		{F5598DCB-6DDE-4661-AD9D-A55612DA7E76}.Release|Any CPU.Build.0 = Release|Any CPU
		{F5598DCB-6DDE-4661-AD9D-A55612DA7E76}.Release|ARM.ActiveCfg = Release|Any CPU
		{F5598DCB-6DDE-4661-AD9D-A55612DA7E76}.Release|iPhone.ActiveCfg = Release|Any CPU
		{F5598DCB-6DDE-4661-AD9D-A55612DA7E76}.Release|iPhoneSimulator.ActiveCfg = Release|Any CPU
		{F5598DCB-6DDE-4661-AD9D-A55612DA7E76}.Release|x64.ActiveCfg = Release|Any CPU
		{F5598DCB-6DDE-4661-AD9D-A55612DA7E76}.Release|x86.ActiveCfg = Release|Any CPU
		{F0333D8E-0B27-42B7-B2C6-78F3657624E2}.Ad-Hoc|Any CPU.ActiveCfg = Release|Any CPU
		{F0333D8E-0B27-42B7-B2C6-78F3657624E2}.Ad-Hoc|ARM.ActiveCfg = Release|Any CPU
		{F0333D8E-0B27-42B7-B2C6-78F3657624E2}.Ad-Hoc|iPhone.ActiveCfg = Release|Any CPU
		{F0333D8E-0B27-42B7-B2C6-78F3657624E2}.Ad-Hoc|iPhoneSimulator.ActiveCfg = Release|Any CPU
		{F0333D8E-0B27-42B7-B2C6-78F3657624E2}.Ad-Hoc|x64.ActiveCfg = Release|Any CPU
		{F0333D8E-0B27-42B7-B2C6-78F3657624E2}.Ad-Hoc|x86.ActiveCfg = Release|Any CPU
		{F0333D8E-0B27-42B7-B2C6-78F3657624E2}.AppStore|Any CPU.ActiveCfg = Release|Any CPU
		{F0333D8E-0B27-42B7-B2C6-78F3657624E2}.AppStore|ARM.ActiveCfg = Release|Any CPU
		{F0333D8E-0B27-42B7-B2C6-78F3657624E2}.AppStore|iPhone.ActiveCfg = Release|Any CPU
		{F0333D8E-0B27-42B7-B2C6-78F3657624E2}.AppStore|iPhoneSimulator.ActiveCfg = Release|Any CPU
		{F0333D8E-0B27-42B7-B2C6-78F3657624E2}.AppStore|x64.ActiveCfg = Release|Any CPU
		{F0333D8E-0B27-42B7-B2C6-78F3657624E2}.AppStore|x86.ActiveCfg = Release|Any CPU
		{F0333D8E-0B27-42B7-B2C6-78F3657624E2}.Debug|Any CPU.ActiveCfg = Debug|Any CPU
		{F0333D8E-0B27-42B7-B2C6-78F3657624E2}.Debug|Any CPU.Build.0 = Debug|Any CPU
		{F0333D8E-0B27-42B7-B2C6-78F3657624E2}.Debug|ARM.ActiveCfg = Debug|Any CPU
		{F0333D8E-0B27-42B7-B2C6-78F3657624E2}.Debug|iPhone.ActiveCfg = Debug|Any CPU
		{F0333D8E-0B27-42B7-B2C6-78F3657624E2}.Debug|iPhoneSimulator.ActiveCfg = Debug|Any CPU
		{F0333D8E-0B27-42B7-B2C6-78F3657624E2}.Debug|x64.ActiveCfg = Debug|Any CPU
		{F0333D8E-0B27-42B7-B2C6-78F3657624E2}.Debug|x86.ActiveCfg = Debug|Any CPU
		{F0333D8E-0B27-42B7-B2C6-78F3657624E2}.Release|Any CPU.ActiveCfg = Release|Any CPU
		{F0333D8E-0B27-42B7-B2C6-78F3657624E2}.Release|Any CPU.Build.0 = Release|Any CPU
		{F0333D8E-0B27-42B7-B2C6-78F3657624E2}.Release|ARM.ActiveCfg = Release|Any CPU
		{F0333D8E-0B27-42B7-B2C6-78F3657624E2}.Release|iPhone.ActiveCfg = Release|Any CPU
		{F0333D8E-0B27-42B7-B2C6-78F3657624E2}.Release|iPhoneSimulator.ActiveCfg = Release|Any CPU
		{F0333D8E-0B27-42B7-B2C6-78F3657624E2}.Release|x64.ActiveCfg = Release|Any CPU
		{F0333D8E-0B27-42B7-B2C6-78F3657624E2}.Release|x86.ActiveCfg = Release|Any CPU
		{95F1F07C-4D92-4742-BD07-E5B805AAB651}.Ad-Hoc|Any CPU.ActiveCfg = Debug|Any CPU
		{95F1F07C-4D92-4742-BD07-E5B805AAB651}.Ad-Hoc|Any CPU.Build.0 = Debug|Any CPU
		{95F1F07C-4D92-4742-BD07-E5B805AAB651}.Ad-Hoc|ARM.ActiveCfg = Debug|Any CPU
		{95F1F07C-4D92-4742-BD07-E5B805AAB651}.Ad-Hoc|ARM.Build.0 = Debug|Any CPU
		{95F1F07C-4D92-4742-BD07-E5B805AAB651}.Ad-Hoc|iPhone.ActiveCfg = Debug|Any CPU
		{95F1F07C-4D92-4742-BD07-E5B805AAB651}.Ad-Hoc|iPhone.Build.0 = Debug|Any CPU
		{95F1F07C-4D92-4742-BD07-E5B805AAB651}.Ad-Hoc|iPhoneSimulator.ActiveCfg = Debug|Any CPU
		{95F1F07C-4D92-4742-BD07-E5B805AAB651}.Ad-Hoc|iPhoneSimulator.Build.0 = Debug|Any CPU
		{95F1F07C-4D92-4742-BD07-E5B805AAB651}.Ad-Hoc|x64.ActiveCfg = Debug|Any CPU
		{95F1F07C-4D92-4742-BD07-E5B805AAB651}.Ad-Hoc|x64.Build.0 = Debug|Any CPU
		{95F1F07C-4D92-4742-BD07-E5B805AAB651}.Ad-Hoc|x86.ActiveCfg = Debug|Any CPU
		{95F1F07C-4D92-4742-BD07-E5B805AAB651}.Ad-Hoc|x86.Build.0 = Debug|Any CPU
		{95F1F07C-4D92-4742-BD07-E5B805AAB651}.AppStore|Any CPU.ActiveCfg = Debug|Any CPU
		{95F1F07C-4D92-4742-BD07-E5B805AAB651}.AppStore|Any CPU.Build.0 = Debug|Any CPU
		{95F1F07C-4D92-4742-BD07-E5B805AAB651}.AppStore|ARM.ActiveCfg = Debug|Any CPU
		{95F1F07C-4D92-4742-BD07-E5B805AAB651}.AppStore|ARM.Build.0 = Debug|Any CPU
		{95F1F07C-4D92-4742-BD07-E5B805AAB651}.AppStore|iPhone.ActiveCfg = Debug|Any CPU
		{95F1F07C-4D92-4742-BD07-E5B805AAB651}.AppStore|iPhone.Build.0 = Debug|Any CPU
		{95F1F07C-4D92-4742-BD07-E5B805AAB651}.AppStore|iPhoneSimulator.ActiveCfg = Debug|Any CPU
		{95F1F07C-4D92-4742-BD07-E5B805AAB651}.AppStore|iPhoneSimulator.Build.0 = Debug|Any CPU
		{95F1F07C-4D92-4742-BD07-E5B805AAB651}.AppStore|x64.ActiveCfg = Debug|Any CPU
		{95F1F07C-4D92-4742-BD07-E5B805AAB651}.AppStore|x64.Build.0 = Debug|Any CPU
		{95F1F07C-4D92-4742-BD07-E5B805AAB651}.AppStore|x86.ActiveCfg = Debug|Any CPU
		{95F1F07C-4D92-4742-BD07-E5B805AAB651}.AppStore|x86.Build.0 = Debug|Any CPU
		{95F1F07C-4D92-4742-BD07-E5B805AAB651}.Debug|Any CPU.ActiveCfg = Debug|Any CPU
		{95F1F07C-4D92-4742-BD07-E5B805AAB651}.Debug|Any CPU.Build.0 = Debug|Any CPU
		{95F1F07C-4D92-4742-BD07-E5B805AAB651}.Debug|ARM.ActiveCfg = Debug|Any CPU
		{95F1F07C-4D92-4742-BD07-E5B805AAB651}.Debug|ARM.Build.0 = Debug|Any CPU
		{95F1F07C-4D92-4742-BD07-E5B805AAB651}.Debug|iPhone.ActiveCfg = Debug|Any CPU
		{95F1F07C-4D92-4742-BD07-E5B805AAB651}.Debug|iPhone.Build.0 = Debug|Any CPU
		{95F1F07C-4D92-4742-BD07-E5B805AAB651}.Debug|iPhoneSimulator.ActiveCfg = Debug|Any CPU
		{95F1F07C-4D92-4742-BD07-E5B805AAB651}.Debug|iPhoneSimulator.Build.0 = Debug|Any CPU
		{95F1F07C-4D92-4742-BD07-E5B805AAB651}.Debug|x64.ActiveCfg = Debug|Any CPU
		{95F1F07C-4D92-4742-BD07-E5B805AAB651}.Debug|x64.Build.0 = Debug|Any CPU
		{95F1F07C-4D92-4742-BD07-E5B805AAB651}.Debug|x86.ActiveCfg = Debug|Any CPU
		{95F1F07C-4D92-4742-BD07-E5B805AAB651}.Debug|x86.Build.0 = Debug|Any CPU
		{95F1F07C-4D92-4742-BD07-E5B805AAB651}.Release|Any CPU.ActiveCfg = Release|Any CPU
		{95F1F07C-4D92-4742-BD07-E5B805AAB651}.Release|Any CPU.Build.0 = Release|Any CPU
		{95F1F07C-4D92-4742-BD07-E5B805AAB651}.Release|ARM.ActiveCfg = Release|Any CPU
		{95F1F07C-4D92-4742-BD07-E5B805AAB651}.Release|ARM.Build.0 = Release|Any CPU
		{95F1F07C-4D92-4742-BD07-E5B805AAB651}.Release|iPhone.ActiveCfg = Release|Any CPU
		{95F1F07C-4D92-4742-BD07-E5B805AAB651}.Release|iPhone.Build.0 = Release|Any CPU
		{95F1F07C-4D92-4742-BD07-E5B805AAB651}.Release|iPhoneSimulator.ActiveCfg = Release|Any CPU
		{95F1F07C-4D92-4742-BD07-E5B805AAB651}.Release|iPhoneSimulator.Build.0 = Release|Any CPU
		{95F1F07C-4D92-4742-BD07-E5B805AAB651}.Release|x64.ActiveCfg = Release|Any CPU
		{95F1F07C-4D92-4742-BD07-E5B805AAB651}.Release|x64.Build.0 = Release|Any CPU
		{95F1F07C-4D92-4742-BD07-E5B805AAB651}.Release|x86.ActiveCfg = Release|Any CPU
		{95F1F07C-4D92-4742-BD07-E5B805AAB651}.Release|x86.Build.0 = Release|Any CPU
		{A579E108-5445-403D-A407-339AC4D1611B}.Ad-Hoc|Any CPU.ActiveCfg = Debug|Any CPU
		{A579E108-5445-403D-A407-339AC4D1611B}.Ad-Hoc|Any CPU.Build.0 = Debug|Any CPU
		{A579E108-5445-403D-A407-339AC4D1611B}.Ad-Hoc|ARM.ActiveCfg = Debug|Any CPU
		{A579E108-5445-403D-A407-339AC4D1611B}.Ad-Hoc|ARM.Build.0 = Debug|Any CPU
		{A579E108-5445-403D-A407-339AC4D1611B}.Ad-Hoc|iPhone.ActiveCfg = Debug|Any CPU
		{A579E108-5445-403D-A407-339AC4D1611B}.Ad-Hoc|iPhone.Build.0 = Debug|Any CPU
		{A579E108-5445-403D-A407-339AC4D1611B}.Ad-Hoc|iPhoneSimulator.ActiveCfg = Debug|Any CPU
		{A579E108-5445-403D-A407-339AC4D1611B}.Ad-Hoc|iPhoneSimulator.Build.0 = Debug|Any CPU
		{A579E108-5445-403D-A407-339AC4D1611B}.Ad-Hoc|x64.ActiveCfg = Debug|Any CPU
		{A579E108-5445-403D-A407-339AC4D1611B}.Ad-Hoc|x64.Build.0 = Debug|Any CPU
		{A579E108-5445-403D-A407-339AC4D1611B}.Ad-Hoc|x86.ActiveCfg = Debug|Any CPU
		{A579E108-5445-403D-A407-339AC4D1611B}.Ad-Hoc|x86.Build.0 = Debug|Any CPU
		{A579E108-5445-403D-A407-339AC4D1611B}.AppStore|Any CPU.ActiveCfg = Debug|Any CPU
		{A579E108-5445-403D-A407-339AC4D1611B}.AppStore|Any CPU.Build.0 = Debug|Any CPU
		{A579E108-5445-403D-A407-339AC4D1611B}.AppStore|ARM.ActiveCfg = Debug|Any CPU
		{A579E108-5445-403D-A407-339AC4D1611B}.AppStore|ARM.Build.0 = Debug|Any CPU
		{A579E108-5445-403D-A407-339AC4D1611B}.AppStore|iPhone.ActiveCfg = Debug|Any CPU
		{A579E108-5445-403D-A407-339AC4D1611B}.AppStore|iPhone.Build.0 = Debug|Any CPU
		{A579E108-5445-403D-A407-339AC4D1611B}.AppStore|iPhoneSimulator.ActiveCfg = Debug|Any CPU
		{A579E108-5445-403D-A407-339AC4D1611B}.AppStore|iPhoneSimulator.Build.0 = Debug|Any CPU
		{A579E108-5445-403D-A407-339AC4D1611B}.AppStore|x64.ActiveCfg = Debug|Any CPU
		{A579E108-5445-403D-A407-339AC4D1611B}.AppStore|x64.Build.0 = Debug|Any CPU
		{A579E108-5445-403D-A407-339AC4D1611B}.AppStore|x86.ActiveCfg = Debug|Any CPU
		{A579E108-5445-403D-A407-339AC4D1611B}.AppStore|x86.Build.0 = Debug|Any CPU
		{A579E108-5445-403D-A407-339AC4D1611B}.Debug|Any CPU.ActiveCfg = Debug|Any CPU
		{A579E108-5445-403D-A407-339AC4D1611B}.Debug|Any CPU.Build.0 = Debug|Any CPU
		{A579E108-5445-403D-A407-339AC4D1611B}.Debug|ARM.ActiveCfg = Debug|Any CPU
		{A579E108-5445-403D-A407-339AC4D1611B}.Debug|ARM.Build.0 = Debug|Any CPU
		{A579E108-5445-403D-A407-339AC4D1611B}.Debug|iPhone.ActiveCfg = Debug|Any CPU
		{A579E108-5445-403D-A407-339AC4D1611B}.Debug|iPhone.Build.0 = Debug|Any CPU
		{A579E108-5445-403D-A407-339AC4D1611B}.Debug|iPhoneSimulator.ActiveCfg = Debug|Any CPU
		{A579E108-5445-403D-A407-339AC4D1611B}.Debug|iPhoneSimulator.Build.0 = Debug|Any CPU
		{A579E108-5445-403D-A407-339AC4D1611B}.Debug|x64.ActiveCfg = Debug|Any CPU
		{A579E108-5445-403D-A407-339AC4D1611B}.Debug|x64.Build.0 = Debug|Any CPU
		{A579E108-5445-403D-A407-339AC4D1611B}.Debug|x86.ActiveCfg = Debug|Any CPU
		{A579E108-5445-403D-A407-339AC4D1611B}.Debug|x86.Build.0 = Debug|Any CPU
		{A579E108-5445-403D-A407-339AC4D1611B}.Release|Any CPU.ActiveCfg = Release|Any CPU
		{A579E108-5445-403D-A407-339AC4D1611B}.Release|Any CPU.Build.0 = Release|Any CPU
		{A579E108-5445-403D-A407-339AC4D1611B}.Release|ARM.ActiveCfg = Release|Any CPU
		{A579E108-5445-403D-A407-339AC4D1611B}.Release|ARM.Build.0 = Release|Any CPU
		{A579E108-5445-403D-A407-339AC4D1611B}.Release|iPhone.ActiveCfg = Release|Any CPU
		{A579E108-5445-403D-A407-339AC4D1611B}.Release|iPhone.Build.0 = Release|Any CPU
		{A579E108-5445-403D-A407-339AC4D1611B}.Release|iPhoneSimulator.ActiveCfg = Release|Any CPU
		{A579E108-5445-403D-A407-339AC4D1611B}.Release|iPhoneSimulator.Build.0 = Release|Any CPU
		{A579E108-5445-403D-A407-339AC4D1611B}.Release|x64.ActiveCfg = Release|Any CPU
		{A579E108-5445-403D-A407-339AC4D1611B}.Release|x64.Build.0 = Release|Any CPU
		{A579E108-5445-403D-A407-339AC4D1611B}.Release|x86.ActiveCfg = Release|Any CPU
		{A579E108-5445-403D-A407-339AC4D1611B}.Release|x86.Build.0 = Release|Any CPU
		{0044B293-1DCC-4224-B948-00CF6DC7F510}.Ad-Hoc|Any CPU.ActiveCfg = Debug|Any CPU
		{0044B293-1DCC-4224-B948-00CF6DC7F510}.Ad-Hoc|Any CPU.Build.0 = Debug|Any CPU
		{0044B293-1DCC-4224-B948-00CF6DC7F510}.Ad-Hoc|ARM.ActiveCfg = Debug|Any CPU
		{0044B293-1DCC-4224-B948-00CF6DC7F510}.Ad-Hoc|ARM.Build.0 = Debug|Any CPU
		{0044B293-1DCC-4224-B948-00CF6DC7F510}.Ad-Hoc|iPhone.ActiveCfg = Debug|Any CPU
		{0044B293-1DCC-4224-B948-00CF6DC7F510}.Ad-Hoc|iPhone.Build.0 = Debug|Any CPU
		{0044B293-1DCC-4224-B948-00CF6DC7F510}.Ad-Hoc|iPhoneSimulator.ActiveCfg = Debug|Any CPU
		{0044B293-1DCC-4224-B948-00CF6DC7F510}.Ad-Hoc|iPhoneSimulator.Build.0 = Debug|Any CPU
		{0044B293-1DCC-4224-B948-00CF6DC7F510}.Ad-Hoc|x64.ActiveCfg = Debug|Any CPU
		{0044B293-1DCC-4224-B948-00CF6DC7F510}.Ad-Hoc|x64.Build.0 = Debug|Any CPU
		{0044B293-1DCC-4224-B948-00CF6DC7F510}.Ad-Hoc|x86.ActiveCfg = Debug|Any CPU
		{0044B293-1DCC-4224-B948-00CF6DC7F510}.Ad-Hoc|x86.Build.0 = Debug|Any CPU
		{0044B293-1DCC-4224-B948-00CF6DC7F510}.AppStore|Any CPU.ActiveCfg = Debug|Any CPU
		{0044B293-1DCC-4224-B948-00CF6DC7F510}.AppStore|Any CPU.Build.0 = Debug|Any CPU
		{0044B293-1DCC-4224-B948-00CF6DC7F510}.AppStore|ARM.ActiveCfg = Debug|Any CPU
		{0044B293-1DCC-4224-B948-00CF6DC7F510}.AppStore|ARM.Build.0 = Debug|Any CPU
		{0044B293-1DCC-4224-B948-00CF6DC7F510}.AppStore|iPhone.ActiveCfg = Debug|Any CPU
		{0044B293-1DCC-4224-B948-00CF6DC7F510}.AppStore|iPhone.Build.0 = Debug|Any CPU
		{0044B293-1DCC-4224-B948-00CF6DC7F510}.AppStore|iPhoneSimulator.ActiveCfg = Debug|Any CPU
		{0044B293-1DCC-4224-B948-00CF6DC7F510}.AppStore|iPhoneSimulator.Build.0 = Debug|Any CPU
		{0044B293-1DCC-4224-B948-00CF6DC7F510}.AppStore|x64.ActiveCfg = Debug|Any CPU
		{0044B293-1DCC-4224-B948-00CF6DC7F510}.AppStore|x64.Build.0 = Debug|Any CPU
		{0044B293-1DCC-4224-B948-00CF6DC7F510}.AppStore|x86.ActiveCfg = Debug|Any CPU
		{0044B293-1DCC-4224-B948-00CF6DC7F510}.AppStore|x86.Build.0 = Debug|Any CPU
		{0044B293-1DCC-4224-B948-00CF6DC7F510}.Debug|Any CPU.ActiveCfg = Debug|Any CPU
		{0044B293-1DCC-4224-B948-00CF6DC7F510}.Debug|Any CPU.Build.0 = Debug|Any CPU
		{0044B293-1DCC-4224-B948-00CF6DC7F510}.Debug|ARM.ActiveCfg = Debug|Any CPU
		{0044B293-1DCC-4224-B948-00CF6DC7F510}.Debug|ARM.Build.0 = Debug|Any CPU
		{0044B293-1DCC-4224-B948-00CF6DC7F510}.Debug|iPhone.ActiveCfg = Debug|Any CPU
		{0044B293-1DCC-4224-B948-00CF6DC7F510}.Debug|iPhone.Build.0 = Debug|Any CPU
		{0044B293-1DCC-4224-B948-00CF6DC7F510}.Debug|iPhoneSimulator.ActiveCfg = Debug|Any CPU
		{0044B293-1DCC-4224-B948-00CF6DC7F510}.Debug|iPhoneSimulator.Build.0 = Debug|Any CPU
		{0044B293-1DCC-4224-B948-00CF6DC7F510}.Debug|x64.ActiveCfg = Debug|Any CPU
		{0044B293-1DCC-4224-B948-00CF6DC7F510}.Debug|x64.Build.0 = Debug|Any CPU
		{0044B293-1DCC-4224-B948-00CF6DC7F510}.Debug|x86.ActiveCfg = Debug|Any CPU
		{0044B293-1DCC-4224-B948-00CF6DC7F510}.Debug|x86.Build.0 = Debug|Any CPU
		{0044B293-1DCC-4224-B948-00CF6DC7F510}.Release|Any CPU.ActiveCfg = Release|Any CPU
		{0044B293-1DCC-4224-B948-00CF6DC7F510}.Release|Any CPU.Build.0 = Release|Any CPU
		{0044B293-1DCC-4224-B948-00CF6DC7F510}.Release|ARM.ActiveCfg = Release|Any CPU
		{0044B293-1DCC-4224-B948-00CF6DC7F510}.Release|ARM.Build.0 = Release|Any CPU
		{0044B293-1DCC-4224-B948-00CF6DC7F510}.Release|iPhone.ActiveCfg = Release|Any CPU
		{0044B293-1DCC-4224-B948-00CF6DC7F510}.Release|iPhone.Build.0 = Release|Any CPU
		{0044B293-1DCC-4224-B948-00CF6DC7F510}.Release|iPhoneSimulator.ActiveCfg = Release|Any CPU
		{0044B293-1DCC-4224-B948-00CF6DC7F510}.Release|iPhoneSimulator.Build.0 = Release|Any CPU
		{0044B293-1DCC-4224-B948-00CF6DC7F510}.Release|x64.ActiveCfg = Release|Any CPU
		{0044B293-1DCC-4224-B948-00CF6DC7F510}.Release|x64.Build.0 = Release|Any CPU
		{0044B293-1DCC-4224-B948-00CF6DC7F510}.Release|x86.ActiveCfg = Release|Any CPU
		{0044B293-1DCC-4224-B948-00CF6DC7F510}.Release|x86.Build.0 = Release|Any CPU
		{1A01AF82-6FCB-464C-B39C-F127AEBD315D}.Ad-Hoc|Any CPU.ActiveCfg = Debug|Any CPU
		{1A01AF82-6FCB-464C-B39C-F127AEBD315D}.Ad-Hoc|Any CPU.Build.0 = Debug|Any CPU
		{1A01AF82-6FCB-464C-B39C-F127AEBD315D}.Ad-Hoc|ARM.ActiveCfg = Debug|Any CPU
		{1A01AF82-6FCB-464C-B39C-F127AEBD315D}.Ad-Hoc|ARM.Build.0 = Debug|Any CPU
		{1A01AF82-6FCB-464C-B39C-F127AEBD315D}.Ad-Hoc|iPhone.ActiveCfg = Debug|Any CPU
		{1A01AF82-6FCB-464C-B39C-F127AEBD315D}.Ad-Hoc|iPhone.Build.0 = Debug|Any CPU
		{1A01AF82-6FCB-464C-B39C-F127AEBD315D}.Ad-Hoc|iPhoneSimulator.ActiveCfg = Debug|Any CPU
		{1A01AF82-6FCB-464C-B39C-F127AEBD315D}.Ad-Hoc|iPhoneSimulator.Build.0 = Debug|Any CPU
		{1A01AF82-6FCB-464C-B39C-F127AEBD315D}.Ad-Hoc|x64.ActiveCfg = Debug|Any CPU
		{1A01AF82-6FCB-464C-B39C-F127AEBD315D}.Ad-Hoc|x64.Build.0 = Debug|Any CPU
		{1A01AF82-6FCB-464C-B39C-F127AEBD315D}.Ad-Hoc|x86.ActiveCfg = Debug|Any CPU
		{1A01AF82-6FCB-464C-B39C-F127AEBD315D}.Ad-Hoc|x86.Build.0 = Debug|Any CPU
		{1A01AF82-6FCB-464C-B39C-F127AEBD315D}.AppStore|Any CPU.ActiveCfg = Debug|Any CPU
		{1A01AF82-6FCB-464C-B39C-F127AEBD315D}.AppStore|Any CPU.Build.0 = Debug|Any CPU
		{1A01AF82-6FCB-464C-B39C-F127AEBD315D}.AppStore|ARM.ActiveCfg = Debug|Any CPU
		{1A01AF82-6FCB-464C-B39C-F127AEBD315D}.AppStore|ARM.Build.0 = Debug|Any CPU
		{1A01AF82-6FCB-464C-B39C-F127AEBD315D}.AppStore|iPhone.ActiveCfg = Debug|Any CPU
		{1A01AF82-6FCB-464C-B39C-F127AEBD315D}.AppStore|iPhone.Build.0 = Debug|Any CPU
		{1A01AF82-6FCB-464C-B39C-F127AEBD315D}.AppStore|iPhoneSimulator.ActiveCfg = Debug|Any CPU
		{1A01AF82-6FCB-464C-B39C-F127AEBD315D}.AppStore|iPhoneSimulator.Build.0 = Debug|Any CPU
		{1A01AF82-6FCB-464C-B39C-F127AEBD315D}.AppStore|x64.ActiveCfg = Debug|Any CPU
		{1A01AF82-6FCB-464C-B39C-F127AEBD315D}.AppStore|x64.Build.0 = Debug|Any CPU
		{1A01AF82-6FCB-464C-B39C-F127AEBD315D}.AppStore|x86.ActiveCfg = Debug|Any CPU
		{1A01AF82-6FCB-464C-B39C-F127AEBD315D}.AppStore|x86.Build.0 = Debug|Any CPU
		{1A01AF82-6FCB-464C-B39C-F127AEBD315D}.Debug|Any CPU.ActiveCfg = Debug|Any CPU
		{1A01AF82-6FCB-464C-B39C-F127AEBD315D}.Debug|Any CPU.Build.0 = Debug|Any CPU
		{1A01AF82-6FCB-464C-B39C-F127AEBD315D}.Debug|ARM.ActiveCfg = Debug|Any CPU
		{1A01AF82-6FCB-464C-B39C-F127AEBD315D}.Debug|ARM.Build.0 = Debug|Any CPU
		{1A01AF82-6FCB-464C-B39C-F127AEBD315D}.Debug|iPhone.ActiveCfg = Debug|Any CPU
		{1A01AF82-6FCB-464C-B39C-F127AEBD315D}.Debug|iPhone.Build.0 = Debug|Any CPU
		{1A01AF82-6FCB-464C-B39C-F127AEBD315D}.Debug|iPhoneSimulator.ActiveCfg = Debug|Any CPU
		{1A01AF82-6FCB-464C-B39C-F127AEBD315D}.Debug|iPhoneSimulator.Build.0 = Debug|Any CPU
		{1A01AF82-6FCB-464C-B39C-F127AEBD315D}.Debug|x64.ActiveCfg = Debug|Any CPU
		{1A01AF82-6FCB-464C-B39C-F127AEBD315D}.Debug|x64.Build.0 = Debug|Any CPU
		{1A01AF82-6FCB-464C-B39C-F127AEBD315D}.Debug|x86.ActiveCfg = Debug|Any CPU
		{1A01AF82-6FCB-464C-B39C-F127AEBD315D}.Debug|x86.Build.0 = Debug|Any CPU
		{1A01AF82-6FCB-464C-B39C-F127AEBD315D}.Release|Any CPU.ActiveCfg = Release|Any CPU
		{1A01AF82-6FCB-464C-B39C-F127AEBD315D}.Release|Any CPU.Build.0 = Release|Any CPU
		{1A01AF82-6FCB-464C-B39C-F127AEBD315D}.Release|ARM.ActiveCfg = Release|Any CPU
		{1A01AF82-6FCB-464C-B39C-F127AEBD315D}.Release|ARM.Build.0 = Release|Any CPU
		{1A01AF82-6FCB-464C-B39C-F127AEBD315D}.Release|iPhone.ActiveCfg = Release|Any CPU
		{1A01AF82-6FCB-464C-B39C-F127AEBD315D}.Release|iPhone.Build.0 = Release|Any CPU
		{1A01AF82-6FCB-464C-B39C-F127AEBD315D}.Release|iPhoneSimulator.ActiveCfg = Release|Any CPU
		{1A01AF82-6FCB-464C-B39C-F127AEBD315D}.Release|iPhoneSimulator.Build.0 = Release|Any CPU
		{1A01AF82-6FCB-464C-B39C-F127AEBD315D}.Release|x64.ActiveCfg = Release|Any CPU
		{1A01AF82-6FCB-464C-B39C-F127AEBD315D}.Release|x64.Build.0 = Release|Any CPU
		{1A01AF82-6FCB-464C-B39C-F127AEBD315D}.Release|x86.ActiveCfg = Release|Any CPU
		{1A01AF82-6FCB-464C-B39C-F127AEBD315D}.Release|x86.Build.0 = Release|Any CPU
		{69AF10D3-AA76-4FF7-B187-EC7E8CC5F5B8}.Ad-Hoc|Any CPU.ActiveCfg = Debug|Any CPU
		{69AF10D3-AA76-4FF7-B187-EC7E8CC5F5B8}.Ad-Hoc|Any CPU.Build.0 = Debug|Any CPU
		{69AF10D3-AA76-4FF7-B187-EC7E8CC5F5B8}.Ad-Hoc|ARM.ActiveCfg = Debug|Any CPU
		{69AF10D3-AA76-4FF7-B187-EC7E8CC5F5B8}.Ad-Hoc|ARM.Build.0 = Debug|Any CPU
		{69AF10D3-AA76-4FF7-B187-EC7E8CC5F5B8}.Ad-Hoc|iPhone.ActiveCfg = Debug|Any CPU
		{69AF10D3-AA76-4FF7-B187-EC7E8CC5F5B8}.Ad-Hoc|iPhone.Build.0 = Debug|Any CPU
		{69AF10D3-AA76-4FF7-B187-EC7E8CC5F5B8}.Ad-Hoc|iPhoneSimulator.ActiveCfg = Debug|Any CPU
		{69AF10D3-AA76-4FF7-B187-EC7E8CC5F5B8}.Ad-Hoc|iPhoneSimulator.Build.0 = Debug|Any CPU
		{69AF10D3-AA76-4FF7-B187-EC7E8CC5F5B8}.Ad-Hoc|x64.ActiveCfg = Debug|Any CPU
		{69AF10D3-AA76-4FF7-B187-EC7E8CC5F5B8}.Ad-Hoc|x64.Build.0 = Debug|Any CPU
		{69AF10D3-AA76-4FF7-B187-EC7E8CC5F5B8}.Ad-Hoc|x86.ActiveCfg = Debug|Any CPU
		{69AF10D3-AA76-4FF7-B187-EC7E8CC5F5B8}.Ad-Hoc|x86.Build.0 = Debug|Any CPU
		{69AF10D3-AA76-4FF7-B187-EC7E8CC5F5B8}.AppStore|Any CPU.ActiveCfg = Debug|Any CPU
		{69AF10D3-AA76-4FF7-B187-EC7E8CC5F5B8}.AppStore|Any CPU.Build.0 = Debug|Any CPU
		{69AF10D3-AA76-4FF7-B187-EC7E8CC5F5B8}.AppStore|ARM.ActiveCfg = Debug|Any CPU
		{69AF10D3-AA76-4FF7-B187-EC7E8CC5F5B8}.AppStore|ARM.Build.0 = Debug|Any CPU
		{69AF10D3-AA76-4FF7-B187-EC7E8CC5F5B8}.AppStore|iPhone.ActiveCfg = Debug|Any CPU
		{69AF10D3-AA76-4FF7-B187-EC7E8CC5F5B8}.AppStore|iPhone.Build.0 = Debug|Any CPU
		{69AF10D3-AA76-4FF7-B187-EC7E8CC5F5B8}.AppStore|iPhoneSimulator.ActiveCfg = Debug|Any CPU
		{69AF10D3-AA76-4FF7-B187-EC7E8CC5F5B8}.AppStore|iPhoneSimulator.Build.0 = Debug|Any CPU
		{69AF10D3-AA76-4FF7-B187-EC7E8CC5F5B8}.AppStore|x64.ActiveCfg = Debug|Any CPU
		{69AF10D3-AA76-4FF7-B187-EC7E8CC5F5B8}.AppStore|x64.Build.0 = Debug|Any CPU
		{69AF10D3-AA76-4FF7-B187-EC7E8CC5F5B8}.AppStore|x86.ActiveCfg = Debug|Any CPU
		{69AF10D3-AA76-4FF7-B187-EC7E8CC5F5B8}.AppStore|x86.Build.0 = Debug|Any CPU
		{69AF10D3-AA76-4FF7-B187-EC7E8CC5F5B8}.Debug|Any CPU.ActiveCfg = Debug|Any CPU
		{69AF10D3-AA76-4FF7-B187-EC7E8CC5F5B8}.Debug|Any CPU.Build.0 = Debug|Any CPU
		{69AF10D3-AA76-4FF7-B187-EC7E8CC5F5B8}.Debug|ARM.ActiveCfg = Debug|Any CPU
		{69AF10D3-AA76-4FF7-B187-EC7E8CC5F5B8}.Debug|ARM.Build.0 = Debug|Any CPU
		{69AF10D3-AA76-4FF7-B187-EC7E8CC5F5B8}.Debug|iPhone.ActiveCfg = Debug|Any CPU
		{69AF10D3-AA76-4FF7-B187-EC7E8CC5F5B8}.Debug|iPhone.Build.0 = Debug|Any CPU
		{69AF10D3-AA76-4FF7-B187-EC7E8CC5F5B8}.Debug|iPhoneSimulator.ActiveCfg = Debug|Any CPU
		{69AF10D3-AA76-4FF7-B187-EC7E8CC5F5B8}.Debug|iPhoneSimulator.Build.0 = Debug|Any CPU
		{69AF10D3-AA76-4FF7-B187-EC7E8CC5F5B8}.Debug|x64.ActiveCfg = Debug|Any CPU
		{69AF10D3-AA76-4FF7-B187-EC7E8CC5F5B8}.Debug|x64.Build.0 = Debug|Any CPU
		{69AF10D3-AA76-4FF7-B187-EC7E8CC5F5B8}.Debug|x86.ActiveCfg = Debug|Any CPU
		{69AF10D3-AA76-4FF7-B187-EC7E8CC5F5B8}.Debug|x86.Build.0 = Debug|Any CPU
		{69AF10D3-AA76-4FF7-B187-EC7E8CC5F5B8}.Release|Any CPU.ActiveCfg = Release|Any CPU
		{69AF10D3-AA76-4FF7-B187-EC7E8CC5F5B8}.Release|Any CPU.Build.0 = Release|Any CPU
		{69AF10D3-AA76-4FF7-B187-EC7E8CC5F5B8}.Release|ARM.ActiveCfg = Release|Any CPU
		{69AF10D3-AA76-4FF7-B187-EC7E8CC5F5B8}.Release|ARM.Build.0 = Release|Any CPU
		{69AF10D3-AA76-4FF7-B187-EC7E8CC5F5B8}.Release|iPhone.ActiveCfg = Release|Any CPU
		{69AF10D3-AA76-4FF7-B187-EC7E8CC5F5B8}.Release|iPhone.Build.0 = Release|Any CPU
		{69AF10D3-AA76-4FF7-B187-EC7E8CC5F5B8}.Release|iPhoneSimulator.ActiveCfg = Release|Any CPU
		{69AF10D3-AA76-4FF7-B187-EC7E8CC5F5B8}.Release|iPhoneSimulator.Build.0 = Release|Any CPU
		{69AF10D3-AA76-4FF7-B187-EC7E8CC5F5B8}.Release|x64.ActiveCfg = Release|Any CPU
		{69AF10D3-AA76-4FF7-B187-EC7E8CC5F5B8}.Release|x64.Build.0 = Release|Any CPU
		{69AF10D3-AA76-4FF7-B187-EC7E8CC5F5B8}.Release|x86.ActiveCfg = Release|Any CPU
		{69AF10D3-AA76-4FF7-B187-EC7E8CC5F5B8}.Release|x86.Build.0 = Release|Any CPU
		{15F4B3AA-89B6-4A0D-9051-414305974781}.Ad-Hoc|Any CPU.ActiveCfg = Debug|Any CPU
		{15F4B3AA-89B6-4A0D-9051-414305974781}.Ad-Hoc|Any CPU.Build.0 = Debug|Any CPU
		{15F4B3AA-89B6-4A0D-9051-414305974781}.Ad-Hoc|ARM.ActiveCfg = Debug|Any CPU
		{15F4B3AA-89B6-4A0D-9051-414305974781}.Ad-Hoc|ARM.Build.0 = Debug|Any CPU
		{15F4B3AA-89B6-4A0D-9051-414305974781}.Ad-Hoc|iPhone.ActiveCfg = Debug|Any CPU
		{15F4B3AA-89B6-4A0D-9051-414305974781}.Ad-Hoc|iPhone.Build.0 = Debug|Any CPU
		{15F4B3AA-89B6-4A0D-9051-414305974781}.Ad-Hoc|iPhoneSimulator.ActiveCfg = Debug|Any CPU
		{15F4B3AA-89B6-4A0D-9051-414305974781}.Ad-Hoc|iPhoneSimulator.Build.0 = Debug|Any CPU
		{15F4B3AA-89B6-4A0D-9051-414305974781}.Ad-Hoc|x64.ActiveCfg = Debug|Any CPU
		{15F4B3AA-89B6-4A0D-9051-414305974781}.Ad-Hoc|x64.Build.0 = Debug|Any CPU
		{15F4B3AA-89B6-4A0D-9051-414305974781}.Ad-Hoc|x86.ActiveCfg = Debug|Any CPU
		{15F4B3AA-89B6-4A0D-9051-414305974781}.Ad-Hoc|x86.Build.0 = Debug|Any CPU
		{15F4B3AA-89B6-4A0D-9051-414305974781}.AppStore|Any CPU.ActiveCfg = Debug|Any CPU
		{15F4B3AA-89B6-4A0D-9051-414305974781}.AppStore|Any CPU.Build.0 = Debug|Any CPU
		{15F4B3AA-89B6-4A0D-9051-414305974781}.AppStore|ARM.ActiveCfg = Debug|Any CPU
		{15F4B3AA-89B6-4A0D-9051-414305974781}.AppStore|ARM.Build.0 = Debug|Any CPU
		{15F4B3AA-89B6-4A0D-9051-414305974781}.AppStore|iPhone.ActiveCfg = Debug|Any CPU
		{15F4B3AA-89B6-4A0D-9051-414305974781}.AppStore|iPhone.Build.0 = Debug|Any CPU
		{15F4B3AA-89B6-4A0D-9051-414305974781}.AppStore|iPhoneSimulator.ActiveCfg = Debug|Any CPU
		{15F4B3AA-89B6-4A0D-9051-414305974781}.AppStore|iPhoneSimulator.Build.0 = Debug|Any CPU
		{15F4B3AA-89B6-4A0D-9051-414305974781}.AppStore|x64.ActiveCfg = Debug|Any CPU
		{15F4B3AA-89B6-4A0D-9051-414305974781}.AppStore|x64.Build.0 = Debug|Any CPU
		{15F4B3AA-89B6-4A0D-9051-414305974781}.AppStore|x86.ActiveCfg = Debug|Any CPU
		{15F4B3AA-89B6-4A0D-9051-414305974781}.AppStore|x86.Build.0 = Debug|Any CPU
		{15F4B3AA-89B6-4A0D-9051-414305974781}.Debug|Any CPU.ActiveCfg = Debug|Any CPU
		{15F4B3AA-89B6-4A0D-9051-414305974781}.Debug|Any CPU.Build.0 = Debug|Any CPU
		{15F4B3AA-89B6-4A0D-9051-414305974781}.Debug|ARM.ActiveCfg = Debug|Any CPU
		{15F4B3AA-89B6-4A0D-9051-414305974781}.Debug|ARM.Build.0 = Debug|Any CPU
		{15F4B3AA-89B6-4A0D-9051-414305974781}.Debug|iPhone.ActiveCfg = Debug|Any CPU
		{15F4B3AA-89B6-4A0D-9051-414305974781}.Debug|iPhone.Build.0 = Debug|Any CPU
		{15F4B3AA-89B6-4A0D-9051-414305974781}.Debug|iPhoneSimulator.ActiveCfg = Debug|Any CPU
		{15F4B3AA-89B6-4A0D-9051-414305974781}.Debug|iPhoneSimulator.Build.0 = Debug|Any CPU
		{15F4B3AA-89B6-4A0D-9051-414305974781}.Debug|x64.ActiveCfg = Debug|Any CPU
		{15F4B3AA-89B6-4A0D-9051-414305974781}.Debug|x64.Build.0 = Debug|Any CPU
		{15F4B3AA-89B6-4A0D-9051-414305974781}.Debug|x86.ActiveCfg = Debug|Any CPU
		{15F4B3AA-89B6-4A0D-9051-414305974781}.Debug|x86.Build.0 = Debug|Any CPU
		{15F4B3AA-89B6-4A0D-9051-414305974781}.Release|Any CPU.ActiveCfg = Release|Any CPU
		{15F4B3AA-89B6-4A0D-9051-414305974781}.Release|Any CPU.Build.0 = Release|Any CPU
		{15F4B3AA-89B6-4A0D-9051-414305974781}.Release|ARM.ActiveCfg = Release|Any CPU
		{15F4B3AA-89B6-4A0D-9051-414305974781}.Release|ARM.Build.0 = Release|Any CPU
		{15F4B3AA-89B6-4A0D-9051-414305974781}.Release|iPhone.ActiveCfg = Release|Any CPU
		{15F4B3AA-89B6-4A0D-9051-414305974781}.Release|iPhone.Build.0 = Release|Any CPU
		{15F4B3AA-89B6-4A0D-9051-414305974781}.Release|iPhoneSimulator.ActiveCfg = Release|Any CPU
		{15F4B3AA-89B6-4A0D-9051-414305974781}.Release|iPhoneSimulator.Build.0 = Release|Any CPU
		{15F4B3AA-89B6-4A0D-9051-414305974781}.Release|x64.ActiveCfg = Release|Any CPU
		{15F4B3AA-89B6-4A0D-9051-414305974781}.Release|x64.Build.0 = Release|Any CPU
		{15F4B3AA-89B6-4A0D-9051-414305974781}.Release|x86.ActiveCfg = Release|Any CPU
		{15F4B3AA-89B6-4A0D-9051-414305974781}.Release|x86.Build.0 = Release|Any CPU
		{B0B3916B-DE0E-42B7-B5C8-035E99C4AEEE}.Ad-Hoc|Any CPU.ActiveCfg = Debug|Any CPU
		{B0B3916B-DE0E-42B7-B5C8-035E99C4AEEE}.Ad-Hoc|Any CPU.Build.0 = Debug|Any CPU
		{B0B3916B-DE0E-42B7-B5C8-035E99C4AEEE}.Ad-Hoc|ARM.ActiveCfg = Debug|Any CPU
		{B0B3916B-DE0E-42B7-B5C8-035E99C4AEEE}.Ad-Hoc|ARM.Build.0 = Debug|Any CPU
		{B0B3916B-DE0E-42B7-B5C8-035E99C4AEEE}.Ad-Hoc|iPhone.ActiveCfg = Debug|Any CPU
		{B0B3916B-DE0E-42B7-B5C8-035E99C4AEEE}.Ad-Hoc|iPhone.Build.0 = Debug|Any CPU
		{B0B3916B-DE0E-42B7-B5C8-035E99C4AEEE}.Ad-Hoc|iPhoneSimulator.ActiveCfg = Debug|Any CPU
		{B0B3916B-DE0E-42B7-B5C8-035E99C4AEEE}.Ad-Hoc|iPhoneSimulator.Build.0 = Debug|Any CPU
		{B0B3916B-DE0E-42B7-B5C8-035E99C4AEEE}.Ad-Hoc|x64.ActiveCfg = Debug|Any CPU
		{B0B3916B-DE0E-42B7-B5C8-035E99C4AEEE}.Ad-Hoc|x64.Build.0 = Debug|Any CPU
		{B0B3916B-DE0E-42B7-B5C8-035E99C4AEEE}.Ad-Hoc|x86.ActiveCfg = Debug|Any CPU
		{B0B3916B-DE0E-42B7-B5C8-035E99C4AEEE}.Ad-Hoc|x86.Build.0 = Debug|Any CPU
		{B0B3916B-DE0E-42B7-B5C8-035E99C4AEEE}.AppStore|Any CPU.ActiveCfg = Debug|Any CPU
		{B0B3916B-DE0E-42B7-B5C8-035E99C4AEEE}.AppStore|Any CPU.Build.0 = Debug|Any CPU
		{B0B3916B-DE0E-42B7-B5C8-035E99C4AEEE}.AppStore|ARM.ActiveCfg = Debug|Any CPU
		{B0B3916B-DE0E-42B7-B5C8-035E99C4AEEE}.AppStore|ARM.Build.0 = Debug|Any CPU
		{B0B3916B-DE0E-42B7-B5C8-035E99C4AEEE}.AppStore|iPhone.ActiveCfg = Debug|Any CPU
		{B0B3916B-DE0E-42B7-B5C8-035E99C4AEEE}.AppStore|iPhone.Build.0 = Debug|Any CPU
		{B0B3916B-DE0E-42B7-B5C8-035E99C4AEEE}.AppStore|iPhoneSimulator.ActiveCfg = Debug|Any CPU
		{B0B3916B-DE0E-42B7-B5C8-035E99C4AEEE}.AppStore|iPhoneSimulator.Build.0 = Debug|Any CPU
		{B0B3916B-DE0E-42B7-B5C8-035E99C4AEEE}.AppStore|x64.ActiveCfg = Debug|Any CPU
		{B0B3916B-DE0E-42B7-B5C8-035E99C4AEEE}.AppStore|x64.Build.0 = Debug|Any CPU
		{B0B3916B-DE0E-42B7-B5C8-035E99C4AEEE}.AppStore|x86.ActiveCfg = Debug|Any CPU
		{B0B3916B-DE0E-42B7-B5C8-035E99C4AEEE}.AppStore|x86.Build.0 = Debug|Any CPU
		{B0B3916B-DE0E-42B7-B5C8-035E99C4AEEE}.Debug|Any CPU.ActiveCfg = Debug|Any CPU
		{B0B3916B-DE0E-42B7-B5C8-035E99C4AEEE}.Debug|Any CPU.Build.0 = Debug|Any CPU
		{B0B3916B-DE0E-42B7-B5C8-035E99C4AEEE}.Debug|ARM.ActiveCfg = Debug|Any CPU
		{B0B3916B-DE0E-42B7-B5C8-035E99C4AEEE}.Debug|ARM.Build.0 = Debug|Any CPU
		{B0B3916B-DE0E-42B7-B5C8-035E99C4AEEE}.Debug|iPhone.ActiveCfg = Debug|Any CPU
		{B0B3916B-DE0E-42B7-B5C8-035E99C4AEEE}.Debug|iPhone.Build.0 = Debug|Any CPU
		{B0B3916B-DE0E-42B7-B5C8-035E99C4AEEE}.Debug|iPhoneSimulator.ActiveCfg = Debug|Any CPU
		{B0B3916B-DE0E-42B7-B5C8-035E99C4AEEE}.Debug|iPhoneSimulator.Build.0 = Debug|Any CPU
		{B0B3916B-DE0E-42B7-B5C8-035E99C4AEEE}.Debug|x64.ActiveCfg = Debug|Any CPU
		{B0B3916B-DE0E-42B7-B5C8-035E99C4AEEE}.Debug|x64.Build.0 = Debug|Any CPU
		{B0B3916B-DE0E-42B7-B5C8-035E99C4AEEE}.Debug|x86.ActiveCfg = Debug|Any CPU
		{B0B3916B-DE0E-42B7-B5C8-035E99C4AEEE}.Debug|x86.Build.0 = Debug|Any CPU
		{B0B3916B-DE0E-42B7-B5C8-035E99C4AEEE}.Release|Any CPU.ActiveCfg = Release|Any CPU
		{B0B3916B-DE0E-42B7-B5C8-035E99C4AEEE}.Release|Any CPU.Build.0 = Release|Any CPU
		{B0B3916B-DE0E-42B7-B5C8-035E99C4AEEE}.Release|ARM.ActiveCfg = Release|Any CPU
		{B0B3916B-DE0E-42B7-B5C8-035E99C4AEEE}.Release|ARM.Build.0 = Release|Any CPU
		{B0B3916B-DE0E-42B7-B5C8-035E99C4AEEE}.Release|iPhone.ActiveCfg = Release|Any CPU
		{B0B3916B-DE0E-42B7-B5C8-035E99C4AEEE}.Release|iPhone.Build.0 = Release|Any CPU
		{B0B3916B-DE0E-42B7-B5C8-035E99C4AEEE}.Release|iPhoneSimulator.ActiveCfg = Release|Any CPU
		{B0B3916B-DE0E-42B7-B5C8-035E99C4AEEE}.Release|iPhoneSimulator.Build.0 = Release|Any CPU
		{B0B3916B-DE0E-42B7-B5C8-035E99C4AEEE}.Release|x64.ActiveCfg = Release|Any CPU
		{B0B3916B-DE0E-42B7-B5C8-035E99C4AEEE}.Release|x64.Build.0 = Release|Any CPU
		{B0B3916B-DE0E-42B7-B5C8-035E99C4AEEE}.Release|x86.ActiveCfg = Release|Any CPU
		{B0B3916B-DE0E-42B7-B5C8-035E99C4AEEE}.Release|x86.Build.0 = Release|Any CPU
	EndGlobalSection
	GlobalSection(SolutionProperties) = preSolution
		HideSolutionNode = FALSE
	EndGlobalSection
	GlobalSection(NestedProjects) = preSolution
		{91CF7717-08AB-4E65-B10E-0B426F01E2E8} = {932D8224-11F6-4D07-B109-DA28AD288A63}
		{E279BF0F-7F66-4F3A-A3AB-2CDA66C1CD04} = {932D8224-11F6-4D07-B109-DA28AD288A63}
		{326A7FB3-5295-468C-A4FE-67DCB823E1E5} = {91CF7717-08AB-4E65-B10E-0B426F01E2E8}
		{BF3EF4F3-E4F5-41DA-9D2D-57223687D1A8} = {91CF7717-08AB-4E65-B10E-0B426F01E2E8}
		{0BD0DB92-2D98-44D9-9AC0-C59186D59B0B} = {91CF7717-08AB-4E65-B10E-0B426F01E2E8}
		{24CD3B53-141E-4A07-9B0D-796641E1CF78} = {91CF7717-08AB-4E65-B10E-0B426F01E2E8}
		{2110CBB0-3B38-4EE4-A743-DF6968D80D90} = {BF3EF4F3-E4F5-41DA-9D2D-57223687D1A8}
		{42681D9D-750A-4DF7-BD9F-9292CFD5C253} = {326A7FB3-5295-468C-A4FE-67DCB823E1E5}
		{231226CE-690B-4979-8870-9A79D80928E2} = {0BD0DB92-2D98-44D9-9AC0-C59186D59B0B}
		{F5598DCB-6DDE-4661-AD9D-A55612DA7E76} = {0BD0DB92-2D98-44D9-9AC0-C59186D59B0B}
		{F0333D8E-0B27-42B7-B2C6-78F3657624E2} = {E279BF0F-7F66-4F3A-A3AB-2CDA66C1CD04}
		{95F1F07C-4D92-4742-BD07-E5B805AAB651} = {0BD0DB92-2D98-44D9-9AC0-C59186D59B0B}
		{A579E108-5445-403D-A407-339AC4D1611B} = {24CD3B53-141E-4A07-9B0D-796641E1CF78}
		{DB0EFB20-B024-4E5E-A75C-52143C131D25} = {932D8224-11F6-4D07-B109-DA28AD288A63}
		{807BB76E-B2BB-47A2-A57B-3D1B20FF5E7F} = {DB0EFB20-B024-4E5E-A75C-52143C131D25}
		{0044B293-1DCC-4224-B948-00CF6DC7F510} = {807BB76E-B2BB-47A2-A57B-3D1B20FF5E7F}
		{022E145D-1593-47EE-9608-8E323D3C63F5} = {91CF7717-08AB-4E65-B10E-0B426F01E2E8}
		{1A01AF82-6FCB-464C-B39C-F127AEBD315D} = {022E145D-1593-47EE-9608-8E323D3C63F5}
		{69AF10D3-AA76-4FF7-B187-EC7E8CC5F5B8} = {807BB76E-B2BB-47A2-A57B-3D1B20FF5E7F}
		{1815B651-941C-466B-AE33-D1D7EEB8F77F} = {DB0EFB20-B024-4E5E-A75C-52143C131D25}
		{15F4B3AA-89B6-4A0D-9051-414305974781} = {1815B651-941C-466B-AE33-D1D7EEB8F77F}
		{B0B3916B-DE0E-42B7-B5C8-035E99C4AEEE} = {807BB76E-B2BB-47A2-A57B-3D1B20FF5E7F}
	EndGlobalSection
	GlobalSection(ExtensibilityGlobals) = postSolution
		SolutionGuid = {25728519-5F0F-4973-8A64-0A81EB4EA8D9}
	EndGlobalSection
EndGlobal
